// !$*UTF8*$!
{
	archiveVersion = 1;
	classes = {
	};
	objectVersion = 77;
	objects = {

/* Begin PBXBuildFile section */
		B40000000000000000000016 /* VoyagerFeaturesComposer in Frameworks */ = {isa = PBXBuildFile; productRef = B40000000000000000000018 /* VoyagerFeaturesComposer */; };
		B40000000000000000000017 /* VoyagerEntitiesCollection in Frameworks */ = {isa = PBXBuildFile; productRef = B40000000000000000000019 /* VoyagerEntitiesCollection */; };
		B40000000000000000000027 /* VoyagerEntitiesEntry in Frameworks */ = {isa = PBXBuildFile; productRef = B40000000000000000000028 /* VoyagerEntitiesEntry */; };
		B40000000000000000000029 /* VoyagerEntitiesTag in Frameworks */ = {isa = PBXBuildFile; productRef = B40000000000000000000030 /* VoyagerEntitiesTag */; };
		B40000000000000000000031 /* VoyagerEntitiesAppPreferences in Frameworks */ = {isa = PBXBuildFile; productRef = B40000000000000000000032 /* VoyagerEntitiesAppPreferences */; };
		B40000000000000000000034 /* VoyagerShared in Frameworks */ = {isa = PBXBuildFile; productRef = B40000000000000000000035 /* VoyagerShared */; };
		B40000000000000000000036 /* ComposableArchitecture in Frameworks */ = {isa = PBXBuildFile; productRef = B40000000000000000000037 /* ComposableArchitecture */; };
		B40000000000000000000056 /* VoyagerShared in Frameworks */ = {isa = PBXBuildFile; productRef = B40000000000000000000057 /* VoyagerShared */; };
		B40000000000000000000058 /* Clocks in Frameworks */ = {isa = PBXBuildFile; productRef = B40000000000000000000059 /* Clocks */; };
		B40000000000000000000061 /* IdentifiedCollections in Frameworks */ = {isa = PBXBuildFile; productRef = B40000000000000000000062 /* IdentifiedCollections */; };
		B40000000000000000000070 /* InjectionNext in Frameworks */ = {isa = PBXBuildFile; productRef = B40000000000000000000072 /* InjectionNext */; };
		B40000000000000000000080 /* system_property_registry.json in Resources */ = {isa = PBXBuildFile; fileRef = B40000000000000000000082 /* system_property_registry.json */; };
		B40000000000000000000081 /* property_condition_registry.json in Resources */ = {isa = PBXBuildFile; fileRef = B40000000000000000000083 /* property_condition_registry.json */; };
/* End PBXBuildFile section */

/* Begin PBXFileReference section */
		B40000000000000000000004 /* ComposerHost.app */ = {isa = PBXFileReference; explicitFileType = wrapper.application; includeInIndex = 0; path = ComposerHost.app; sourceTree = BUILT_PRODUCTS_DIR; };
		B40000000000000000000043 /* ComposerHostTests.xctest */ = {isa = PBXFileReference; explicitFileType = wrapper.cfbundle; includeInIndex = 0; path = ComposerHostTests.xctest; sourceTree = BUILT_PRODUCTS_DIR; };
		B40000000000000000000082 /* system_property_registry.json */ = {isa = PBXFileReference; lastKnownFileType = text.json; name = system_property_registry.json; path = ../../../../shared/system_property_registry.json; sourceTree = SOURCE_ROOT; };
		B40000000000000000000083 /* property_condition_registry.json */ = {isa = PBXFileReference; lastKnownFileType = text.json; name = property_condition_registry.json; path = ../../../../shared/property_condition_registry.json; sourceTree = SOURCE_ROOT; };
/* End PBXFileReference section */

/* Begin PBXFileSystemSynchronizedBuildFileExceptionSet section */
		B40000000000000000000033 /* Exceptions for "ComposerHost" folder in "ComposerHost" target */ = {
			isa = PBXFileSystemSynchronizedBuildFileExceptionSet;
			membershipExceptions = (
				"Tests/Flows/RCL/ComposerHostFixtureFlowTests.swift",
				"Tests/Flows/RCL/ComposerHostPresetFlowTests.swift",
				"Tests/Flows/RCL/ComposerHostSandboxFlowTests.swift",
			);
			target = B40000000000000000000006 /* ComposerHost */;
		};
/* End PBXFileSystemSynchronizedBuildFileExceptionSet section */

/* Begin PBXFileSystemSynchronizedRootGroup section */
		B40000000000000000000005 /* ComposerHost */ = {
			exceptions = (
				B40000000000000000000033 /* Exceptions for "ComposerHost" folder in "ComposerHost" target */,
			);
			isa = PBXFileSystemSynchronizedRootGroup;
			path = .;
			sourceTree = "<group>";
		};
		B40000000000000000000045 /* Tests */ = {
			isa = PBXFileSystemSynchronizedRootGroup;
			path = Tests;
			sourceTree = "<group>";
		};
/* End PBXFileSystemSynchronizedRootGroup section */

/* Begin PBXFrameworksBuildPhase section */
		B40000000000000000000008 /* Frameworks */ = {
			isa = PBXFrameworksBuildPhase;
			buildActionMask = 2147483647;
			files = (
				B40000000000000000000016 /* VoyagerFeaturesComposer in Frameworks */,
				B40000000000000000000017 /* VoyagerEntitiesCollection in Frameworks */,
				B40000000000000000000027 /* VoyagerEntitiesEntry in Frameworks */,
				B40000000000000000000029 /* VoyagerEntitiesTag in Frameworks */,
				B40000000000000000000031 /* VoyagerEntitiesAppPreferences in Frameworks */,
				B40000000000000000000034 /* VoyagerShared in Frameworks */,
				B40000000000000000000036 /* ComposableArchitecture in Frameworks */,
				B40000000000000000000058 /* Clocks in Frameworks */,
				B40000000000000000000070 /* InjectionNext in Frameworks */,
			);
			runOnlyForDeploymentPostprocessing = 0;
		};
		B40000000000000000000046 /* Frameworks */ = {
			isa = PBXFrameworksBuildPhase;
			buildActionMask = 2147483647;
			files = (
				B40000000000000000000056 /* VoyagerShared in Frameworks */,
				B40000000000000000000061 /* IdentifiedCollections in Frameworks */,
			);
			runOnlyForDeploymentPostprocessing = 0;
		};
/* End PBXFrameworksBuildPhase section */

/* Begin PBXGroup section */
		B40000000000000000000002 = {
			isa = PBXGroup;
			children = (
				B40000000000000000000082 /* system_property_registry.json */,
				B40000000000000000000083 /* property_condition_registry.json */,
				B40000000000000000000005 /* ComposerHost */,
				B40000000000000000000045 /* Tests */,
				B40000000000000000000003 /* Products */,
			);
			sourceTree = "<group>";
		};
		B40000000000000000000003 /* Products */ = {
			isa = PBXGroup;
			children = (
				B40000000000000000000004 /* ComposerHost.app */,
				B40000000000000000000043 /* ComposerHostTests.xctest */,
			);
			name = Products;
			sourceTree = "<group>";
		};
/* End PBXGroup section */

/* Begin PBXNativeTarget section */
		B40000000000000000000006 /* ComposerHost */ = {
			isa = PBXNativeTarget;
			buildConfigurationList = B40000000000000000000013 /* Build configuration list for PBXNativeTarget "ComposerHost" */;
			buildPhases = (
				B40000000000000000000007 /* Sources */,
				B40000000000000000000008 /* Frameworks */,
				B40000000000000000000009 /* Resources */,
			);
			buildRules = (
			);
			dependencies = (
			);
			fileSystemSynchronizedGroups = (
				B40000000000000000000005 /* ComposerHost */,
			);
			name = ComposerHost;
			packageProductDependencies = (
				B40000000000000000000018 /* VoyagerFeaturesComposer */,
				B40000000000000000000019 /* VoyagerEntitiesCollection */,
				B40000000000000000000028 /* VoyagerEntitiesEntry */,
				B40000000000000000000030 /* VoyagerEntitiesTag */,
				B40000000000000000000032 /* VoyagerEntitiesAppPreferences */,
				B40000000000000000000035 /* VoyagerShared */,
				B40000000000000000000037 /* ComposableArchitecture */,
				B40000000000000000000059 /* Clocks */,
				B40000000000000000000072 /* InjectionNext */,
			);
			productName = ComposerHost;
			productReference = B40000000000000000000004 /* ComposerHost.app */;
			productType = "com.apple.product-type.application";
		};
		B40000000000000000000050 /* ComposerHostTests */ = {
			isa = PBXNativeTarget;
			buildConfigurationList = B40000000000000000000055 /* Build configuration list for PBXNativeTarget "ComposerHostTests" */;
			buildPhases = (
				B40000000000000000000051 /* Sources */,
				B40000000000000000000046 /* Frameworks */,
				B40000000000000000000052 /* Resources */,
			);
			buildRules = (
			);
			dependencies = (
				B40000000000000000000049 /* PBXTargetDependency */,
			);
			fileSystemSynchronizedGroups = (
				B40000000000000000000045 /* Tests */,
			);
			name = ComposerHostTests;
			packageProductDependencies = (
				B40000000000000000000057 /* VoyagerShared */,
				B40000000000000000000062 /* IdentifiedCollections */,
			);
			productName = ComposerHostTests;
			productReference = B40000000000000000000043 /* ComposerHostTests.xctest */;
			productType = "com.apple.product-type.bundle.unit-test";
		};
/* End PBXNativeTarget section */

/* Begin PBXContainerItemProxy section */
		B40000000000000000000048 /* PBXContainerItemProxy */ = {
			isa = PBXContainerItemProxy;
			containerPortal = B40000000000000000000001 /* Project object */;
			proxyType = 1;
			remoteGlobalIDString = B40000000000000000000006;
			remoteInfo = ComposerHost;
		};
/* End PBXContainerItemProxy section */

/* Begin PBXTargetDependency section */
		B40000000000000000000049 /* PBXTargetDependency */ = {
			isa = PBXTargetDependency;
			target = B40000000000000000000006 /* ComposerHost */;
			targetProxy = B40000000000000000000048 /* PBXContainerItemProxy */;
		};
/* End PBXTargetDependency section */

/* Begin PBXProject section */
		B40000000000000000000001 /* Project object */ = {
			isa = PBXProject;
			attributes = {
				BuildIndependentTargetsInParallel = 1;
				LastSwiftUpdateCheck = 2600;
				LastUpgradeCheck = 2610;
				TargetAttributes = {
					B40000000000000000000006 = {
						CreatedOnToolsVersion = 26.0.1;
					};
					B40000000000000000000050 = {
						CreatedOnToolsVersion = 26.0.1;
					};
				};
			};
			buildConfigurationList = B40000000000000000000010 /* Build configuration list for PBXProject "ComposerHost" */;
			developmentRegion = en;
			hasScannedForEncodings = 0;
			knownRegions = (
				en,
				Base,
			);
			mainGroup = B40000000000000000000002;
			minimizedProjectReferenceProxies = 1;
			packageReferences = (
				B40000000000000000000020 /* XCLocalSwiftPackageReference "VoyagerFeaturesComposer" */,
				B40000000000000000000021 /* XCLocalSwiftPackageReference "VoyagerEntitiesCollection" */,
				B40000000000000000000022 /* XCLocalSwiftPackageReference "VoyagerEntitiesEntry" */,
				B40000000000000000000023 /* XCLocalSwiftPackageReference "VoyagerEntitiesTag" */,
				B40000000000000000000024 /* XCLocalSwiftPackageReference "VoyagerEntitiesAppPreferences" */,
				B40000000000000000000025 /* XCLocalSwiftPackageReference "VoyagerShared" */,
				B40000000000000000000026 /* XCRemoteSwiftPackageReference "swift-composable-architecture" */,
				B40000000000000000000060 /* XCRemoteSwiftPackageReference "swift-clocks" */,
				B40000000000000000000063 /* XCRemoteSwiftPackageReference "swift-identified-collections" */,
				B40000000000000000000071 /* XCRemoteSwiftPackageReference "InjectionNext" */,
			);
			preferredProjectObjectVersion = 77;
			productRefGroup = B40000000000000000000003 /* Products */;
			projectDirPath = "";
			projectRoot = "";
			targets = (
				B40000000000000000000006 /* ComposerHost */,
				B40000000000000000000050 /* ComposerHostTests */,
			);
		};
/* End PBXProject section */

/* Begin PBXResourcesBuildPhase section */
		B40000000000000000000009 /* Resources */ = {
			isa = PBXResourcesBuildPhase;
			buildActionMask = 2147483647;
			files = (
				B40000000000000000000080 /* system_property_registry.json in Resources */,
				B40000000000000000000081 /* property_condition_registry.json in Resources */,
			);
			runOnlyForDeploymentPostprocessing = 0;
		};
		B40000000000000000000052 /* Resources */ = {
			isa = PBXResourcesBuildPhase;
			buildActionMask = 2147483647;
			files = (
			);
			runOnlyForDeploymentPostprocessing = 0;
		};
/* End PBXResourcesBuildPhase section */

/* Begin PBXSourcesBuildPhase section */
		B40000000000000000000007 /* Sources */ = {
			isa = PBXSourcesBuildPhase;
			buildActionMask = 2147483647;
			files = (
			);
			runOnlyForDeploymentPostprocessing = 0;
		};
		B40000000000000000000051 /* Sources */ = {
			isa = PBXSourcesBuildPhase;
			buildActionMask = 2147483647;
			files = (
			);
			runOnlyForDeploymentPostprocessing = 0;
		};
/* End PBXSourcesBuildPhase section */

/* Begin XCBuildConfiguration section */
		B40000000000000000000011 /* Dev-Debug */ = {
			isa = XCBuildConfiguration;
			buildSettings = {
				CLANG_ENABLE_MODULES = YES;
				CLANG_ENABLE_OBJC_ARC = YES;
				DEVELOPMENT_TEAM = "";
				ENABLE_TESTABILITY = YES;
				ENABLE_USER_SCRIPT_SANDBOXING = NO;
				GCC_C_LANGUAGE_STANDARD = gnu17;
				GCC_OPTIMIZATION_LEVEL = 0;
				MACOSX_DEPLOYMENT_TARGET = 13.5;
				ONLY_ACTIVE_ARCH = YES;
				SDKROOT = macosx;
				SWIFT_ACTIVE_COMPILATION_CONDITIONS = "DEBUG $(inherited)";
				SWIFT_OPTIMIZATION_LEVEL = "-Onone";
				SWIFT_VERSION = 6.0;
			};
			name = Dev-Debug;
		};
		B40000000000000000000012 /* Dev-Release */ = {
			isa = XCBuildConfiguration;
			buildSettings = {
				CLANG_ENABLE_MODULES = YES;
				CLANG_ENABLE_OBJC_ARC = YES;
				DEVELOPMENT_TEAM = "";
				ENABLE_USER_SCRIPT_SANDBOXING = NO;
				GCC_C_LANGUAGE_STANDARD = gnu17;
				MACOSX_DEPLOYMENT_TARGET = 13.5;
				SDKROOT = macosx;
				SWIFT_COMPILATION_MODE = wholemodule;
				SWIFT_VERSION = 6.0;
			};
			name = Dev-Release;
		};
		B40000000000000000000014 /* Dev-Debug */ = {
			isa = XCBuildConfiguration;
			buildSettings = {
				APP_ENV = dev;
				AUTOMATION_APPLE_EVENTS = YES;
				CODE_SIGN_IDENTITY = "-";
				CODE_SIGN_STYLE = Manual;
				CURRENT_PROJECT_VERSION = 0;
				DEAD_CODE_STRIPPING = YES;
				DEVELOPMENT_TEAM = "";
				ENABLE_APP_SANDBOX = NO;
				ENABLE_PREVIEWS = YES;
				GENERATE_INFOPLIST_FILE = YES;
				INFOPLIST_KEY_CFBundleDisplayName = "Composer Host (Debug)";
				INFOPLIST_KEY_LSApplicationCategoryType = "public.app-category.developer-tools";
				"OTHER_LDFLAGS[arch=*]" = (
					"-Xlinker",
					"-interposable",
				);
				LD_RUNPATH_SEARCH_PATHS = (
					"$(inherited)",
					"@executable_path/../Frameworks",
				);
				MACOSX_DEPLOYMENT_TARGET = 13.5;
				MARKETING_VERSION = 0.3.0;
				PRODUCT_BUNDLE_IDENTIFIER = fm.voyager.ComposerHost;
				PRODUCT_NAME = "$(TARGET_NAME)";
				STRING_CATALOG_GENERATE_SYMBOLS = NO;
				SWIFT_APPROACHABLE_CONCURRENCY = YES;
				SWIFT_DEFAULT_ACTOR_ISOLATION = MainActor;
				SWIFT_EMIT_LOC_STRINGS = NO;
				SWIFT_UPCOMING_FEATURE_MEMBER_IMPORT_VISIBILITY = YES;
				SWIFT_VERSION = 6.0;
			};
			name = Dev-Debug;
		};
		B40000000000000000000015 /* Dev-Release */ = {
			isa = XCBuildConfiguration;
			buildSettings = {
				APP_ENV = dev;
				AUTOMATION_APPLE_EVENTS = YES;
				CODE_SIGN_IDENTITY = "-";
				CODE_SIGN_STYLE = Manual;
				CURRENT_PROJECT_VERSION = 0;
				DEAD_CODE_STRIPPING = YES;
				DEVELOPMENT_TEAM = "";
				ENABLE_APP_SANDBOX = NO;
				ENABLE_PREVIEWS = YES;
				GENERATE_INFOPLIST_FILE = YES;
				INFOPLIST_KEY_CFBundleDisplayName = "Composer Host";
				INFOPLIST_KEY_LSApplicationCategoryType = "public.app-category.developer-tools";
				LD_RUNPATH_SEARCH_PATHS = (
					"$(inherited)",
					"@executable_path/../Frameworks",
				);
				MACOSX_DEPLOYMENT_TARGET = 13.5;
				MARKETING_VERSION = 0.3.0;
				PRODUCT_BUNDLE_IDENTIFIER = fm.voyager.ComposerHost;
				PRODUCT_NAME = "$(TARGET_NAME)";
				STRING_CATALOG_GENERATE_SYMBOLS = NO;
				SWIFT_APPROACHABLE_CONCURRENCY = YES;
				SWIFT_DEFAULT_ACTOR_ISOLATION = MainActor;
				SWIFT_EMIT_LOC_STRINGS = NO;
				SWIFT_UPCOMING_FEATURE_MEMBER_IMPORT_VISIBILITY = YES;
				SWIFT_VERSION = 6.0;
			};
			name = Dev-Release;
		};
		B40000000000000000000053 /* Dev-Debug */ = {
			isa = XCBuildConfiguration;
			buildSettings = {
				BUNDLE_LOADER = "$(TEST_HOST)";
				CODE_SIGN_IDENTITY = "-";
				CODE_SIGN_STYLE = Manual;
				GENERATE_INFOPLIST_FILE = YES;
				LD_RUNPATH_SEARCH_PATHS = (
					"$(inherited)",
					"@executable_path/../Frameworks",
					"@loader_path/../Frameworks",
				);
				MACOSX_DEPLOYMENT_TARGET = 13.5;
				PRODUCT_BUNDLE_IDENTIFIER = fm.voyager.ComposerHostTests;
				PRODUCT_NAME = "$(TARGET_NAME)";
				SWIFT_APPROACHABLE_CONCURRENCY = YES;
				SWIFT_VERSION = 6.0;
				TEST_HOST = "$(BUILT_PRODUCTS_DIR)/ComposerHost.app/Contents/MacOS/ComposerHost";
			};
			name = Dev-Debug;
		};
		B40000000000000000000054 /* Dev-Release */ = {
			isa = XCBuildConfiguration;
			buildSettings = {
				BUNDLE_LOADER = "$(TEST_HOST)";
				CODE_SIGN_IDENTITY = "-";
				CODE_SIGN_STYLE = Manual;
				GENERATE_INFOPLIST_FILE = YES;
				LD_RUNPATH_SEARCH_PATHS = (
					"$(inherited)",
					"@executable_path/../Frameworks",
					"@loader_path/../Frameworks",
				);
				MACOSX_DEPLOYMENT_TARGET = 13.5;
				PRODUCT_BUNDLE_IDENTIFIER = fm.voyager.ComposerHostTests;
				PRODUCT_NAME = "$(TARGET_NAME)";
				SWIFT_APPROACHABLE_CONCURRENCY = YES;
				SWIFT_VERSION = 6.0;
				TEST_HOST = "$(BUILT_PRODUCTS_DIR)/ComposerHost.app/Contents/MacOS/ComposerHost";
			};
			name = Dev-Release;
		};
/* End XCBuildConfiguration section */

/* Begin XCConfigurationList section */
		B40000000000000000000010 /* Build configuration list for PBXProject "ComposerHost" */ = {
			isa = XCConfigurationList;
			buildConfigurations = (
				B40000000000000000000011 /* Dev-Debug */,
				B40000000000000000000012 /* Dev-Release */,
			);
			defaultConfigurationIsVisible = 0;
			defaultConfigurationName = Dev-Release;
		};
		B40000000000000000000013 /* Build configuration list for PBXNativeTarget "ComposerHost" */ = {
			isa = XCConfigurationList;
			buildConfigurations = (
				B40000000000000000000014 /* Dev-Debug */,
				B40000000000000000000015 /* Dev-Release */,
			);
			defaultConfigurationIsVisible = 0;
			defaultConfigurationName = Dev-Release;
		};
		B40000000000000000000055 /* Build configuration list for PBXNativeTarget "ComposerHostTests" */ = {
			isa = XCConfigurationList;
			buildConfigurations = (
				B40000000000000000000053 /* Dev-Debug */,
				B40000000000000000000054 /* Dev-Release */,
			);
			defaultConfigurationIsVisible = 0;
			defaultConfigurationName = Dev-Release;
		};
/* End XCConfigurationList section */

/* Begin XCLocalSwiftPackageReference section */
		B40000000000000000000020 /* XCLocalSwiftPackageReference "VoyagerFeaturesComposer" */ = {
			isa = XCLocalSwiftPackageReference;
			relativePath = ../../Packages/04_Features/Composer;
		};
		B40000000000000000000021 /* XCLocalSwiftPackageReference "VoyagerEntitiesCollection" */ = {
			isa = XCLocalSwiftPackageReference;
			relativePath = ../../Packages/05_Entities/Collection;
		};
		B40000000000000000000022 /* XCLocalSwiftPackageReference "VoyagerEntitiesEntry" */ = {
			isa = XCLocalSwiftPackageReference;
			relativePath = ../../Packages/05_Entities/Entry;
		};
		B40000000000000000000023 /* XCLocalSwiftPackageReference "VoyagerEntitiesTag" */ = {
			isa = XCLocalSwiftPackageReference;
			relativePath = ../../Packages/05_Entities/Tag;
		};
		B40000000000000000000024 /* XCLocalSwiftPackageReference "VoyagerEntitiesAppPreferences" */ = {
			isa = XCLocalSwiftPackageReference;
			relativePath = ../../Packages/05_Entities/AppPreferences;
		};
		B40000000000000000000025 /* XCLocalSwiftPackageReference "VoyagerShared" */ = {
			isa = XCLocalSwiftPackageReference;
			relativePath = ../../Packages/06_Shared/VoyagerShared;
		};
/* End XCLocalSwiftPackageReference section */

/* Begin XCSwiftPackageProductDependency section */
		B40000000000000000000018 /* VoyagerFeaturesComposer */ = {
			isa = XCSwiftPackageProductDependency;
			package = B40000000000000000000020 /* XCLocalSwiftPackageReference "VoyagerFeaturesComposer" */;
			productName = VoyagerFeaturesComposer;
		};
		B40000000000000000000019 /* VoyagerEntitiesCollection */ = {
			isa = XCSwiftPackageProductDependency;
			package = B40000000000000000000021 /* XCLocalSwiftPackageReference "VoyagerEntitiesCollection" */;
			productName = VoyagerEntitiesCollection;
		};
		B40000000000000000000028 /* VoyagerEntitiesEntry */ = {
			isa = XCSwiftPackageProductDependency;
			package = B40000000000000000000022 /* XCLocalSwiftPackageReference "VoyagerEntitiesEntry" */;
			productName = VoyagerEntitiesEntry;
		};
		B40000000000000000000030 /* VoyagerEntitiesTag */ = {
			isa = XCSwiftPackageProductDependency;
			package = B40000000000000000000023 /* XCLocalSwiftPackageReference "VoyagerEntitiesTag" */;
			productName = VoyagerEntitiesTag;
		};
		B40000000000000000000032 /* VoyagerEntitiesAppPreferences */ = {
			isa = XCSwiftPackageProductDependency;
			package = B40000000000000000000024 /* XCLocalSwiftPackageReference "VoyagerEntitiesAppPreferences" */;
			productName = VoyagerEntitiesAppPreferences;
		};
		B40000000000000000000035 /* VoyagerShared */ = {
			isa = XCSwiftPackageProductDependency;
			package = B40000000000000000000025 /* XCLocalSwiftPackageReference "VoyagerShared" */;
			productName = VoyagerShared;
		};
		B40000000000000000000037 /* ComposableArchitecture */ = {
			isa = XCSwiftPackageProductDependency;
			package = B40000000000000000000026 /* XCRemoteSwiftPackageReference "swift-composable-architecture" */;
			productName = ComposableArchitecture;
		};
		B40000000000000000000057 /* VoyagerShared */ = {
			isa = XCSwiftPackageProductDependency;
			package = B40000000000000000000025 /* XCLocalSwiftPackageReference "VoyagerShared" */;
			productName = VoyagerShared;
		};
		B40000000000000000000059 /* Clocks */ = {
			isa = XCSwiftPackageProductDependency;
			package = B40000000000000000000060 /* XCRemoteSwiftPackageReference "swift-clocks" */;
			productName = Clocks;
		};
		B40000000000000000000062 /* IdentifiedCollections */ = {
			isa = XCSwiftPackageProductDependency;
			package = B40000000000000000000063 /* XCRemoteSwiftPackageReference "swift-identified-collections" */;
			productName = IdentifiedCollections;
		};
		B40000000000000000000072 /* InjectionNext */ = {
			isa = XCSwiftPackageProductDependency;
			package = B40000000000000000000071 /* XCRemoteSwiftPackageReference "InjectionNext" */;
			productName = InjectionNext;
		};
/* End XCSwiftPackageProductDependency section */

/* Begin XCRemoteSwiftPackageReference section */
		B40000000000000000000026 /* XCRemoteSwiftPackageReference "swift-composable-architecture" */ = {
			isa = XCRemoteSwiftPackageReference;
			repositoryURL = "https://github.com/pointfreeco/swift-composable-architecture";
			requirement = {
				kind = exactVersion;
				version = 1.22.3;
			};
		};
		B40000000000000000000060 /* XCRemoteSwiftPackageReference "swift-clocks" */ = {
			isa = XCRemoteSwiftPackageReference;
			repositoryURL = "https://github.com/pointfreeco/swift-clocks";
			requirement = {
				kind = exactVersion;
				version = 1.0.6;
			};
		};
		B40000000000000000000063 /* XCRemoteSwiftPackageReference "swift-identified-collections" */ = {
			isa = XCRemoteSwiftPackageReference;
			repositoryURL = "https://github.com/pointfreeco/swift-identified-collections";
			requirement = {
				kind = exactVersion;
				version = 1.1.1;
			};
		};
		B40000000000000000000071 /* XCRemoteSwiftPackageReference "InjectionNext" */ = {
			isa = XCRemoteSwiftPackageReference;
			repositoryURL = "https://github.com/johnno1962/InjectionNext";
			requirement = {
				kind = upToNextMajorVersion;
				minimumVersion = 2.0.1;
			};
		};
/* End XCRemoteSwiftPackageReference section */
	};
	rootObject = B40000000000000000000001 /* Project object */;
}
