{
  "name": "voyager-app",
  "lockfileVersion": 3,
  "requires": true,
  "packages": {
    "": {
      "name": "voyager-app",
      "devDependencies": {
        "@colbymchenry/codegraph": "0.9.6"
      }
    },
    "node_modules/@colbymchenry/codegraph": {
      "version": "0.9.6",
      "resolved": "https://registry.npmjs.org/@colbymchenry/codegraph/-/codegraph-0.9.6.tgz",
      "integrity": "sha512-tMrlwtUtKKGw9f/9qvSqzwSa02Wd6YgN8TTEoKovo8oLROMMVOYiCbodzVDKa++GSNxsKtrZXHmYTzt6XiYgJw==",
      "dev": true,
      "license": "MIT",
      "bin": {
        "codegraph": "npm-shim.js"
      },
      "optionalDependencies": {
        "@colbymchenry/codegraph-darwin-arm64": "0.9.6",
        "@colbymchenry/codegraph-darwin-x64": "0.9.6",
        "@colbymchenry/codegraph-linux-arm64": "0.9.6",
        "@colbymchenry/codegraph-linux-x64": "0.9.6",
        "@colbymchenry/codegraph-win32-arm64": "0.9.6",
        "@colbymchenry/codegraph-win32-x64": "0.9.6"
      }
    },
    "node_modules/@colbymchenry/codegraph-darwin-arm64": {
      "version": "0.9.6",
      "resolved": "https://registry.npmjs.org/@colbymchenry/codegraph-darwin-arm64/-/codegraph-darwin-arm64-0.9.6.tgz",
      "integrity": "sha512-686DNvhblzVcCcelhf6yZaKVZ5imbb7xptzG4Q4jkWdf/1lp/4nFi8ZUlDuVKv2Ie1N53QDGYaYJPrC7+Kjr6Q==",
      "cpu": [
        "arm64"
      ],
      "dev": true,
      "license": "MIT",
      "optional": true,
      "os": [
        "darwin"
      ]
    },
    "node_modules/@colbymchenry/codegraph-darwin-x64": {
      "version": "0.9.6",
      "resolved": "https://registry.npmjs.org/@colbymchenry/codegraph-darwin-x64/-/codegraph-darwin-x64-0.9.6.tgz",
      "integrity": "sha512-YbP6Nelxcs6fza5l2dftStf0cOy3Rv95oZrMYfqfUGRO7U0Y2Rcz3TWm7G5YQTL2cCUjETPFnps5cS44Ez32bg==",
      "cpu": [
        "x64"
      ],
      "dev": true,
      "license": "MIT",
      "optional": true,
      "os": [
        "darwin"
      ]
    },
    "node_modules/@colbymchenry/codegraph-linux-arm64": {
      "version": "0.9.6",
      "resolved": "https://registry.npmjs.org/@colbymchenry/codegraph-linux-arm64/-/codegraph-linux-arm64-0.9.6.tgz",
      "integrity": "sha512-NTLBqzjSt7wPKis3n+VRFygCmtxf67/JWwQFTKpwYDrQMHspHRTw16/AoFWA4iZPJ8h/0lFfrfeaGtdnAkINtA==",
      "cpu": [
        "arm64"
      ],
      "dev": true,
      "license": "MIT",
      "optional": true,
      "os": [
        "linux"
      ]
    },
    "node_modules/@colbymchenry/codegraph-linux-x64": {
      "version": "0.9.6",
      "resolved": "https://registry.npmjs.org/@colbymchenry/codegraph-linux-x64/-/codegraph-linux-x64-0.9.6.tgz",
      "integrity": "sha512-fMLGKvxZlWLOroPpOSNHx4jDlUZ3hCuoJt42El6AKoJEUWYBGYHVVVEFqqkJ2ARZ11zr7aoWgLvsfDE0ythELg==",
      "cpu": [
        "x64"
      ],
      "dev": true,
      "license": "MIT",
      "optional": true,
      "os": [
        "linux"
      ]
    },
    "node_modules/@colbymchenry/codegraph-win32-arm64": {
      "version": "0.9.6",
      "resolved": "https://registry.npmjs.org/@colbymchenry/codegraph-win32-arm64/-/codegraph-win32-arm64-0.9.6.tgz",
      "integrity": "sha512-Jbf/TDkhc45MujmwuZpaOO+66bxwRNuc8azZoCRnYNgCeZTCtN/hGa6IaPppmXPPqwDzeEiSQA4ozj30BqjMug==",
      "cpu": [
        "arm64"
      ],
      "dev": true,
      "license": "MIT",
      "optional": true,
      "os": [
        "win32"
      ]
    },
    "node_modules/@colbymchenry/codegraph-win32-x64": {
      "version": "0.9.6",
      "resolved": "https://registry.npmjs.org/@colbymchenry/codegraph-win32-x64/-/codegraph-win32-x64-0.9.6.tgz",
      "integrity": "sha512-RTREYQhT84tZwI0AGENDSwISmrveJt5XB4qNSDvTh6lZKoGqRUZFuiMssouberHub51yTyimuY+2nRDlCclqyw==",
      "cpu": [
        "x64"
      ],
      "dev": true,
      "license": "MIT",
      "optional": true,
      "os": [
        "win32"
      ]
    }
  }
}
