// !$*UTF8*$!
{
	archiveVersion = 1;
	classes = {
	};
	objectVersion = 77;
	objects = {

/* Begin PBXBuildFile section */
		11884BDAA11DD6217EEF5014 /* system_property_registry.json in Resources */ = {isa = PBXBuildFile; fileRef = A68896D2BA838902604FD30A /* system_property_registry.json */; };
		3B378A28A482423D9B847800 /* StructuredQueries in Frameworks */ = {isa = PBXBuildFile; productRef = 319E52B31FBB4D8FA03D33B9 /* StructuredQueries */; };
		6C57FBA92F02111500D85C72 /* Sparkle in Frameworks */ = {isa = PBXBuildFile; productRef = 6C57FBA82F02111500D85C72 /* Sparkle */; };
		6C727A2D2F0DF4A10012D44A /* Logging in Frameworks */ = {isa = PBXBuildFile; productRef = 6C727A2C2F0DF4A10012D44A /* Logging */; };
		6C727A2F2F0DF4AA0012D44A /* Logging in Frameworks */ = {isa = PBXBuildFile; productRef = 6C727A2E2F0DF4AA0012D44A /* Logging */; };
		6C8A20C933C9C3F600B2B9B1 /* Sentry in Frameworks */ = {isa = PBXBuildFile; productRef = 7E17C1202F24CB7500F6BD2B /* Sentry */; };
		6CFB7B382E9D48B40005FDF6 /* ComposableArchitecture in Frameworks */ = {isa = PBXBuildFile; productRef = 6CFB7B372E9D48B40005FDF6 /* ComposableArchitecture */; };
		F21000000000000000000021 /* IdentifiedCollections in Frameworks */ = {isa = PBXBuildFile; productRef = F21000000000000000000011 /* IdentifiedCollections */; };
		F21000000000000000000022 /* OrderedCollections in Frameworks */ = {isa = PBXBuildFile; productRef = F21000000000000000000012 /* OrderedCollections */; };
		F21000000000000000000023 /* IdentifiedCollections in Frameworks */ = {isa = PBXBuildFile; productRef = F21000000000000000000011 /* IdentifiedCollections */; };
		F21000000000000000000024 /* OrderedCollections in Frameworks */ = {isa = PBXBuildFile; productRef = F21000000000000000000012 /* OrderedCollections */; };
		F21000000000000000000025 /* CasePaths in Frameworks */ = {isa = PBXBuildFile; productRef = F21000000000000000000013 /* CasePaths */; };
		F20000000000000000000021 /* VoyagerPagesOnboarding in Frameworks */ = {isa = PBXBuildFile; productRef = F20000000000000000000011 /* VoyagerPagesOnboarding */; };
		F20000000000000000000022 /* VoyagerPagesSettings in Frameworks */ = {isa = PBXBuildFile; productRef = F20000000000000000000012 /* VoyagerPagesSettings */; };
		F20000000000000000000023 /* VoyagerShared in Frameworks */ = {isa = PBXBuildFile; productRef = F20000000000000000000013 /* VoyagerShared */; };
		F20000000000000000000024 /* VoyagerPagesOnboarding in Frameworks */ = {isa = PBXBuildFile; productRef = F20000000000000000000011 /* VoyagerPagesOnboarding */; };
		F20000000000000000000025 /* VoyagerShared in Frameworks */ = {isa = PBXBuildFile; productRef = F20000000000000000000013 /* VoyagerShared */; };
		F20000000000000000000028 /* VoyagerShared in Frameworks */ = {isa = PBXBuildFile; productRef = F20000000000000000000013 /* VoyagerShared */; };
		F20000000000000000000029 /* VoyagerShared in Frameworks */ = {isa = PBXBuildFile; productRef = F20000000000000000000013 /* VoyagerShared */; };
		F2000000000000000000002A /* VoyagerShared in Frameworks */ = {isa = PBXBuildFile; productRef = F20000000000000000000013 /* VoyagerShared */; };
		F20000000000000000000026 /* VoyagerFeaturesEntryOperations in Frameworks */ = {isa = PBXBuildFile; productRef = F20000000000000000000014 /* VoyagerFeaturesEntryOperations */; };
		F20000000000000000000027 /* VoyagerEntitiesAppPreferences in Frameworks */ = {isa = PBXBuildFile; productRef = F20000000000000000000015 /* VoyagerEntitiesAppPreferences */; };
		F20000000000000000000044 /* VoyagerEntitiesTag in Frameworks */ = {isa = PBXBuildFile; productRef = F20000000000000000000016 /* VoyagerEntitiesTag */; };
		F20000000000000000000045 /* VoyagerEntitiesCollection in Frameworks */ = {isa = PBXBuildFile; productRef = F20000000000000000000017 /* VoyagerEntitiesCollection */; };
		F20000000000000000000030 /* VoyagerFeaturesEntryArrangements in Frameworks */ = {isa = PBXBuildFile; productRef = F20000000000000000000018 /* VoyagerFeaturesEntryArrangements */; };
		F20000000000000000000031 /* VoyagerFeaturesEntryArrangements in Frameworks */ = {isa = PBXBuildFile; productRef = F20000000000000000000018 /* VoyagerFeaturesEntryArrangements */; };
		F20000000000000000000032 /* VoyagerFeaturesEntryThumbnail in Frameworks */ = {isa = PBXBuildFile; productRef = F20000000000000000000019 /* VoyagerFeaturesEntryThumbnail */; };
		F20000000000000000000033 /* VoyagerFeaturesEntryThumbnail in Frameworks */ = {isa = PBXBuildFile; productRef = F20000000000000000000019 /* VoyagerFeaturesEntryThumbnail */; };
		F20000000000000000000034 /* ComposableArchitecture in Frameworks */ = {isa = PBXBuildFile; productRef = 6CFB7B372E9D48B40005FDF6 /* ComposableArchitecture */; };
		F20000000000000000000035 /* VoyagerShared in Frameworks */ = {isa = PBXBuildFile; productRef = F20000000000000000000013 /* VoyagerShared */; };
		F20000000000000000000036 /* VoyagerFeaturesEntryOperations in Frameworks */ = {isa = PBXBuildFile; productRef = F20000000000000000000014 /* VoyagerFeaturesEntryOperations */; };
		F20000000000000000000037 /* VoyagerEntitiesTag in Frameworks */ = {isa = PBXBuildFile; productRef = F20000000000000000000016 /* VoyagerEntitiesTag */; };
		F20000000000000000000038 /* VoyagerEntitiesCollection in Frameworks */ = {isa = PBXBuildFile; productRef = F20000000000000000000017 /* VoyagerEntitiesCollection */; };
		F20000000000000000000057 /* VoyagerEntitiesCollection in Frameworks */ = {isa = PBXBuildFile; productRef = F20000000000000000000017 /* VoyagerEntitiesCollection */; };
		F20000000000000000000058 /* VoyagerEntitiesCollection in Frameworks */ = {isa = PBXBuildFile; productRef = F20000000000000000000017 /* VoyagerEntitiesCollection */; };
		F20000000000000000000039 /* VoyagerEntitiesEntry in Frameworks */ = {isa = PBXBuildFile; productRef = F2000000000000000000001A /* VoyagerEntitiesEntry */; };
		F2000000000000000000003A /* Dependencies in Frameworks */ = {isa = PBXBuildFile; productRef = F21000000000000000000014 /* Dependencies */; };
		F2000000000000000000003B /* VoyagerEntitiesEntry in Frameworks */ = {isa = PBXBuildFile; productRef = F2000000000000000000001A /* VoyagerEntitiesEntry */; };
		F2000000000000000000003C /* Dependencies in Frameworks */ = {isa = PBXBuildFile; productRef = F21000000000000000000014 /* Dependencies */; };
		F2000000000000000000003D /* Clocks in Frameworks */ = {isa = PBXBuildFile; productRef = F21000000000000000000015 /* Clocks */; };
		F2000000000000000000003E /* VoyagerEntitiesAppPreferences in Frameworks */ = {isa = PBXBuildFile; productRef = F20000000000000000000015 /* VoyagerEntitiesAppPreferences */; };
		F2000000000000000000003F /* VoyagerFeaturesContentPageNavigation in Frameworks */ = {isa = PBXBuildFile; productRef = F2000000000000000000001B /* VoyagerFeaturesContentPageNavigation */; };
		F20000000000000000000040 /* VoyagerFeaturesContentPageNavigation in Frameworks */ = {isa = PBXBuildFile; productRef = F2000000000000000000001B /* VoyagerFeaturesContentPageNavigation */; };
		F20000000000000000000041 /* VoyagerFeaturesUpdateVersion in Frameworks */ = {isa = PBXBuildFile; productRef = F2000000000000000000001C /* VoyagerFeaturesUpdateVersion */; };
		F20000000000000000000042 /* VoyagerFeaturesComposer in Frameworks */ = {isa = PBXBuildFile; productRef = F2000000000000000000001D /* VoyagerFeaturesComposer */; };
		F20000000000000000000043 /* VoyagerFeaturesComposer in Frameworks */ = {isa = PBXBuildFile; productRef = F2000000000000000000001D /* VoyagerFeaturesComposer */; };
		A70000000000000000000010 /* VoyagerPagesOnboarding in Frameworks */ = {isa = PBXBuildFile; productRef = F20000000000000000000011 /* VoyagerPagesOnboarding */; };
		A70000000000000000000011 /* VoyagerShared in Frameworks */ = {isa = PBXBuildFile; productRef = F20000000000000000000013 /* VoyagerShared */; };
		7E1724A12EC5BA6600385F6E /* SwiftUIIntrospect in Frameworks */ = {isa = PBXBuildFile; productRef = 7E1724A02EC5BA6600385F6E /* SwiftUIIntrospect */; };
		7E17C1212F24CB7500F6BD2B /* Sentry in Frameworks */ = {isa = PBXBuildFile; productRef = 7E17C1202F24CB7500F6BD2B /* Sentry */; };
		7E1974712E8BDC0700D041D3 /* InjectionNext in Frameworks */ = {isa = PBXBuildFile; productRef = 7E1974702E8BDC0700D041D3 /* InjectionNext */; };
		7E6AF6AD2E8BABD8005DC7D3 /* Inject in Frameworks */ = {isa = PBXBuildFile; productRef = 7E6AF6AC2E8BABD8005DC7D3 /* Inject */; };
		7E9D64952E8CDDC8006CB69F /* SwiftDotenv in Frameworks */ = {isa = PBXBuildFile; productRef = 7E9D64942E8CDDC8006CB69F /* SwiftDotenv */; };
		7EEC64512E8CE684004ACEA5 /* SwiftDotenv in Frameworks */ = {isa = PBXBuildFile; productRef = 7EEC64502E8CE684004ACEA5 /* SwiftDotenv */; };
		7EEC64532E8CE6E3004ACEA5 /* InjectionNext in Frameworks */ = {isa = PBXBuildFile; productRef = 7EEC64522E8CE6E3004ACEA5 /* InjectionNext */; };
		A018A998CD9F45ABB1050941 /* StructuredQueries in Frameworks */ = {isa = PBXBuildFile; productRef = 319E52B31FBB4D8FA03D33B9 /* StructuredQueries */; };
		A332223B67D84E9E9BA1DFB7 /* system_property_registry.json in Resources */ = {isa = PBXBuildFile; fileRef = A68896D2BA838902604FD30A /* system_property_registry.json */; };
		A63E25704AD24423A15E5733 /* property_condition_registry.json in Resources */ = {isa = PBXBuildFile; fileRef = 60F570BDE5ECDE55DC1C7E60 /* property_condition_registry.json */; };
		C1A2B3C4D5E6F7890A1B2C3D /* compose_filter_system.md in Resources */ = {isa = PBXBuildFile; fileRef = D1E2F3A4B5C6D7E8F9012345 /* compose_filter_system.md */; };
		E4F8A1B2C3D4E5F60718293A /* compose_filter_system.md in Resources */ = {isa = PBXBuildFile; fileRef = D1E2F3A4B5C6D7E8F9012345 /* compose_filter_system.md */; };
		AF0F1E7B33B24D4A00A1F123 /* VoyagerHelper.app in Copy Helper into App */ = {isa = PBXBuildFile; fileRef = 7E14EE232E866E82005AC834 /* VoyagerHelper.app */; settings = {ATTRIBUTES = (CodeSignOnCopy, ); }; };
		B2AD8C7BD69A51C61EF4D9FC /* property_condition_registry.json in Resources */ = {isa = PBXBuildFile; fileRef = 60F570BDE5ECDE55DC1C7E60 /* property_condition_registry.json */; };
		F1000000000000000000000A /* FilterSearchXPC.xpc in Copy XPC Services */ = {isa = PBXBuildFile; fileRef = F10000000000000000000002 /* FilterSearchXPC.xpc */; settings = {ATTRIBUTES = (CodeSignOnCopy, ); }; };
		F10000000000000000000020 /* system_property_registry.json in Resources */ = {isa = PBXBuildFile; fileRef = A68896D2BA838902604FD30A /* system_property_registry.json */; };
		F10000000000000000000021 /* property_condition_registry.json in Resources */ = {isa = PBXBuildFile; fileRef = 60F570BDE5ECDE55DC1C7E60 /* property_condition_registry.json */; };
		F10000000000000000000030 /* Logging in Frameworks */ = {isa = PBXBuildFile; productRef = 6C727A2C2F0DF4A10012D44A /* Logging */; };
		F10000000000000000000031 /* SwiftDotenv in Frameworks */ = {isa = PBXBuildFile; productRef = 7E9D64942E8CDDC8006CB69F /* SwiftDotenv */; };
		F10000000000000000000033 /* StructuredQueries in Frameworks */ = {isa = PBXBuildFile; productRef = 319E52B31FBB4D8FA03D33B9 /* StructuredQueries */; };
		F10000000000000000000034 /* Sentry in Frameworks */ = {isa = PBXBuildFile; productRef = 7E17C1202F24CB7500F6BD2B /* Sentry */; };
		F10000000000000000000035 /* Logging in Frameworks */ = {isa = PBXBuildFile; productRef = 6C727A2C2F0DF4A10012D44A /* Logging */; };
		F20000000000000000000048 /* VoyagerEntitiesAi in Frameworks */ = {isa = PBXBuildFile; productRef = F20000000000000000000047 /* VoyagerEntitiesAi */; };
		F20000000000000000000049 /* VoyagerEntitiesAi in Frameworks */ = {isa = PBXBuildFile; productRef = F20000000000000000000047 /* VoyagerEntitiesAi */; };
		F2000000000000000000004A /* VoyagerEntitiesAi in Frameworks */ = {isa = PBXBuildFile; productRef = F20000000000000000000047 /* VoyagerEntitiesAi */; };
		F20000000000000000000052 /* VoyagerFeaturesAiChat in Frameworks */ = {isa = PBXBuildFile; productRef = F20000000000000000000051 /* VoyagerFeaturesAiChat */; };
		F20000000000000000000053 /* VoyagerFeaturesAiChat in Frameworks */ = {isa = PBXBuildFile; productRef = F20000000000000000000051 /* VoyagerFeaturesAiChat */; };
		F20000000000000000000054 /* VoyagerEntitiesAi in Frameworks */ = {isa = PBXBuildFile; productRef = F20000000000000000000047 /* VoyagerEntitiesAi */; };
		F20000000000000000000055 /* VoyagerWidgetsEntryViewLayout in Frameworks */ = {isa = PBXBuildFile; productRef = F2000000000000000000001F /* VoyagerWidgetsEntryViewLayout */; };
		F20000000000000000000056 /* ConcurrencyExtras in Frameworks */ = {isa = PBXBuildFile; productRef = F21000000000000000000017 /* ConcurrencyExtras */; };
/* End PBXBuildFile section */

/* Begin PBXContainerItemProxy section */
		7E14EDDC2E86622E005AC834 /* PBXContainerItemProxy */ = {
			isa = PBXContainerItemProxy;
			containerPortal = 7E14EDC42E86622C005AC834 /* Project object */;
			proxyType = 1;
			remoteGlobalIDString = 7E14EDCB2E86622C005AC834;
			remoteInfo = voyager;
		};
		7E14EDE62E86622E005AC834 /* PBXContainerItemProxy */ = {
			isa = PBXContainerItemProxy;
			containerPortal = 7E14EDC42E86622C005AC834 /* Project object */;
			proxyType = 1;
			remoteGlobalIDString = 7E14EDCB2E86622C005AC834;
			remoteInfo = voyager;
		};
		7E14EE302E866E85005AC834 /* PBXContainerItemProxy */ = {
			isa = PBXContainerItemProxy;
			containerPortal = 7E14EDC42E86622C005AC834 /* Project object */;
			proxyType = 1;
			remoteGlobalIDString = 7E14EE222E866E82005AC834;
			remoteInfo = VoyagerHelper;
		};
		AF0F1E7C33B2530900A1F123 /* PBXContainerItemProxy */ = {
			isa = PBXContainerItemProxy;
			containerPortal = 7E14EDC42E86622C005AC834 /* Project object */;
			proxyType = 1;
			remoteGlobalIDString = 7E14EE222E866E82005AC834;
			remoteInfo = VoyagerHelper;
		};
		F1000000000000000000000C /* PBXContainerItemProxy */ = {
			isa = PBXContainerItemProxy;
			containerPortal = 7E14EDC42E86622C005AC834 /* Project object */;
			proxyType = 1;
			remoteGlobalIDString = F10000000000000000000001;
			remoteInfo = FilterSearchXPC;
		};
/* End PBXContainerItemProxy section */

/* Begin PBXCopyFilesBuildPhase section */
		AF0F1E7A33B24D3000A1F123 /* Copy Helper into App */ = {
			isa = PBXCopyFilesBuildPhase;
			buildActionMask = 2147483647;
			dstPath = Contents/Helpers;
			dstSubfolderSpec = 1;
			files = (
				AF0F1E7B33B24D4A00A1F123 /* VoyagerHelper.app in Copy Helper into App */,
			);
			name = "Copy Helper into App";
			runOnlyForDeploymentPostprocessing = 0;
		};
		F10000000000000000000009 /* Copy XPC Services */ = {
			isa = PBXCopyFilesBuildPhase;
			buildActionMask = 2147483647;
			dstPath = Contents/XPCServices;
			dstSubfolderSpec = 1;
			files = (
				F1000000000000000000000A /* FilterSearchXPC.xpc in Copy XPC Services */,
			);
			name = "Copy XPC Services";
			runOnlyForDeploymentPostprocessing = 0;
		};
/* End PBXCopyFilesBuildPhase section */

/* Begin PBXFileReference section */
		60F570BDE5ECDE55DC1C7E60 /* property_condition_registry.json */ = {isa = PBXFileReference; lastKnownFileType = text.json; name = property_condition_registry.json; path = ../../../shared/property_condition_registry.json; sourceTree = SOURCE_ROOT; };
		7E14EDCC2E86622C005AC834 /* Voyager.app */ = {isa = PBXFileReference; explicitFileType = wrapper.application; includeInIndex = 0; path = Voyager.app; sourceTree = BUILT_PRODUCTS_DIR; };
		7E14EDDB2E86622E005AC834 /* VoyagerTests.xctest */ = {isa = PBXFileReference; explicitFileType = wrapper.cfbundle; includeInIndex = 0; path = VoyagerTests.xctest; sourceTree = BUILT_PRODUCTS_DIR; };
		7E14EDE52E86622E005AC834 /* VoyagerUITests.xctest */ = {isa = PBXFileReference; explicitFileType = wrapper.cfbundle; includeInIndex = 0; path = VoyagerUITests.xctest; sourceTree = BUILT_PRODUCTS_DIR; };
		7E14EE232E866E82005AC834 /* VoyagerHelper.app */ = {isa = PBXFileReference; explicitFileType = wrapper.application; includeInIndex = 0; path = VoyagerHelper.app; sourceTree = BUILT_PRODUCTS_DIR; };
		7E14EE2F2E866E85005AC834 /* VoyagerHelperTests.xctest */ = {isa = PBXFileReference; explicitFileType = wrapper.cfbundle; includeInIndex = 0; path = VoyagerHelperTests.xctest; sourceTree = BUILT_PRODUCTS_DIR; };
		A68896D2BA838902604FD30A /* system_property_registry.json */ = {isa = PBXFileReference; lastKnownFileType = text.json; name = system_property_registry.json; path = ../../../shared/system_property_registry.json; sourceTree = SOURCE_ROOT; };
		D1E2F3A4B5C6D7E8F9012345 /* compose_filter_system.md */ = {isa = PBXFileReference; lastKnownFileType = text; name = compose_filter_system.md; path = ../../../shared/compose_filter_system.md; sourceTree = SOURCE_ROOT; };
		F10000000000000000000002 /* FilterSearchXPC.xpc */ = {isa = PBXFileReference; explicitFileType = "wrapper.xpc-service"; includeInIndex = 0; path = FilterSearchXPC.xpc; sourceTree = BUILT_PRODUCTS_DIR; };
/* End PBXFileReference section */

/* Begin PBXFileSystemSynchronizedRootGroup section */
		7E14EDCE2E86622C005AC834 /* Voyager */ = {
			isa = PBXFileSystemSynchronizedRootGroup;
			path = Voyager;
			sourceTree = "<group>";
		};
		7E14EDDE2E86622E005AC834 /* VoyagerTests */ = {
			isa = PBXFileSystemSynchronizedRootGroup;
			path = VoyagerTests;
			sourceTree = "<group>";
		};
		7E14EDE82E86622E005AC834 /* VoyagerUITests */ = {
			isa = PBXFileSystemSynchronizedRootGroup;
			path = VoyagerUITests;
			sourceTree = "<group>";
		};
		7E14EE242E866E82005AC834 /* VoyagerHelper */ = {
			isa = PBXFileSystemSynchronizedRootGroup;
			path = VoyagerHelper;
			sourceTree = "<group>";
		};
		7E14EE322E866E85005AC834 /* VoyagerHelperTests */ = {
			isa = PBXFileSystemSynchronizedRootGroup;
			path = VoyagerHelperTests;
			sourceTree = "<group>";
		};
		F10000000000000000000040 /* FilterSearchXPC */ = {
			isa = PBXFileSystemSynchronizedRootGroup;
			path = FilterSearchXPC;
			sourceTree = "<group>";
		};
		F10000000000000000000041 /* VoyagerHelper/Search */ = {
			isa = PBXFileSystemSynchronizedRootGroup;
			path = VoyagerHelper/Search;
			sourceTree = "<group>";
		};
/* End PBXFileSystemSynchronizedRootGroup section */

/* Begin PBXFrameworksBuildPhase section */
		7E14EDC92E86622C005AC834 /* Frameworks */ = {
			isa = PBXFrameworksBuildPhase;
			buildActionMask = 2147483647;
			files = (
				F21000000000000000000021 /* IdentifiedCollections in Frameworks */,
				F21000000000000000000022 /* OrderedCollections in Frameworks */,
				F20000000000000000000021 /* VoyagerPagesOnboarding in Frameworks */,
				F20000000000000000000022 /* VoyagerPagesSettings in Frameworks */,
				F20000000000000000000023 /* VoyagerShared in Frameworks */,
				F20000000000000000000026 /* VoyagerFeaturesEntryOperations in Frameworks */,
				F20000000000000000000027 /* VoyagerEntitiesAppPreferences in Frameworks */,
				F20000000000000000000044 /* VoyagerEntitiesTag in Frameworks */,
				F20000000000000000000045 /* VoyagerEntitiesCollection in Frameworks */,
				F20000000000000000000030 /* VoyagerFeaturesEntryArrangements in Frameworks */,
				F20000000000000000000032 /* VoyagerFeaturesEntryThumbnail in Frameworks */,
				F2000000000000000000003F /* VoyagerFeaturesContentPageNavigation in Frameworks */,
				F20000000000000000000041 /* VoyagerFeaturesUpdateVersion in Frameworks */,
				F20000000000000000000042 /* VoyagerFeaturesComposer in Frameworks */,
				F20000000000000000000052 /* VoyagerFeaturesAiChat in Frameworks */,
				F2000000000000000000003B /* VoyagerEntitiesEntry in Frameworks */,
				F2000000000000000000003C /* Dependencies in Frameworks */,
				F2000000000000000000003D /* Clocks in Frameworks */,
				F2000000000000000000003E /* VoyagerEntitiesAppPreferences in Frameworks */,
				7E6AF6AD2E8BABD8005DC7D3 /* Inject in Frameworks */,
				7EEC64512E8CE684004ACEA5 /* SwiftDotenv in Frameworks */,
				6C727A2D2F0DF4A10012D44A /* Logging in Frameworks */,
				7E17C1212F24CB7500F6BD2B /* Sentry in Frameworks */,
				6CFB7B382E9D48B40005FDF6 /* ComposableArchitecture in Frameworks */,
				6C57FBA92F02111500D85C72 /* Sparkle in Frameworks */,
				7E1724A12EC5BA6600385F6E /* SwiftUIIntrospect in Frameworks */,
				7E1974712E8BDC0700D041D3 /* InjectionNext in Frameworks */,
			);
			runOnlyForDeploymentPostprocessing = 0;
		};
		7E14EDD82E86622E005AC834 /* Frameworks */ = {
			isa = PBXFrameworksBuildPhase;
			buildActionMask = 2147483647;
			files = (
				F21000000000000000000025 /* CasePaths in Frameworks */,
				F21000000000000000000023 /* IdentifiedCollections in Frameworks */,
				F21000000000000000000024 /* OrderedCollections in Frameworks */,
				F20000000000000000000024 /* VoyagerPagesOnboarding in Frameworks */,
				F20000000000000000000025 /* VoyagerShared in Frameworks */,
				F20000000000000000000031 /* VoyagerFeaturesEntryArrangements in Frameworks */,
				F20000000000000000000033 /* VoyagerFeaturesEntryThumbnail in Frameworks */,
				F20000000000000000000034 /* ComposableArchitecture in Frameworks */,
				F20000000000000000000035 /* VoyagerShared in Frameworks */,
				F20000000000000000000036 /* VoyagerFeaturesEntryOperations in Frameworks */,
				F20000000000000000000037 /* VoyagerEntitiesTag in Frameworks */,
				F20000000000000000000038 /* VoyagerEntitiesCollection in Frameworks */,
				F20000000000000000000039 /* VoyagerEntitiesEntry in Frameworks */,
				F2000000000000000000003A /* Dependencies in Frameworks */,
				F20000000000000000000040 /* VoyagerFeaturesContentPageNavigation in Frameworks */,
				F20000000000000000000043 /* VoyagerFeaturesComposer in Frameworks */,
				F20000000000000000000053 /* VoyagerFeaturesAiChat in Frameworks */,
				F20000000000000000000054 /* VoyagerEntitiesAi in Frameworks */,
				F20000000000000000000055 /* VoyagerWidgetsEntryViewLayout in Frameworks */,
				F20000000000000000000056 /* ConcurrencyExtras in Frameworks */,
			);
			runOnlyForDeploymentPostprocessing = 0;
		};
		7E14EDE22E86622E005AC834 /* Frameworks */ = {
			isa = PBXFrameworksBuildPhase;
			buildActionMask = 2147483647;
			files = (
			);
			runOnlyForDeploymentPostprocessing = 0;
		};
		A70000000000000000000004 /* Frameworks */ = {
			isa = PBXFrameworksBuildPhase;
			buildActionMask = 2147483647;
			files = (
				A70000000000000000000010 /* VoyagerPagesOnboarding in Frameworks */,
			);
			runOnlyForDeploymentPostprocessing = 0;
		};
		7E14EE202E866E82005AC834 /* Frameworks */ = {
			isa = PBXFrameworksBuildPhase;
			buildActionMask = 2147483647;
			files = (
				F20000000000000000000028 /* VoyagerShared in Frameworks */,
				F20000000000000000000057 /* VoyagerEntitiesCollection in Frameworks */,
				F20000000000000000000048 /* VoyagerEntitiesAi in Frameworks */,
				6C727A2F2F0DF4AA0012D44A /* Logging in Frameworks */,
				6C8A20C933C9C3F600B2B9B1 /* Sentry in Frameworks */,
				7E9D64952E8CDDC8006CB69F /* SwiftDotenv in Frameworks */,
				7EEC64532E8CE6E3004ACEA5 /* InjectionNext in Frameworks */,
				A018A998CD9F45ABB1050941 /* StructuredQueries in Frameworks */,
			);
			runOnlyForDeploymentPostprocessing = 0;
		};
		7E14EE2C2E866E85005AC834 /* Frameworks */ = {
			isa = PBXFrameworksBuildPhase;
			buildActionMask = 2147483647;
			files = (
				F20000000000000000000029 /* VoyagerShared in Frameworks */,
				F20000000000000000000049 /* VoyagerEntitiesAi in Frameworks */,
				F10000000000000000000035 /* Logging in Frameworks */,
				3B378A28A482423D9B847800 /* StructuredQueries in Frameworks */,
			);
			runOnlyForDeploymentPostprocessing = 0;
		};
		F10000000000000000000004 /* Frameworks */ = {
			isa = PBXFrameworksBuildPhase;
			buildActionMask = 2147483647;
			files = (
				F2000000000000000000002A /* VoyagerShared in Frameworks */,
				F20000000000000000000058 /* VoyagerEntitiesCollection in Frameworks */,
				F2000000000000000000004A /* VoyagerEntitiesAi in Frameworks */,
				F10000000000000000000030 /* Logging in Frameworks */,
				F10000000000000000000031 /* SwiftDotenv in Frameworks */,
				F10000000000000000000034 /* Sentry in Frameworks */,
				F10000000000000000000033 /* StructuredQueries in Frameworks */,
			);
			runOnlyForDeploymentPostprocessing = 0;
		};
/* End PBXFrameworksBuildPhase section */

/* Begin PBXGroup section */
		6C37996C2F3E32BD0044D1A9 /* Recovered References */ = {
			isa = PBXGroup;
			children = (
				F10000000000000000000041 /* VoyagerHelper/Search */,
			);
			name = "Recovered References";
			sourceTree = "<group>";
		};
		7E14EDC32E86622C005AC834 = {
			isa = PBXGroup;
			children = (
				A68896D2BA838902604FD30A /* system_property_registry.json */,
				60F570BDE5ECDE55DC1C7E60 /* property_condition_registry.json */,
				D1E2F3A4B5C6D7E8F9012345 /* compose_filter_system.md */,
				7E14EDCE2E86622C005AC834 /* Voyager */,
				F10000000000000000000040 /* FilterSearchXPC */,
				7E14EDDE2E86622E005AC834 /* VoyagerTests */,
				7E14EDE82E86622E005AC834 /* VoyagerUITests */,
				7E14EE242E866E82005AC834 /* VoyagerHelper */,
				7E14EE322E866E85005AC834 /* VoyagerHelperTests */,
				7E14EDCD2E86622C005AC834 /* Products */,
				6C37996C2F3E32BD0044D1A9 /* Recovered References */,
			);
			sourceTree = "<group>";
		};
		7E14EDCD2E86622C005AC834 /* Products */ = {
			isa = PBXGroup;
			children = (
				7E14EDCC2E86622C005AC834 /* Voyager.app */,
				7E14EDDB2E86622E005AC834 /* VoyagerTests.xctest */,
				7E14EDE52E86622E005AC834 /* VoyagerUITests.xctest */,
				7E14EE232E866E82005AC834 /* VoyagerHelper.app */,
				7E14EE2F2E866E85005AC834 /* VoyagerHelperTests.xctest */,
				F10000000000000000000002 /* FilterSearchXPC.xpc */,
			);
			name = Products;
			sourceTree = "<group>";
		};
/* End PBXGroup section */

/* Begin PBXNativeTarget section */
		7E14EDCB2E86622C005AC834 /* Voyager */ = {
			isa = PBXNativeTarget;
			buildConfigurationList = 7E14EDEF2E86622E005AC834 /* Build configuration list for PBXNativeTarget "Voyager" */;
			buildPhases = (
				7E14EDC82E86622C005AC834 /* Sources */,
				7E6AF6B12E8BB003005DC7D3 /* Run Lint and Format */,
				7E14EDC92E86622C005AC834 /* Frameworks */,
				7E14EDCA2E86622C005AC834 /* Resources */,
				AFB0BEF033B7C0F100A1F901 /* Copy Bundled Env */,
				F10000000000000000000009 /* Copy XPC Services */,
				AF0F1E7A33B24D3000A1F123 /* Copy Helper into App */,
			);
			buildRules = (
			);
			dependencies = (
				AF0F1E7D33B2530900A1F123 /* PBXTargetDependency */,
				F1000000000000000000000B /* PBXTargetDependency */,
			);
			fileSystemSynchronizedGroups = (
				7E14EDCE2E86622C005AC834 /* Voyager */,
			);
			name = Voyager;
			packageProductDependencies = (
				F20000000000000000000011 /* VoyagerPagesOnboarding */,
				F20000000000000000000012 /* VoyagerPagesSettings */,
				F20000000000000000000013 /* VoyagerShared */,
				F20000000000000000000014 /* VoyagerFeaturesEntryOperations */,
				F20000000000000000000015 /* VoyagerEntitiesAppPreferences */,
				F20000000000000000000016 /* VoyagerEntitiesTag */,
				F20000000000000000000017 /* VoyagerEntitiesCollection */,
				F2000000000000000000001A /* VoyagerEntitiesEntry */,
				F20000000000000000000015 /* VoyagerEntitiesAppPreferences */,
				F20000000000000000000018 /* VoyagerFeaturesEntryArrangements */,
				F20000000000000000000019 /* VoyagerFeaturesEntryThumbnail */,
				F2000000000000000000001C /* VoyagerFeaturesUpdateVersion */,
				F2000000000000000000001D /* VoyagerFeaturesComposer */,
				F2000000000000000000001E /* VoyagerPagesFileManager */,
				F20000000000000000000051 /* VoyagerFeaturesAiChat */,
				F2000000000000000000001F /* VoyagerWidgetsEntryViewLayout */,
				F21000000000000000000014 /* Dependencies */,
				F21000000000000000000012 /* OrderedCollections */,
				7E6AF6AC2E8BABD8005DC7D3 /* Inject */,
				7E1974702E8BDC0700D041D3 /* InjectionNext */,
				7EEC64502E8CE684004ACEA5 /* SwiftDotenv */,
				6CFB7B372E9D48B40005FDF6 /* ComposableArchitecture */,
				7E1724A02EC5BA6600385F6E /* SwiftUIIntrospect */,
				6C57FBA82F02111500D85C72 /* Sparkle */,
				6C727A2C2F0DF4A10012D44A /* Logging */,
				7E17C1202F24CB7500F6BD2B /* Sentry */,
			);
			productName = Voyager;
			productReference = 7E14EDCC2E86622C005AC834 /* Voyager.app */;
			productType = "com.apple.product-type.application";
		};
		7E14EDDA2E86622E005AC834 /* VoyagerTests */ = {
			isa = PBXNativeTarget;
			buildConfigurationList = 7E14EDF22E86622E005AC834 /* Build configuration list for PBXNativeTarget "VoyagerTests" */;
			buildPhases = (
				7E14EDD72E86622E005AC834 /* Sources */,
				7E14EDD82E86622E005AC834 /* Frameworks */,
				7E14EDD92E86622E005AC834 /* Resources */,
			);
			buildRules = (
			);
			dependencies = (
				7E14EDDD2E86622E005AC834 /* PBXTargetDependency */,
			);
			fileSystemSynchronizedGroups = (
				7E14EDDE2E86622E005AC834 /* VoyagerTests */,
			);
			name = VoyagerTests;
			packageProductDependencies = (
				F20000000000000000000011 /* VoyagerPagesOnboarding */,
				F2000000000000000000001E /* VoyagerPagesFileManager */,
				F20000000000000000000018 /* VoyagerFeaturesEntryArrangements */,
				F20000000000000000000019 /* VoyagerFeaturesEntryThumbnail */,
				6CFB7B372E9D48B40005FDF6 /* ComposableArchitecture */,
				F20000000000000000000013 /* VoyagerShared */,
				F20000000000000000000014 /* VoyagerFeaturesEntryOperations */,
				F20000000000000000000015 /* VoyagerEntitiesAppPreferences */,
				F20000000000000000000016 /* VoyagerEntitiesTag */,
				F20000000000000000000017 /* VoyagerEntitiesCollection */,
				F2000000000000000000001A /* VoyagerEntitiesEntry */,
				F21000000000000000000014 /* Dependencies */,
				F21000000000000000000015 /* Clocks */,
				F21000000000000000000013 /* CasePaths */,
				F21000000000000000000011 /* IdentifiedCollections */,
				F21000000000000000000012 /* OrderedCollections */,
				6CFB7B372E9D48B40005FDF6 /* ComposableArchitecture */,
				F2000000000000000000001D /* VoyagerFeaturesComposer */,
				F20000000000000000000051 /* VoyagerFeaturesAiChat */,
				F20000000000000000000047 /* VoyagerEntitiesAi */,
				F2000000000000000000001F /* VoyagerWidgetsEntryViewLayout */,
				F21000000000000000000017 /* ConcurrencyExtras */,
			);
			productName = VoyagerTests;
			productReference = 7E14EDDB2E86622E005AC834 /* VoyagerTests.xctest */;
			productType = "com.apple.product-type.bundle.unit-test";
		};
		7E14EDE42E86622E005AC834 /* VoyagerUITests */ = {
			isa = PBXNativeTarget;
			buildConfigurationList = 7E14EDF52E86622E005AC834 /* Build configuration list for PBXNativeTarget "VoyagerUITests" */;
			buildPhases = (
				7E14EDE12E86622E005AC834 /* Sources */,
				7E14EDE22E86622E005AC834 /* Frameworks */,
				7E14EDE32E86622E005AC834 /* Resources */,
			);
			buildRules = (
			);
			dependencies = (
				7E14EDE72E86622E005AC834 /* PBXTargetDependency */,
			);
			fileSystemSynchronizedGroups = (
				7E14EDE82E86622E005AC834 /* VoyagerUITests */,
			);
			name = VoyagerUITests;
			packageProductDependencies = (
			);
			productName = VoyagerUITests;
			productReference = 7E14EDE52E86622E005AC834 /* VoyagerUITests.xctest */;
			productType = "com.apple.product-type.bundle.ui-testing";
		};
		7E14EE222E866E82005AC834 /* VoyagerHelper */ = {
			isa = PBXNativeTarget;
			buildConfigurationList = 7E14EE412E866E86005AC834 /* Build configuration list for PBXNativeTarget "VoyagerHelper" */;
			buildPhases = (
				7E14EE1F2E866E82005AC834 /* Sources */,
				7EC6B03F2E8CE43B00379B56 /* Run Lint and Format */,
				7E14EE202E866E82005AC834 /* Frameworks */,
				7E14EE212E866E82005AC834 /* Resources */,
				AFB0BEF133B7C0F100A1F901 /* Copy Bundled Env */,
			);
			buildRules = (
			);
			dependencies = (
			);
			fileSystemSynchronizedGroups = (
				7E14EE242E866E82005AC834 /* VoyagerHelper */,
			);
			name = VoyagerHelper;
			packageProductDependencies = (
				F20000000000000000000013 /* VoyagerShared */,
				F20000000000000000000017 /* VoyagerEntitiesCollection */,
				F20000000000000000000047 /* VoyagerEntitiesAi */,
				7E17C1202F24CB7500F6BD2B /* Sentry */,
				7E9D64942E8CDDC8006CB69F /* SwiftDotenv */,
				7EEC64522E8CE6E3004ACEA5 /* InjectionNext */,
				6C727A2E2F0DF4AA0012D44A /* Logging */,
				319E52B31FBB4D8FA03D33B9 /* StructuredQueries */,
			);
			productName = VoyagerHelper;
			productReference = 7E14EE232E866E82005AC834 /* VoyagerHelper.app */;
			productType = "com.apple.product-type.application";
		};
		7E14EE2E2E866E85005AC834 /* VoyagerHelperTests */ = {
			isa = PBXNativeTarget;
			buildConfigurationList = 7E14EE442E866E86005AC834 /* Build configuration list for PBXNativeTarget "VoyagerHelperTests" */;
			buildPhases = (
				7E14EE2B2E866E85005AC834 /* Sources */,
				7E14EE2C2E866E85005AC834 /* Frameworks */,
				7E14EE2D2E866E85005AC834 /* Resources */,
			);
			buildRules = (
			);
			dependencies = (
				7E14EE312E866E85005AC834 /* PBXTargetDependency */,
			);
			fileSystemSynchronizedGroups = (
				7E14EE322E866E85005AC834 /* VoyagerHelperTests */,
			);
			name = VoyagerHelperTests;
			packageProductDependencies = (
				F20000000000000000000013 /* VoyagerShared */,
				F20000000000000000000017 /* VoyagerEntitiesCollection */,
				F20000000000000000000047 /* VoyagerEntitiesAi */,
				6C727A2C2F0DF4A10012D44A /* Logging */,
				319E52B31FBB4D8FA03D33B9 /* StructuredQueries */,
			);
			productName = VoyagerHelperTests;
			productReference = 7E14EE2F2E866E85005AC834 /* VoyagerHelperTests.xctest */;
			productType = "com.apple.product-type.bundle.unit-test";
		};
		F10000000000000000000001 /* FilterSearchXPC */ = {
			isa = PBXNativeTarget;
			buildConfigurationList = F10000000000000000000006 /* Build configuration list for PBXNativeTarget "FilterSearchXPC" */;
			buildPhases = (
				F10000000000000000000003 /* Sources */,
				F10000000000000000000004 /* Frameworks */,
				F10000000000000000000005 /* Resources */,
				AFB0BEF233B7C0F100A1F901 /* Copy Bundled Env */,
			);
			buildRules = (
			);
			dependencies = (
			);
			fileSystemSynchronizedGroups = (
				F10000000000000000000040 /* FilterSearchXPC */,
				F10000000000000000000041 /* VoyagerHelper/Search */,
			);
			name = FilterSearchXPC;
			packageProductDependencies = (
				F20000000000000000000013 /* VoyagerShared */,
				F20000000000000000000017 /* VoyagerEntitiesCollection */,
				F20000000000000000000047 /* VoyagerEntitiesAi */,
				6C727A2C2F0DF4A10012D44A /* Logging */,
				7E9D64942E8CDDC8006CB69F /* SwiftDotenv */,
				7E17C1202F24CB7500F6BD2B /* Sentry */,
				319E52B31FBB4D8FA03D33B9 /* StructuredQueries */,
			);
			productName = FilterSearchXPC;
			productReference = F10000000000000000000002 /* FilterSearchXPC.xpc */;
			productType = "com.apple.product-type.xpc-service";
		};
/* End PBXNativeTarget section */

/* Begin PBXProject section */
		7E14EDC42E86622C005AC834 /* Project object */ = {
			isa = PBXProject;
			attributes = {
				BuildIndependentTargetsInParallel = 1;
				LastSwiftUpdateCheck = 2600;
				LastUpgradeCheck = 2610;
				TargetAttributes = {
					A70000000000000000000001 = {
						CreatedOnToolsVersion = 26.0.1;
					};
					7E14EDCB2E86622C005AC834 = {
						CreatedOnToolsVersion = 26.0.1;
					};
					7E14EDDA2E86622E005AC834 = {
						CreatedOnToolsVersion = 26.0.1;
						TestTargetID = 7E14EDCB2E86622C005AC834;
					};
					7E14EDE42E86622E005AC834 = {
						CreatedOnToolsVersion = 26.0.1;
						TestTargetID = 7E14EDCB2E86622C005AC834;
					};
					7E14EE222E866E82005AC834 = {
						CreatedOnToolsVersion = 26.0.1;
					};
					7E14EE2E2E866E85005AC834 = {
						CreatedOnToolsVersion = 26.0.1;
						TestTargetID = 7E14EE222E866E82005AC834;
					};
					F10000000000000000000001 = {
						CreatedOnToolsVersion = 26.0.1;
					};
				};
			};
			buildConfigurationList = 7E14EDC72E86622C005AC834 /* Build configuration list for PBXProject "Voyager" */;
			developmentRegion = en;
			hasScannedForEncodings = 0;
			knownRegions = (
				en,
				Base,
			);
			mainGroup = 7E14EDC32E86622C005AC834;
			minimizedProjectReferenceProxies = 1;
			packageReferences = (
				F20000000000000000000001 /* XCLocalSwiftPackageReference "02_Pages/Onboarding" */,
				F20000000000000000000002 /* XCLocalSwiftPackageReference "02_Pages/Settings" */,
				F20000000000000000000003 /* XCLocalSwiftPackageReference "04_Features/EntryOperations" */,
				F20000000000000000000004 /* XCLocalSwiftPackageReference "06_Shared/VoyagerShared" */,
				F20000000000000000000005 /* XCLocalSwiftPackageReference "05_Entities/AppPreferences" */,
				F20000000000000000000046 /* XCLocalSwiftPackageReference "05_Entities/Ai" */,
				F20000000000000000000006 /* XCLocalSwiftPackageReference "05_Entities/Tag" */,
				F20000000000000000000007 /* XCLocalSwiftPackageReference "05_Entities/Collection" */,
				F20000000000000000000008 /* XCLocalSwiftPackageReference "04_Features/EntryArrangements" */,
				F20000000000000000000009 /* XCLocalSwiftPackageReference "04_Features/EntryThumbnail" */,
				F2000000000000000000000B /* XCLocalSwiftPackageReference "04_Features/ContentPageNavigation" */,
				F2000000000000000000000A /* XCLocalSwiftPackageReference "05_Entities/Entry" */,
				F2000000000000000000000C /* XCLocalSwiftPackageReference "04_Features/UpdateVersion" */,
				F2000000000000000000000D /* XCLocalSwiftPackageReference "04_Features/Composer" */,
				F2000000000000000000000E /* XCLocalSwiftPackageReference "02_Pages/FileManager" */,
				F20000000000000000000050 /* XCLocalSwiftPackageReference "04_Features/AiChat" */,
				F2000000000000000000000F /* XCLocalSwiftPackageReference "03_Widgets/EntryViewLayout" */,
				F21000000000000000000001 /* XCRemoteSwiftPackageReference "swift-identified-collections" */,
				F21000000000000000000002 /* XCRemoteSwiftPackageReference "swift-collections" */,
				F21000000000000000000003 /* XCRemoteSwiftPackageReference "swift-case-paths" */,
				F21000000000000000000004 /* XCRemoteSwiftPackageReference "swift-dependencies" */,
				F21000000000000000000005 /* XCRemoteSwiftPackageReference "swift-clocks" */,
				7E6AF6AB2E8BABD8005DC7D3 /* XCRemoteSwiftPackageReference "Inject" */,
				7E19746F2E8BDC0700D041D3 /* XCRemoteSwiftPackageReference "InjectionNext" */,
				7E9D64932E8CDDC8006CB69F /* XCRemoteSwiftPackageReference "swift-dotenv" */,
				6CFB7B362E9D48B40005FDF6 /* XCRemoteSwiftPackageReference "swift-composable-architecture" */,
				F21000000000000000000016 /* XCRemoteSwiftPackageReference "swift-concurrency-extras" */,
				7E17249F2EC5B91C00385F6E /* XCRemoteSwiftPackageReference "SwiftUI-Introspect" */,
				6C57FBA72F02111500D85C72 /* XCRemoteSwiftPackageReference "Sparkle" */,
				6C727A2B2F0DF4A10012D44A /* XCRemoteSwiftPackageReference "swift-log" */,
				7E17C11F2F24CB7500F6BD2B /* XCRemoteSwiftPackageReference "sentry-cocoa" */,
				08631B7042D24536AA083429 /* XCRemoteSwiftPackageReference "swift-structured-queries" */,
			);
			preferredProjectObjectVersion = 77;
			productRefGroup = 7E14EDCD2E86622C005AC834 /* Products */;
			projectDirPath = "";
			projectRoot = "";
			targets = (
				7E14EDCB2E86622C005AC834 /* Voyager */,
				7E14EDDA2E86622E005AC834 /* VoyagerTests */,
				7E14EDE42E86622E005AC834 /* VoyagerUITests */,
				7E14EE222E866E82005AC834 /* VoyagerHelper */,
				7E14EE2E2E866E85005AC834 /* VoyagerHelperTests */,
				F10000000000000000000001 /* FilterSearchXPC */,
			);
		};
/* End PBXProject section */

/* Begin PBXResourcesBuildPhase section */
		7E14EDCA2E86622C005AC834 /* Resources */ = {
			isa = PBXResourcesBuildPhase;
			buildActionMask = 2147483647;
			files = (
				11884BDAA11DD6217EEF5014 /* system_property_registry.json in Resources */,
				B2AD8C7BD69A51C61EF4D9FC /* property_condition_registry.json in Resources */,
			);
			runOnlyForDeploymentPostprocessing = 0;
		};
		7E14EDD92E86622E005AC834 /* Resources */ = {
			isa = PBXResourcesBuildPhase;
			buildActionMask = 2147483647;
			files = (
			);
			runOnlyForDeploymentPostprocessing = 0;
		};
		7E14EDE32E86622E005AC834 /* Resources */ = {
			isa = PBXResourcesBuildPhase;
			buildActionMask = 2147483647;
			files = (
			);
			runOnlyForDeploymentPostprocessing = 0;
		};
		A70000000000000000000005 /* Resources */ = {
			isa = PBXResourcesBuildPhase;
			buildActionMask = 2147483647;
			files = (
			);
			runOnlyForDeploymentPostprocessing = 0;
		};
		7E14EE212E866E82005AC834 /* Resources */ = {
			isa = PBXResourcesBuildPhase;
			buildActionMask = 2147483647;
			files = (
				A332223B67D84E9E9BA1DFB7 /* system_property_registry.json in Resources */,
				A63E25704AD24423A15E5733 /* property_condition_registry.json in Resources */,
				C1A2B3C4D5E6F7890A1B2C3D /* compose_filter_system.md in Resources */,
			);
			runOnlyForDeploymentPostprocessing = 0;
		};
		7E14EE2D2E866E85005AC834 /* Resources */ = {
			isa = PBXResourcesBuildPhase;
			buildActionMask = 2147483647;
			files = (
			);
			runOnlyForDeploymentPostprocessing = 0;
		};
		F10000000000000000000005 /* Resources */ = {
			isa = PBXResourcesBuildPhase;
			buildActionMask = 2147483647;
			files = (
				F10000000000000000000020 /* system_property_registry.json in Resources */,
				F10000000000000000000021 /* property_condition_registry.json in Resources */,
				E4F8A1B2C3D4E5F60718293A /* compose_filter_system.md in Resources */,
			);
			runOnlyForDeploymentPostprocessing = 0;
		};
/* End PBXResourcesBuildPhase section */

/* Begin PBXShellScriptBuildPhase section */
		7E6AF6B12E8BB003005DC7D3 /* Run Lint and Format */ = {
			isa = PBXShellScriptBuildPhase;
			buildActionMask = 2147483647;
			files = (
			);
			inputFileListPaths = (
			);
			inputPaths = (
			);
			name = "Run Lint and Format";
			outputFileListPaths = (
			);
			outputPaths = (
			);
			runOnlyForDeploymentPostprocessing = 0;
			shellPath = /bin/sh;
			shellScript = "#!/bin/bash\nset -euo pipefail\n\nREPO_ROOT=\"$(cd \"$SRCROOT/../../..\" && pwd)\"\nbash \"$REPO_ROOT/scripts/lint-and-format-macos.sh\" \"$SRCROOT\"\n";
		};
		7EC6B03F2E8CE43B00379B56 /* Run Lint and Format */ = {
			isa = PBXShellScriptBuildPhase;
			buildActionMask = 2147483647;
			files = (
			);
			inputFileListPaths = (
			);
			inputPaths = (
			);
			name = "Run Lint and Format";
			outputFileListPaths = (
			);
			outputPaths = (
			);
			runOnlyForDeploymentPostprocessing = 0;
			shellPath = /bin/sh;
			shellScript = "#!/bin/bash\nset -euo pipefail\n\nREPO_ROOT=\"$(cd \"$SRCROOT/../../..\" && pwd)\"\nbash \"$REPO_ROOT/scripts/lint-and-format-macos.sh\" \"$SRCROOT\"\n";
		};
		AFB0BEF033B7C0F100A1F901 /* Copy Bundled Env */ = {
			isa = PBXShellScriptBuildPhase;
			alwaysOutOfDate = 1;
			buildActionMask = 2147483647;
			files = (
			);
			inputFileListPaths = (
			);
			inputPaths = (
			);
			name = "Copy Bundled Env";
			outputFileListPaths = (
			);
			outputPaths = (
				"$(TARGET_BUILD_DIR)/$(UNLOCALIZED_RESOURCES_FOLDER_PATH)/.env.prod",
			);
			runOnlyForDeploymentPostprocessing = 0;
			shellPath = /bin/sh;
			shellScript = "set -euo pipefail\nREPO_ROOT=\"$(cd \"$SRCROOT/../../..\" && pwd)\"\nSCRIPT=\"${REPO_ROOT}/scripts/build/copy-bundled-env-files.sh\"\nif [ ! -x \"${SCRIPT}\" ]; then\n  echo \"[Voyager] copy-bundled-env-files.sh not found: ${SCRIPT}\" >&2\n  exit 1\nfi\n\"${SCRIPT}\"\n";
		};
		AFB0BEF133B7C0F100A1F901 /* Copy Bundled Env */ = {
			isa = PBXShellScriptBuildPhase;
			alwaysOutOfDate = 1;
			buildActionMask = 2147483647;
			files = (
			);
			inputFileListPaths = (
			);
			inputPaths = (
			);
			name = "Copy Bundled Env";
			outputFileListPaths = (
			);
			outputPaths = (
				"$(TARGET_BUILD_DIR)/$(UNLOCALIZED_RESOURCES_FOLDER_PATH)/.env.prod",
			);
			runOnlyForDeploymentPostprocessing = 0;
			shellPath = /bin/sh;
			shellScript = "set -euo pipefail\nREPO_ROOT=\"$(cd \"$SRCROOT/../../..\" && pwd)\"\nSCRIPT=\"${REPO_ROOT}/scripts/build/copy-bundled-env-files.sh\"\nif [ ! -x \"${SCRIPT}\" ]; then\n  echo \"[Voyager] copy-bundled-env-files.sh not found: ${SCRIPT}\" >&2\n  exit 1\nfi\n\"${SCRIPT}\"\n";
		};
		AFB0BEF233B7C0F100A1F901 /* Copy Bundled Env */ = {
			isa = PBXShellScriptBuildPhase;
			alwaysOutOfDate = 1;
			buildActionMask = 2147483647;
			files = (
			);
			inputFileListPaths = (
			);
			inputPaths = (
			);
			name = "Copy Bundled Env";
			outputFileListPaths = (
			);
			outputPaths = (
				"$(TARGET_BUILD_DIR)/$(UNLOCALIZED_RESOURCES_FOLDER_PATH)/.env.prod",
			);
			runOnlyForDeploymentPostprocessing = 0;
			shellPath = /bin/sh;
			shellScript = "set -euo pipefail\nREPO_ROOT=\"$(cd \"$SRCROOT/../../..\" && pwd)\"\nSCRIPT=\"${REPO_ROOT}/scripts/build/copy-bundled-env-files.sh\"\nif [ ! -x \"${SCRIPT}\" ]; then\n  echo \"[Voyager] copy-bundled-env-files.sh not found: ${SCRIPT}\" >&2\n  exit 1\nfi\n\"${SCRIPT}\"\n";
		};
/* End PBXShellScriptBuildPhase section */

/* Begin PBXSourcesBuildPhase section */
		7E14EDC82E86622C005AC834 /* Sources */ = {
			isa = PBXSourcesBuildPhase;
			buildActionMask = 2147483647;
			files = (
			);
			runOnlyForDeploymentPostprocessing = 0;
		};
		7E14EDD72E86622E005AC834 /* Sources */ = {
			isa = PBXSourcesBuildPhase;
			buildActionMask = 2147483647;
			files = (
			);
			runOnlyForDeploymentPostprocessing = 0;
		};
		7E14EDE12E86622E005AC834 /* Sources */ = {
			isa = PBXSourcesBuildPhase;
			buildActionMask = 2147483647;
			files = (
			);
			runOnlyForDeploymentPostprocessing = 0;
		};
		A70000000000000000000006 /* Sources */ = {
			isa = PBXSourcesBuildPhase;
			buildActionMask = 2147483647;
			files = (
			);
			runOnlyForDeploymentPostprocessing = 0;
		};
		7E14EE1F2E866E82005AC834 /* Sources */ = {
			isa = PBXSourcesBuildPhase;
			buildActionMask = 2147483647;
			files = (
			);
			runOnlyForDeploymentPostprocessing = 0;
		};
		7E14EE2B2E866E85005AC834 /* Sources */ = {
			isa = PBXSourcesBuildPhase;
			buildActionMask = 2147483647;
			files = (
			);
			runOnlyForDeploymentPostprocessing = 0;
		};
		F10000000000000000000003 /* Sources */ = {
			isa = PBXSourcesBuildPhase;
			buildActionMask = 2147483647;
			files = (
			);
			runOnlyForDeploymentPostprocessing = 0;
		};
/* End PBXSourcesBuildPhase section */

/* Begin PBXTargetDependency section */
		7E14EDDD2E86622E005AC834 /* PBXTargetDependency */ = {
			isa = PBXTargetDependency;
			target = 7E14EDCB2E86622C005AC834 /* Voyager */;
			targetProxy = 7E14EDDC2E86622E005AC834 /* PBXContainerItemProxy */;
		};
		7E14EDE72E86622E005AC834 /* PBXTargetDependency */ = {
			isa = PBXTargetDependency;
			target = 7E14EDCB2E86622C005AC834 /* Voyager */;
			targetProxy = 7E14EDE62E86622E005AC834 /* PBXContainerItemProxy */;
		};
		7E14EE312E866E85005AC834 /* PBXTargetDependency */ = {
			isa = PBXTargetDependency;
			target = 7E14EE222E866E82005AC834 /* VoyagerHelper */;
			targetProxy = 7E14EE302E866E85005AC834 /* PBXContainerItemProxy */;
		};
		AF0F1E7D33B2530900A1F123 /* PBXTargetDependency */ = {
			isa = PBXTargetDependency;
			target = 7E14EE222E866E82005AC834 /* VoyagerHelper */;
			targetProxy = AF0F1E7C33B2530900A1F123 /* PBXContainerItemProxy */;
		};
		F1000000000000000000000B /* PBXTargetDependency */ = {
			isa = PBXTargetDependency;
			target = F10000000000000000000001 /* FilterSearchXPC */;
			targetProxy = F1000000000000000000000C /* PBXContainerItemProxy */;
		};
/* End PBXTargetDependency section */

/* Begin XCBuildConfiguration section */
		7E14EDED2E86622E005AC834 /* Debug */ = {
			isa = XCBuildConfiguration;
			buildSettings = {
				ALWAYS_SEARCH_USER_PATHS = NO;
				ASSETCATALOG_COMPILER_GENERATE_SWIFT_ASSET_SYMBOL_EXTENSIONS = YES;
				CLANG_ANALYZER_NONNULL = YES;
				CLANG_ANALYZER_NUMBER_OBJECT_CONVERSION = YES_AGGRESSIVE;
				CLANG_CXX_LANGUAGE_STANDARD = "gnu++20";
				CLANG_ENABLE_MODULES = YES;
				CLANG_ENABLE_OBJC_ARC = YES;
				CLANG_ENABLE_OBJC_WEAK = YES;
				CLANG_WARN_BLOCK_CAPTURE_AUTORELEASING = YES;
				CLANG_WARN_BOOL_CONVERSION = YES;
				CLANG_WARN_COMMA = YES;
				CLANG_WARN_CONSTANT_CONVERSION = YES;
				CLANG_WARN_DEPRECATED_OBJC_IMPLEMENTATIONS = YES;
				CLANG_WARN_DIRECT_OBJC_ISA_USAGE = YES_ERROR;
				CLANG_WARN_DOCUMENTATION_COMMENTS = YES;
				CLANG_WARN_EMPTY_BODY = YES;
				CLANG_WARN_ENUM_CONVERSION = YES;
				CLANG_WARN_INFINITE_RECURSION = YES;
				CLANG_WARN_INT_CONVERSION = YES;
				CLANG_WARN_NON_LITERAL_NULL_CONVERSION = YES;
				CLANG_WARN_OBJC_IMPLICIT_RETAIN_SELF = YES;
				CLANG_WARN_OBJC_LITERAL_CONVERSION = YES;
				CLANG_WARN_OBJC_ROOT_CLASS = YES_ERROR;
				CLANG_WARN_QUOTED_INCLUDE_IN_FRAMEWORK_HEADER = YES;
				CLANG_WARN_RANGE_LOOP_ANALYSIS = YES;
				CLANG_WARN_STRICT_PROTOTYPES = YES;
				CLANG_WARN_SUSPICIOUS_MOVE = YES;
				CLANG_WARN_UNGUARDED_AVAILABILITY = YES_AGGRESSIVE;
				CLANG_WARN_UNREACHABLE_CODE = YES;
				CLANG_WARN__DUPLICATE_METHOD_MATCH = YES;
				COPY_PHASE_STRIP = NO;
				DEAD_CODE_STRIPPING = YES;
				DEBUG_INFORMATION_FORMAT = dwarf;
				DEVELOPMENT_TEAM = UNR9C79D99;
				ENABLE_STRICT_OBJC_MSGSEND = YES;
				ENABLE_TESTABILITY = YES;
				ENABLE_USER_SCRIPT_SANDBOXING = NO;
				GCC_C_LANGUAGE_STANDARD = gnu17;
				GCC_DYNAMIC_NO_PIC = NO;
				GCC_NO_COMMON_BLOCKS = YES;
				GCC_OPTIMIZATION_LEVEL = 0;
				GCC_PREPROCESSOR_DEFINITIONS = (
					"DEBUG=1",
					"$(inherited)",
				);
				GCC_WARN_64_TO_32_BIT_CONVERSION = YES;
				GCC_WARN_ABOUT_RETURN_TYPE = YES_ERROR;
				GCC_WARN_UNDECLARED_SELECTOR = YES;
				GCC_WARN_UNINITIALIZED_AUTOS = YES_AGGRESSIVE;
				GCC_WARN_UNUSED_FUNCTION = YES;
				GCC_WARN_UNUSED_VARIABLE = YES;
				LOCALIZATION_PREFERS_STRING_CATALOGS = NO;
				MACOSX_DEPLOYMENT_TARGET = 13.5;
				MTL_ENABLE_DEBUG_INFO = INCLUDE_SOURCE;
				MTL_FAST_MATH = YES;
				ONLY_ACTIVE_ARCH = YES;
				SDKROOT = macosx;
				STRING_CATALOG_GENERATE_SYMBOLS = YES;
				SWIFT_ACTIVE_COMPILATION_CONDITIONS = "DEBUG $(inherited)";
				SWIFT_OPTIMIZATION_LEVEL = "-Onone";
				SWIFT_VERSION = 6.0;
			};
			name = Debug;
		};
		7E14EDEE2E86622E005AC834 /* Release */ = {
			isa = XCBuildConfiguration;
			buildSettings = {
				ALWAYS_SEARCH_USER_PATHS = NO;
				ASSETCATALOG_COMPILER_GENERATE_SWIFT_ASSET_SYMBOL_EXTENSIONS = YES;
				CLANG_ANALYZER_NONNULL = YES;
				CLANG_ANALYZER_NUMBER_OBJECT_CONVERSION = YES_AGGRESSIVE;
				CLANG_CXX_LANGUAGE_STANDARD = "gnu++20";
				CLANG_ENABLE_MODULES = YES;
				CLANG_ENABLE_OBJC_ARC = YES;
				CLANG_ENABLE_OBJC_WEAK = YES;
				CLANG_WARN_BLOCK_CAPTURE_AUTORELEASING = YES;
				CLANG_WARN_BOOL_CONVERSION = YES;
				CLANG_WARN_COMMA = YES;
				CLANG_WARN_CONSTANT_CONVERSION = YES;
				CLANG_WARN_DEPRECATED_OBJC_IMPLEMENTATIONS = YES;
				CLANG_WARN_DIRECT_OBJC_ISA_USAGE = YES_ERROR;
				CLANG_WARN_DOCUMENTATION_COMMENTS = YES;
				CLANG_WARN_EMPTY_BODY = YES;
				CLANG_WARN_ENUM_CONVERSION = YES;
				CLANG_WARN_INFINITE_RECURSION = YES;
				CLANG_WARN_INT_CONVERSION = YES;
				CLANG_WARN_NON_LITERAL_NULL_CONVERSION = YES;
				CLANG_WARN_OBJC_IMPLICIT_RETAIN_SELF = YES;
				CLANG_WARN_OBJC_LITERAL_CONVERSION = YES;
				CLANG_WARN_OBJC_ROOT_CLASS = YES_ERROR;
				CLANG_WARN_QUOTED_INCLUDE_IN_FRAMEWORK_HEADER = YES;
				CLANG_WARN_RANGE_LOOP_ANALYSIS = YES;
				CLANG_WARN_STRICT_PROTOTYPES = YES;
				CLANG_WARN_SUSPICIOUS_MOVE = YES;
				CLANG_WARN_UNGUARDED_AVAILABILITY = YES_AGGRESSIVE;
				CLANG_WARN_UNREACHABLE_CODE = YES;
				CLANG_WARN__DUPLICATE_METHOD_MATCH = YES;
				COPY_PHASE_STRIP = NO;
				DEAD_CODE_STRIPPING = YES;
				DEBUG_INFORMATION_FORMAT = "dwarf-with-dsym";
				DEVELOPMENT_TEAM = UNR9C79D99;
				ENABLE_NS_ASSERTIONS = NO;
				ENABLE_STRICT_OBJC_MSGSEND = YES;
				ENABLE_USER_SCRIPT_SANDBOXING = NO;
				GCC_C_LANGUAGE_STANDARD = gnu17;
				GCC_NO_COMMON_BLOCKS = YES;
				GCC_WARN_64_TO_32_BIT_CONVERSION = YES;
				GCC_WARN_ABOUT_RETURN_TYPE = YES_ERROR;
				GCC_WARN_UNDECLARED_SELECTOR = YES;
				GCC_WARN_UNINITIALIZED_AUTOS = YES_AGGRESSIVE;
				GCC_WARN_UNUSED_FUNCTION = YES;
				GCC_WARN_UNUSED_VARIABLE = YES;
				LOCALIZATION_PREFERS_STRING_CATALOGS = NO;
				MACOSX_DEPLOYMENT_TARGET = 13.5;
				MTL_ENABLE_DEBUG_INFO = NO;
				MTL_FAST_MATH = YES;
				SDKROOT = macosx;
				STRING_CATALOG_GENERATE_SYMBOLS = YES;
				SWIFT_COMPILATION_MODE = wholemodule;
				SWIFT_VERSION = 6.0;
			};
			name = Release;
		};
		7E14EDF02E86622E005AC834 /* Debug */ = {
			isa = XCBuildConfiguration;
			buildSettings = {
				APP_ENV = dev;
				ASSETCATALOG_COMPILER_APPICON_NAME = AppIcon;
				ASSETCATALOG_COMPILER_GLOBAL_ACCENT_COLOR_NAME = AccentColor;
				ASSETCATALOG_COMPILER_INCLUDE_ALL_APPICON_ASSETS = YES;
				AUTOMATION_APPLE_EVENTS = YES;
				CODE_SIGN_IDENTITY = "-";
				CODE_SIGN_STYLE = Manual;
				COMBINE_HIDPI_IMAGES = YES;
				CURRENT_PROJECT_VERSION = 0;
				DEAD_CODE_STRIPPING = YES;
				DEVELOPMENT_TEAM = UNR9C79D99;
				EMIT_FRONTEND_COMMAND_LINES = YES;
				ENABLE_APP_SANDBOX = NO;
				ENABLE_HARDENED_RUNTIME = NO;
				ENABLE_PREVIEWS = YES;
				ENABLE_RESOURCE_ACCESS_AUDIO_INPUT = NO;
				ENABLE_RESOURCE_ACCESS_CALENDARS = NO;
				ENABLE_RESOURCE_ACCESS_CAMERA = NO;
				ENABLE_RESOURCE_ACCESS_CONTACTS = NO;
				ENABLE_RESOURCE_ACCESS_LOCATION = NO;
				ENABLE_RESOURCE_ACCESS_PHOTO_LIBRARY = NO;
				GENERATE_INFOPLIST_FILE = YES;
				INFOPLIST_FILE = Voyager/Config/Info.plist;
				INFOPLIST_KEY_CFBundleDisplayName = "Voyager$(VOYAGER_APP_SUFFIX) (Debug)";
				INFOPLIST_KEY_LSApplicationCategoryType = "public.app-category.utilities";
				INFOPLIST_KEY_NSHumanReadableCopyright = "";
				LD_RUNPATH_SEARCH_PATHS = (
					"$(inherited)",
					"@executable_path/../Frameworks",
				);
				MACOSX_DEPLOYMENT_TARGET = 13.5;
				MARKETING_VERSION = 0.7.1;
				"OTHER_LDFLAGS[arch=*]" = (
					"-Xlinker",
					"-interposable",
				);
				PRODUCT_BUNDLE_IDENTIFIER = fm.voyager.Voyager;
				PRODUCT_NAME = "$(TARGET_NAME)$(VOYAGER_APP_SUFFIX)";
				PROVISIONING_PROFILE_SPECIFIER = "";
				REGISTER_APP_GROUPS = YES;
				RUNTIME_EXCEPTION_ALLOW_DYLD_ENVIRONMENT_VARIABLES = NO;
				RUNTIME_EXCEPTION_ALLOW_JIT = NO;
				RUNTIME_EXCEPTION_ALLOW_UNSIGNED_EXECUTABLE_MEMORY = NO;
				RUNTIME_EXCEPTION_DEBUGGING_TOOL = YES;
				RUNTIME_EXCEPTION_DISABLE_EXECUTABLE_PAGE_PROTECTION = NO;
				RUNTIME_EXCEPTION_DISABLE_LIBRARY_VALIDATION = NO;
				STRING_CATALOG_GENERATE_SYMBOLS = YES;
				SWIFT_APPROACHABLE_CONCURRENCY = YES;
				SWIFT_DEFAULT_ACTOR_ISOLATION = MainActor;
				SWIFT_EMIT_LOC_STRINGS = YES;
				SWIFT_UPCOMING_FEATURE_MEMBER_IMPORT_VISIBILITY = YES;
				SWIFT_VERSION = 6.0;
			};
			name = Debug;
		};
		7E14EDF12E86622E005AC834 /* Release */ = {
			isa = XCBuildConfiguration;
			buildSettings = {
				APP_ENV = prod;
				ASSETCATALOG_COMPILER_APPICON_NAME = AppIcon;
				ASSETCATALOG_COMPILER_GLOBAL_ACCENT_COLOR_NAME = AccentColor;
				ASSETCATALOG_COMPILER_INCLUDE_ALL_APPICON_ASSETS = YES;
				"CODE_SIGN_IDENTITY[sdk=macosx*]" = "Developer ID Application";
				CODE_SIGN_STYLE = Manual;
				COMBINE_HIDPI_IMAGES = YES;
				CURRENT_PROJECT_VERSION = 0;
				DEAD_CODE_STRIPPING = YES;
				DEVELOPMENT_TEAM = UNR9C79D99;
				EMIT_FRONTEND_COMMAND_LINES = "";
				ENABLE_APP_SANDBOX = NO;
				ENABLE_HARDENED_RUNTIME = YES;
				ENABLE_PREVIEWS = YES;
				ENABLE_RESOURCE_ACCESS_AUDIO_INPUT = NO;
				ENABLE_RESOURCE_ACCESS_CALENDARS = NO;
				ENABLE_RESOURCE_ACCESS_CAMERA = NO;
				ENABLE_RESOURCE_ACCESS_CONTACTS = NO;
				ENABLE_RESOURCE_ACCESS_LOCATION = NO;
				ENABLE_RESOURCE_ACCESS_PHOTO_LIBRARY = NO;
				GENERATE_INFOPLIST_FILE = YES;
				INFOPLIST_FILE = Voyager/Config/Info.plist;
				INFOPLIST_KEY_CFBundleDisplayName = Voyager;
				INFOPLIST_KEY_LSApplicationCategoryType = "public.app-category.utilities";
				INFOPLIST_KEY_NSHumanReadableCopyright = "";
				LD_RUNPATH_SEARCH_PATHS = (
					"$(inherited)",
					"@executable_path/../Frameworks",
				);
				MACOSX_DEPLOYMENT_TARGET = 13.5;
				MARKETING_VERSION = 0.7.1;
				PRODUCT_BUNDLE_IDENTIFIER = fm.voyager.Voyager;
				PRODUCT_NAME = "$(TARGET_NAME)";
				PROVISIONING_PROFILE_SPECIFIER = "";
				REGISTER_APP_GROUPS = YES;
				STRING_CATALOG_GENERATE_SYMBOLS = YES;
				SWIFT_APPROACHABLE_CONCURRENCY = YES;
				SWIFT_DEFAULT_ACTOR_ISOLATION = MainActor;
				SWIFT_EMIT_LOC_STRINGS = YES;
				SWIFT_OPTIMIZATION_LEVEL = "-Onone";
				SWIFT_UPCOMING_FEATURE_MEMBER_IMPORT_VISIBILITY = YES;
				SWIFT_VERSION = 6.0;
			};
			name = Release;
		};
		7E14EDF32E86622E005AC834 /* Debug */ = {
			isa = XCBuildConfiguration;
			buildSettings = {
				BUNDLE_LOADER = "$(TEST_HOST)";
				CODE_SIGN_STYLE = Manual;
				CURRENT_PROJECT_VERSION = 0;
				DEAD_CODE_STRIPPING = YES;
				DEVELOPMENT_TEAM = UNR9C79D99;
				GENERATE_INFOPLIST_FILE = YES;
				MACOSX_DEPLOYMENT_TARGET = 13.5;
				MARKETING_VERSION = 0.7.1;
				PRODUCT_BUNDLE_IDENTIFIER = fm.voyager.VoyagerTests;
				PRODUCT_NAME = "$(TARGET_NAME)";
				PROVISIONING_PROFILE_SPECIFIER = "";
				STRING_CATALOG_GENERATE_SYMBOLS = NO;
				SWIFT_APPROACHABLE_CONCURRENCY = YES;
				SWIFT_EMIT_LOC_STRINGS = NO;
				SWIFT_UPCOMING_FEATURE_MEMBER_IMPORT_VISIBILITY = YES;
				SWIFT_VERSION = 6.0;
				TEST_HOST = "$(BUILT_PRODUCTS_DIR)/Voyager$(VOYAGER_APP_SUFFIX).app/$(BUNDLE_EXECUTABLE_FOLDER_PATH)/Voyager$(VOYAGER_APP_SUFFIX)";
			};
			name = Debug;
		};
		7E14EDF42E86622E005AC834 /* Release */ = {
			isa = XCBuildConfiguration;
			buildSettings = {
				BUNDLE_LOADER = "$(TEST_HOST)";
				CODE_SIGN_STYLE = Manual;
				CURRENT_PROJECT_VERSION = 0;
				DEAD_CODE_STRIPPING = YES;
				DEVELOPMENT_TEAM = UNR9C79D99;
				GENERATE_INFOPLIST_FILE = YES;
				MACOSX_DEPLOYMENT_TARGET = 13.5;
				MARKETING_VERSION = 0.7.1;
				PRODUCT_BUNDLE_IDENTIFIER = fm.voyager.VoyagerTests;
				PRODUCT_NAME = "$(TARGET_NAME)";
				PROVISIONING_PROFILE_SPECIFIER = "";
				STRING_CATALOG_GENERATE_SYMBOLS = NO;
				SWIFT_APPROACHABLE_CONCURRENCY = YES;
				SWIFT_EMIT_LOC_STRINGS = NO;
				SWIFT_UPCOMING_FEATURE_MEMBER_IMPORT_VISIBILITY = YES;
				SWIFT_VERSION = 6.0;
				TEST_HOST = "$(BUILT_PRODUCTS_DIR)/Voyager.app/$(BUNDLE_EXECUTABLE_FOLDER_PATH)/Voyager";
			};
			name = Release;
		};
		7E14EDF62E86622E005AC834 /* Debug */ = {
			isa = XCBuildConfiguration;
			buildSettings = {
				CODE_SIGN_STYLE = Manual;
				CURRENT_PROJECT_VERSION = 0;
				DEAD_CODE_STRIPPING = YES;
				DEVELOPMENT_TEAM = UNR9C79D99;
				GENERATE_INFOPLIST_FILE = YES;
				MARKETING_VERSION = 0.7.1;
				PRODUCT_BUNDLE_IDENTIFIER = fm.voyager.VoyagerUITests;
				PRODUCT_NAME = "$(TARGET_NAME)";
				PROVISIONING_PROFILE_SPECIFIER = "";
				STRING_CATALOG_GENERATE_SYMBOLS = NO;
				SWIFT_APPROACHABLE_CONCURRENCY = YES;
				SWIFT_EMIT_LOC_STRINGS = NO;
				SWIFT_UPCOMING_FEATURE_MEMBER_IMPORT_VISIBILITY = YES;
				SWIFT_VERSION = 6.0;
				TEST_TARGET_NAME = Voyager;
			};
			name = Debug;
		};
		7E14EDF72E86622E005AC834 /* Release */ = {
			isa = XCBuildConfiguration;
			buildSettings = {
				CODE_SIGN_STYLE = Manual;
				CURRENT_PROJECT_VERSION = 0;
				DEAD_CODE_STRIPPING = YES;
				DEVELOPMENT_TEAM = UNR9C79D99;
				GENERATE_INFOPLIST_FILE = YES;
				MARKETING_VERSION = 0.7.1;
				PRODUCT_BUNDLE_IDENTIFIER = fm.voyager.VoyagerUITests;
				PRODUCT_NAME = "$(TARGET_NAME)";
				PROVISIONING_PROFILE_SPECIFIER = "";
				STRING_CATALOG_GENERATE_SYMBOLS = NO;
				SWIFT_APPROACHABLE_CONCURRENCY = YES;
				SWIFT_EMIT_LOC_STRINGS = NO;
				SWIFT_UPCOMING_FEATURE_MEMBER_IMPORT_VISIBILITY = YES;
				SWIFT_VERSION = 6.0;
				TEST_TARGET_NAME = Voyager;
			};
			name = Release;
		};
		7E14EE422E866E86005AC834 /* Debug */ = {
			isa = XCBuildConfiguration;
			buildSettings = {
				APP_ENV = dev;
				ASSETCATALOG_COMPILER_APPICON_NAME = AppIcon;
				ASSETCATALOG_COMPILER_GLOBAL_ACCENT_COLOR_NAME = AccentColor;
				AUTOMATION_APPLE_EVENTS = YES;
				"CODE_SIGN_IDENTITY[sdk=macosx*]" = "-";
				CODE_SIGN_STYLE = Manual;
				COMBINE_HIDPI_IMAGES = YES;
				CURRENT_PROJECT_VERSION = 0;
				DEAD_CODE_STRIPPING = YES;
				DEVELOPMENT_TEAM = UNR9C79D99;
				EMIT_FRONTEND_COMMAND_LINES = YES;
				ENABLE_APP_SANDBOX = NO;
				ENABLE_HARDENED_RUNTIME = YES;
				ENABLE_PREVIEWS = YES;
				ENABLE_RESOURCE_ACCESS_AUDIO_INPUT = NO;
				ENABLE_RESOURCE_ACCESS_CALENDARS = NO;
				ENABLE_RESOURCE_ACCESS_CAMERA = NO;
				ENABLE_RESOURCE_ACCESS_CONTACTS = NO;
				ENABLE_RESOURCE_ACCESS_LOCATION = NO;
				ENABLE_RESOURCE_ACCESS_PHOTO_LIBRARY = NO;
				EXECUTABLE_NAME = "Voyager Helper (Debug)";
				GENERATE_INFOPLIST_FILE = YES;
				INFOPLIST_FILE = VoyagerHelper/Info.plist;
				INFOPLIST_KEY_CFBundleDisplayName = "Voyager Helper (Debug)";
				INFOPLIST_KEY_CFBundleName = "Voyager Helper (Debug)";
				INFOPLIST_KEY_LSUIElement = YES;
				INFOPLIST_KEY_NSHumanReadableCopyright = "";
				LD_RUNPATH_SEARCH_PATHS = (
					"$(inherited)",
					"@executable_path/../Frameworks",
				);
				MARKETING_VERSION = 0.7.1;
				PRODUCT_BUNDLE_IDENTIFIER = fm.voyager.VoyagerHelper;
				PRODUCT_NAME = "$(TARGET_NAME)";
				PROVISIONING_PROFILE_SPECIFIER = "";
				REGISTER_APP_GROUPS = YES;
				RUNTIME_EXCEPTION_ALLOW_DYLD_ENVIRONMENT_VARIABLES = NO;
				RUNTIME_EXCEPTION_ALLOW_JIT = NO;
				RUNTIME_EXCEPTION_ALLOW_UNSIGNED_EXECUTABLE_MEMORY = NO;
				RUNTIME_EXCEPTION_DEBUGGING_TOOL = YES;
				RUNTIME_EXCEPTION_DISABLE_EXECUTABLE_PAGE_PROTECTION = NO;
				RUNTIME_EXCEPTION_DISABLE_LIBRARY_VALIDATION = NO;
				SKIP_INSTALL = YES;
				STRING_CATALOG_GENERATE_SYMBOLS = YES;
				SWIFT_APPROACHABLE_CONCURRENCY = YES;
				SWIFT_DEFAULT_ACTOR_ISOLATION = MainActor;
				SWIFT_EMIT_LOC_STRINGS = YES;
				SWIFT_UPCOMING_FEATURE_MEMBER_IMPORT_VISIBILITY = YES;
				SWIFT_VERSION = 6.0;
			};
			name = Debug;
		};
		7E14EE432E866E86005AC834 /* Release */ = {
			isa = XCBuildConfiguration;
			buildSettings = {
				APP_ENV = prod;
				ASSETCATALOG_COMPILER_APPICON_NAME = AppIcon;
				ASSETCATALOG_COMPILER_GLOBAL_ACCENT_COLOR_NAME = AccentColor;
				"CODE_SIGN_IDENTITY[sdk=macosx*]" = "Developer ID Application";
				CODE_SIGN_STYLE = Manual;
				COMBINE_HIDPI_IMAGES = YES;
				CURRENT_PROJECT_VERSION = 0;
				DEAD_CODE_STRIPPING = YES;
				DEVELOPMENT_TEAM = UNR9C79D99;
				EMIT_FRONTEND_COMMAND_LINES = "";
				ENABLE_APP_SANDBOX = NO;
				ENABLE_HARDENED_RUNTIME = YES;
				ENABLE_PREVIEWS = YES;
				ENABLE_RESOURCE_ACCESS_AUDIO_INPUT = NO;
				ENABLE_RESOURCE_ACCESS_CALENDARS = NO;
				ENABLE_RESOURCE_ACCESS_CAMERA = NO;
				ENABLE_RESOURCE_ACCESS_CONTACTS = NO;
				ENABLE_RESOURCE_ACCESS_LOCATION = NO;
				ENABLE_RESOURCE_ACCESS_PHOTO_LIBRARY = NO;
				EXECUTABLE_NAME = "Voyager Helper";
				GENERATE_INFOPLIST_FILE = YES;
				INFOPLIST_FILE = VoyagerHelper/Info.plist;
				INFOPLIST_KEY_CFBundleDisplayName = "Voyager Helper";
				INFOPLIST_KEY_CFBundleName = "Voyager Helper";
				INFOPLIST_KEY_LSUIElement = YES;
				INFOPLIST_KEY_NSHumanReadableCopyright = "";
				LD_RUNPATH_SEARCH_PATHS = (
					"$(inherited)",
					"@executable_path/../Frameworks",
				);
				MARKETING_VERSION = 0.7.1;
				PRODUCT_BUNDLE_IDENTIFIER = fm.voyager.VoyagerHelper;
				PRODUCT_NAME = "$(TARGET_NAME)";
				PROVISIONING_PROFILE_SPECIFIER = "";
				REGISTER_APP_GROUPS = YES;
				SKIP_INSTALL = YES;
				STRING_CATALOG_GENERATE_SYMBOLS = YES;
				SWIFT_APPROACHABLE_CONCURRENCY = YES;
				SWIFT_DEFAULT_ACTOR_ISOLATION = MainActor;
				SWIFT_EMIT_LOC_STRINGS = YES;
				SWIFT_UPCOMING_FEATURE_MEMBER_IMPORT_VISIBILITY = YES;
				SWIFT_VERSION = 6.0;
			};
			name = Release;
		};
		7E14EE452E866E86005AC834 /* Debug */ = {
			isa = XCBuildConfiguration;
			buildSettings = {
				BUNDLE_LOADER = "$(TEST_HOST)";
				CODE_SIGN_IDENTITY = "-";
				CODE_SIGN_STYLE = Manual;
				CURRENT_PROJECT_VERSION = 0;
				DEAD_CODE_STRIPPING = YES;
				DEVELOPMENT_TEAM = UNR9C79D99;
				GENERATE_INFOPLIST_FILE = YES;
				MACOSX_DEPLOYMENT_TARGET = 13.5;
				MARKETING_VERSION = 0.7.1;
				PRODUCT_BUNDLE_IDENTIFIER = fm.voyager.VoyagerHelperTests;
				PRODUCT_NAME = "$(TARGET_NAME)";
				PROVISIONING_PROFILE_SPECIFIER = "";
				STRING_CATALOG_GENERATE_SYMBOLS = NO;
				SWIFT_APPROACHABLE_CONCURRENCY = YES;
				SWIFT_EMIT_LOC_STRINGS = NO;
				SWIFT_UPCOMING_FEATURE_MEMBER_IMPORT_VISIBILITY = YES;
				SWIFT_VERSION = 6.0;
				TEST_HOST = "$(BUILT_PRODUCTS_DIR)/VoyagerHelper.app/$(BUNDLE_EXECUTABLE_FOLDER_PATH)/Voyager Helper (Debug)";
			};
			name = Debug;
		};
		7E14EE462E866E86005AC834 /* Release */ = {
			isa = XCBuildConfiguration;
			buildSettings = {
				BUNDLE_LOADER = "$(TEST_HOST)";
				CODE_SIGN_STYLE = Manual;
				CURRENT_PROJECT_VERSION = 0;
				DEAD_CODE_STRIPPING = YES;
				DEVELOPMENT_TEAM = UNR9C79D99;
				GENERATE_INFOPLIST_FILE = YES;
				MACOSX_DEPLOYMENT_TARGET = 13.5;
				MARKETING_VERSION = 0.7.1;
				PRODUCT_BUNDLE_IDENTIFIER = fm.voyager.VoyagerHelperTests;
				PRODUCT_NAME = "$(TARGET_NAME)";
				PROVISIONING_PROFILE_SPECIFIER = "";
				STRING_CATALOG_GENERATE_SYMBOLS = NO;
				SWIFT_APPROACHABLE_CONCURRENCY = YES;
				SWIFT_EMIT_LOC_STRINGS = NO;
				SWIFT_UPCOMING_FEATURE_MEMBER_IMPORT_VISIBILITY = YES;
				SWIFT_VERSION = 6.0;
				TEST_HOST = "$(BUILT_PRODUCTS_DIR)/VoyagerHelper.app/$(BUNDLE_EXECUTABLE_FOLDER_PATH)/Voyager Helper";
			};
			name = Release;
		};
		F10000000000000000000007 /* Debug */ = {
			isa = XCBuildConfiguration;
			buildSettings = {
				APP_ENV = dev;
				"CODE_SIGN_IDENTITY[sdk=macosx*]" = "-";
				CODE_SIGN_STYLE = Manual;
				CURRENT_PROJECT_VERSION = 0;
				DEAD_CODE_STRIPPING = YES;
				DEVELOPMENT_TEAM = UNR9C79D99;
				GENERATE_INFOPLIST_FILE = NO;
				INFOPLIST_FILE = FilterSearchXPC/Info.plist;
				LD_RUNPATH_SEARCH_PATHS = (
					"$(inherited)",
					"@executable_path/../Frameworks",
				);
				MARKETING_VERSION = 0.7.1;
				PRODUCT_BUNDLE_IDENTIFIER = fm.voyager.Voyager.FilterSearchXPC;
				PRODUCT_NAME = "$(TARGET_NAME)";
				PROVISIONING_PROFILE_SPECIFIER = "";
				SKIP_INSTALL = YES;
				SWIFT_APPROACHABLE_CONCURRENCY = YES;
				SWIFT_EMIT_LOC_STRINGS = NO;
				SWIFT_UPCOMING_FEATURE_MEMBER_IMPORT_VISIBILITY = YES;
				SWIFT_VERSION = 6.0;
			};
			name = Debug;
		};
		F10000000000000000000008 /* Release */ = {
			isa = XCBuildConfiguration;
			buildSettings = {
				APP_ENV = prod;
				"CODE_SIGN_IDENTITY[sdk=macosx*]" = "Developer ID Application";
				CODE_SIGN_STYLE = Manual;
				CURRENT_PROJECT_VERSION = 0;
				DEAD_CODE_STRIPPING = YES;
				DEVELOPMENT_TEAM = UNR9C79D99;
				ENABLE_HARDENED_RUNTIME = YES;
				GENERATE_INFOPLIST_FILE = NO;
				INFOPLIST_FILE = FilterSearchXPC/Info.plist;
				LD_RUNPATH_SEARCH_PATHS = (
					"$(inherited)",
					"@executable_path/../Frameworks",
				);
				MARKETING_VERSION = 0.7.1;
				PRODUCT_BUNDLE_IDENTIFIER = fm.voyager.Voyager.FilterSearchXPC;
				PRODUCT_NAME = "$(TARGET_NAME)";
				PROVISIONING_PROFILE_SPECIFIER = "";
				SKIP_INSTALL = YES;
				SWIFT_APPROACHABLE_CONCURRENCY = YES;
				SWIFT_EMIT_LOC_STRINGS = NO;
				SWIFT_UPCOMING_FEATURE_MEMBER_IMPORT_VISIBILITY = YES;
				SWIFT_VERSION = 6.0;
			};
			name = Release;
		};
/* End XCBuildConfiguration section */

/* Begin XCConfigurationList section */
		7E14EDC72E86622C005AC834 /* Build configuration list for PBXProject "Voyager" */ = {
			isa = XCConfigurationList;
			buildConfigurations = (
				7E14EDED2E86622E005AC834 /* Debug */,
				7E14EDEE2E86622E005AC834 /* Release */,
			);
			defaultConfigurationIsVisible = 0;
			defaultConfigurationName = Release;
		};
		7E14EDEF2E86622E005AC834 /* Build configuration list for PBXNativeTarget "Voyager" */ = {
			isa = XCConfigurationList;
			buildConfigurations = (
				7E14EDF02E86622E005AC834 /* Debug */,
				7E14EDF12E86622E005AC834 /* Release */,
			);
			defaultConfigurationIsVisible = 0;
			defaultConfigurationName = Release;
		};
		7E14EDF22E86622E005AC834 /* Build configuration list for PBXNativeTarget "VoyagerTests" */ = {
			isa = XCConfigurationList;
			buildConfigurations = (
				7E14EDF32E86622E005AC834 /* Debug */,
				7E14EDF42E86622E005AC834 /* Release */,
			);
			defaultConfigurationIsVisible = 0;
			defaultConfigurationName = Release;
		};
		7E14EDF52E86622E005AC834 /* Build configuration list for PBXNativeTarget "VoyagerUITests" */ = {
			isa = XCConfigurationList;
			buildConfigurations = (
				7E14EDF62E86622E005AC834 /* Debug */,
				7E14EDF72E86622E005AC834 /* Release */,
			);
			defaultConfigurationIsVisible = 0;
			defaultConfigurationName = Release;
		};
		7E14EE412E866E86005AC834 /* Build configuration list for PBXNativeTarget "VoyagerHelper" */ = {
			isa = XCConfigurationList;
			buildConfigurations = (
				7E14EE422E866E86005AC834 /* Debug */,
				7E14EE432E866E86005AC834 /* Release */,
			);
			defaultConfigurationIsVisible = 0;
			defaultConfigurationName = Release;
		};
		7E14EE442E866E86005AC834 /* Build configuration list for PBXNativeTarget "VoyagerHelperTests" */ = {
			isa = XCConfigurationList;
			buildConfigurations = (
				7E14EE452E866E86005AC834 /* Debug */,
				7E14EE462E866E86005AC834 /* Release */,
			);
			defaultConfigurationIsVisible = 0;
			defaultConfigurationName = Release;
		};
		F10000000000000000000006 /* Build configuration list for PBXNativeTarget "FilterSearchXPC" */ = {
			isa = XCConfigurationList;
			buildConfigurations = (
				F10000000000000000000007 /* Debug */,
				F10000000000000000000008 /* Release */,
			);
			defaultConfigurationIsVisible = 0;
			defaultConfigurationName = Release;
		};
/* End XCConfigurationList section */

/* Begin XCLocalSwiftPackageReference section */
		F20000000000000000000001 /* XCLocalSwiftPackageReference "02_Pages/Onboarding" */ = {
			isa = XCLocalSwiftPackageReference;
			relativePath = ../Packages/02_Pages/Onboarding;
		};
		F20000000000000000000002 /* XCLocalSwiftPackageReference "02_Pages/Settings" */ = {
			isa = XCLocalSwiftPackageReference;
			relativePath = ../Packages/02_Pages/Settings;
		};
		F20000000000000000000003 /* XCLocalSwiftPackageReference "04_Features/EntryOperations" */ = {
			isa = XCLocalSwiftPackageReference;
			relativePath = ../Packages/04_Features/EntryOperations;
		};
		F20000000000000000000004 /* XCLocalSwiftPackageReference "06_Shared/VoyagerShared" */ = {
			isa = XCLocalSwiftPackageReference;
			relativePath = ../Packages/06_Shared/VoyagerShared;
		};
		F20000000000000000000005 /* XCLocalSwiftPackageReference "05_Entities/AppPreferences" */ = {
			isa = XCLocalSwiftPackageReference;
			relativePath = ../Packages/05_Entities/AppPreferences;
		};
		F20000000000000000000046 /* XCLocalSwiftPackageReference "05_Entities/Ai" */ = {
			isa = XCLocalSwiftPackageReference;
			relativePath = ../Packages/05_Entities/Ai;
		};
		F20000000000000000000006 /* XCLocalSwiftPackageReference "05_Entities/Tag" */ = {
			isa = XCLocalSwiftPackageReference;
			relativePath = ../Packages/05_Entities/Tag;
		};
		F20000000000000000000007 /* XCLocalSwiftPackageReference "05_Entities/Collection" */ = {
			isa = XCLocalSwiftPackageReference;
			relativePath = ../Packages/05_Entities/Collection;
		};
		F20000000000000000000008 /* XCLocalSwiftPackageReference "04_Features/EntryArrangements" */ = {
			isa = XCLocalSwiftPackageReference;
			relativePath = ../Packages/04_Features/EntryArrangements;
		};
		F20000000000000000000009 /* XCLocalSwiftPackageReference "04_Features/EntryThumbnail" */ = {
			isa = XCLocalSwiftPackageReference;
			relativePath = ../Packages/04_Features/EntryThumbnail;
		};
		F2000000000000000000000B /* XCLocalSwiftPackageReference "04_Features/ContentPageNavigation" */ = {
			isa = XCLocalSwiftPackageReference;
			relativePath = ../Packages/04_Features/ContentPageNavigation;
		};
		F2000000000000000000000A /* XCLocalSwiftPackageReference "05_Entities/Entry" */ = {
			isa = XCLocalSwiftPackageReference;
			relativePath = ../Packages/05_Entities/Entry;
		};
		F2000000000000000000000C /* XCLocalSwiftPackageReference "04_Features/UpdateVersion" */ = {
			isa = XCLocalSwiftPackageReference;
			relativePath = ../Packages/04_Features/UpdateVersion;
		};
		F2000000000000000000000D /* XCLocalSwiftPackageReference "04_Features/Composer" */ = {
			isa = XCLocalSwiftPackageReference;
			relativePath = ../Packages/04_Features/Composer;
		};
		F2000000000000000000000E /* XCLocalSwiftPackageReference "02_Pages/FileManager" */ = {
			isa = XCLocalSwiftPackageReference;
			relativePath = ../Packages/02_Pages/FileManager;
		};
		F20000000000000000000050 /* XCLocalSwiftPackageReference "04_Features/AiChat" */ = {
			isa = XCLocalSwiftPackageReference;
			relativePath = ../Packages/04_Features/AiChat;
		};
		F2000000000000000000000F /* XCLocalSwiftPackageReference "03_Widgets/EntryViewLayout" */ = {
			isa = XCLocalSwiftPackageReference;
			relativePath = ../Packages/03_Widgets/EntryViewLayout;
		};
		/* End XCLocalSwiftPackageReference section */

/* Begin XCRemoteSwiftPackageReference section */
		F21000000000000000000001 /* XCRemoteSwiftPackageReference "swift-identified-collections" */ = {
			isa = XCRemoteSwiftPackageReference;
			repositoryURL = "https://github.com/pointfreeco/swift-identified-collections";
			requirement = {
				kind = exactVersion;
				version = 1.1.1;
			};
		};
		F21000000000000000000002 /* XCRemoteSwiftPackageReference "swift-collections" */ = {
			isa = XCRemoteSwiftPackageReference;
			repositoryURL = "https://github.com/apple/swift-collections";
			requirement = {
				kind = exactVersion;
				version = 1.3.0;
			};
		};
		F21000000000000000000003 /* XCRemoteSwiftPackageReference "swift-case-paths" */ = {
			isa = XCRemoteSwiftPackageReference;
			repositoryURL = "https://github.com/pointfreeco/swift-case-paths";
			requirement = {
				kind = exactVersion;
				version = 1.7.2;
			};
		};
		08631B7042D24536AA083429 /* XCRemoteSwiftPackageReference "swift-structured-queries" */ = {
			isa = XCRemoteSwiftPackageReference;
			repositoryURL = "https://github.com/pointfreeco/swift-structured-queries";
			requirement = {
				branch = main;
				kind = branch;
			};
		};
		6C57FBA72F02111500D85C72 /* XCRemoteSwiftPackageReference "Sparkle" */ = {
			isa = XCRemoteSwiftPackageReference;
			repositoryURL = "https://github.com/sparkle-project/Sparkle";
			requirement = {
				kind = exactVersion;
				version = 2.8.1;
			};
		};
		6C727A2B2F0DF4A10012D44A /* XCRemoteSwiftPackageReference "swift-log" */ = {
			isa = XCRemoteSwiftPackageReference;
			repositoryURL = "https://github.com/apple/swift-log";
			requirement = {
				kind = upToNextMajorVersion;
				minimumVersion = 1.8.0;
			};
		};
		6CFB7B362E9D48B40005FDF6 /* XCRemoteSwiftPackageReference "swift-composable-architecture" */ = {
			isa = XCRemoteSwiftPackageReference;
			repositoryURL = "https://github.com/pointfreeco/swift-composable-architecture";
			requirement = {
				kind = exactVersion;
				version = 1.22.3;
			};
		};
		F21000000000000000000016 /* XCRemoteSwiftPackageReference "swift-concurrency-extras" */ = {
			isa = XCRemoteSwiftPackageReference;
			repositoryURL = "https://github.com/pointfreeco/swift-concurrency-extras";
			requirement = {
				kind = exactVersion;
				version = 1.3.2;
			};
		};
		F21000000000000000000004 /* XCRemoteSwiftPackageReference "swift-dependencies" */ = {
			isa = XCRemoteSwiftPackageReference;
			repositoryURL = "https://github.com/pointfreeco/swift-dependencies";
			requirement = {
				kind = exactVersion;
				version = 1.10.0;
			};
		};
		7E17249F2EC5B91C00385F6E /* XCRemoteSwiftPackageReference "SwiftUI-Introspect" */ = {
			isa = XCRemoteSwiftPackageReference;
			repositoryURL = "https://github.com/siteline/SwiftUI-Introspect";
			requirement = {
				kind = exactVersion;
				version = 26.0.0;
			};
		};
		7E17C11F2F24CB7500F6BD2B /* XCRemoteSwiftPackageReference "sentry-cocoa" */ = {
			isa = XCRemoteSwiftPackageReference;
			repositoryURL = "https://github.com/getsentry/sentry-cocoa.git";
			requirement = {
				kind = upToNextMajorVersion;
				minimumVersion = 9.2.0;
			};
		};
		7E19746F2E8BDC0700D041D3 /* XCRemoteSwiftPackageReference "InjectionNext" */ = {
			isa = XCRemoteSwiftPackageReference;
			repositoryURL = "https://github.com/johnno1962/InjectionNext";
			requirement = {
				kind = upToNextMajorVersion;
				minimumVersion = 1.4.3;
			};
		};
		7E6AF6AB2E8BABD8005DC7D3 /* XCRemoteSwiftPackageReference "Inject" */ = {
			isa = XCRemoteSwiftPackageReference;
			repositoryURL = "https://github.com/krzysztofzablocki/Inject.git";
			requirement = {
				kind = upToNextMajorVersion;
				minimumVersion = 1.5.2;
			};
		};
		7E9D64932E8CDDC8006CB69F /* XCRemoteSwiftPackageReference "swift-dotenv" */ = {
			isa = XCRemoteSwiftPackageReference;
			repositoryURL = "https://github.com/thebarndog/swift-dotenv";
			requirement = {
				kind = exactVersion;
				version = 2.1.0;
			};
		};
		F21000000000000000000005 /* XCRemoteSwiftPackageReference "swift-clocks" */ = {
			isa = XCRemoteSwiftPackageReference;
			repositoryURL = "https://github.com/pointfreeco/swift-clocks";
			requirement = {
				kind = exactVersion;
				version = 1.0.6;
			};
		};
		/* End XCRemoteSwiftPackageReference section */

/* Begin XCSwiftPackageProductDependency section */
		F21000000000000000000011 /* IdentifiedCollections */ = {
			isa = XCSwiftPackageProductDependency;
			package = F21000000000000000000001 /* XCRemoteSwiftPackageReference "swift-identified-collections" */;
			productName = IdentifiedCollections;
		};
		F21000000000000000000012 /* OrderedCollections */ = {
			isa = XCSwiftPackageProductDependency;
			package = F21000000000000000000002 /* XCRemoteSwiftPackageReference "swift-collections" */;
			productName = OrderedCollections;
		};
		F21000000000000000000013 /* CasePaths */ = {
			isa = XCSwiftPackageProductDependency;
			package = F21000000000000000000003 /* XCRemoteSwiftPackageReference "swift-case-paths" */;
			productName = CasePaths;
		};
		F21000000000000000000017 /* ConcurrencyExtras */ = {
			isa = XCSwiftPackageProductDependency;
			package = F21000000000000000000016 /* XCRemoteSwiftPackageReference "swift-concurrency-extras" */;
			productName = ConcurrencyExtras;
		};
		F21000000000000000000014 /* Dependencies */ = {
			isa = XCSwiftPackageProductDependency;
			package = F21000000000000000000004 /* XCRemoteSwiftPackageReference "swift-dependencies" */;
			productName = Dependencies;
		};
		F21000000000000000000015 /* Clocks */ = {
			isa = XCSwiftPackageProductDependency;
			package = F21000000000000000000005 /* XCRemoteSwiftPackageReference "swift-clocks" */;
			productName = Clocks;
		};
		319E52B31FBB4D8FA03D33B9 /* StructuredQueries */ = {
			isa = XCSwiftPackageProductDependency;
			package = 08631B7042D24536AA083429 /* XCRemoteSwiftPackageReference "swift-structured-queries" */;
			productName = StructuredQueries;
		};
		6C57FBA82F02111500D85C72 /* Sparkle */ = {
			isa = XCSwiftPackageProductDependency;
			package = 6C57FBA72F02111500D85C72 /* XCRemoteSwiftPackageReference "Sparkle" */;
			productName = Sparkle;
		};
		6C727A2C2F0DF4A10012D44A /* Logging */ = {
			isa = XCSwiftPackageProductDependency;
			package = 6C727A2B2F0DF4A10012D44A /* XCRemoteSwiftPackageReference "swift-log" */;
			productName = Logging;
		};
		6C727A2E2F0DF4AA0012D44A /* Logging */ = {
			isa = XCSwiftPackageProductDependency;
			package = 6C727A2B2F0DF4A10012D44A /* XCRemoteSwiftPackageReference "swift-log" */;
			productName = Logging;
		};
		6CFB7B372E9D48B40005FDF6 /* ComposableArchitecture */ = {
			isa = XCSwiftPackageProductDependency;
			package = 6CFB7B362E9D48B40005FDF6 /* XCRemoteSwiftPackageReference "swift-composable-architecture" */;
			productName = ComposableArchitecture;
		};
		7E1724A02EC5BA6600385F6E /* SwiftUIIntrospect */ = {
			isa = XCSwiftPackageProductDependency;
			package = 7E17249F2EC5B91C00385F6E /* XCRemoteSwiftPackageReference "SwiftUI-Introspect" */;
			productName = SwiftUIIntrospect;
		};
		7E17C1202F24CB7500F6BD2B /* Sentry */ = {
			isa = XCSwiftPackageProductDependency;
			package = 7E17C11F2F24CB7500F6BD2B /* XCRemoteSwiftPackageReference "sentry-cocoa" */;
			productName = Sentry;
		};
		7E1974702E8BDC0700D041D3 /* InjectionNext */ = {
			isa = XCSwiftPackageProductDependency;
			package = 7E19746F2E8BDC0700D041D3 /* XCRemoteSwiftPackageReference "InjectionNext" */;
			productName = InjectionNext;
		};
		7E6AF6AC2E8BABD8005DC7D3 /* Inject */ = {
			isa = XCSwiftPackageProductDependency;
			package = 7E6AF6AB2E8BABD8005DC7D3 /* XCRemoteSwiftPackageReference "Inject" */;
			productName = Inject;
		};
		7E9D64942E8CDDC8006CB69F /* SwiftDotenv */ = {
			isa = XCSwiftPackageProductDependency;
			package = 7E9D64932E8CDDC8006CB69F /* XCRemoteSwiftPackageReference "swift-dotenv" */;
			productName = SwiftDotenv;
		};
		7EEC64502E8CE684004ACEA5 /* SwiftDotenv */ = {
			isa = XCSwiftPackageProductDependency;
			package = 7E9D64932E8CDDC8006CB69F /* XCRemoteSwiftPackageReference "swift-dotenv" */;
			productName = SwiftDotenv;
		};
		7EEC64522E8CE6E3004ACEA5 /* InjectionNext */ = {
			isa = XCSwiftPackageProductDependency;
			package = 7E19746F2E8BDC0700D041D3 /* XCRemoteSwiftPackageReference "InjectionNext" */;
			productName = InjectionNext;
		};
		F20000000000000000000011 /* VoyagerPagesOnboarding */ = {
			isa = XCSwiftPackageProductDependency;
			package = F20000000000000000000001 /* XCLocalSwiftPackageReference "02_Pages/Onboarding" */;
			productName = VoyagerPagesOnboarding;
		};
		F20000000000000000000012 /* VoyagerPagesSettings */ = {
			isa = XCSwiftPackageProductDependency;
			package = F20000000000000000000002 /* XCLocalSwiftPackageReference "02_Pages/Settings" */;
			productName = VoyagerPagesSettings;
		};
		F20000000000000000000013 /* VoyagerShared */ = {
			isa = XCSwiftPackageProductDependency;
			package = F20000000000000000000004 /* XCLocalSwiftPackageReference "06_Shared/VoyagerShared" */;
			productName = VoyagerShared;
		};
		F20000000000000000000047 /* VoyagerEntitiesAi */ = {
			isa = XCSwiftPackageProductDependency;
			package = F20000000000000000000046 /* XCLocalSwiftPackageReference "05_Entities/Ai" */;
			productName = VoyagerEntitiesAi;
		};
		F20000000000000000000014 /* VoyagerFeaturesEntryOperations */ = {
			isa = XCSwiftPackageProductDependency;
			package = F20000000000000000000003 /* XCLocalSwiftPackageReference "04_Features/EntryOperations" */;
			productName = VoyagerFeaturesEntryOperations;
		};
		F20000000000000000000015 /* VoyagerEntitiesAppPreferences */ = {
			isa = XCSwiftPackageProductDependency;
			package = F20000000000000000000005 /* XCLocalSwiftPackageReference "05_Entities/AppPreferences" */;
			productName = VoyagerEntitiesAppPreferences;
		};
		F20000000000000000000016 /* VoyagerEntitiesTag */ = {
			isa = XCSwiftPackageProductDependency;
			package = F20000000000000000000006 /* XCLocalSwiftPackageReference "05_Entities/Tag" */;
			productName = VoyagerEntitiesTag;
		};
		F20000000000000000000017 /* VoyagerEntitiesCollection */ = {
			isa = XCSwiftPackageProductDependency;
			package = F20000000000000000000007 /* XCLocalSwiftPackageReference "05_Entities/Collection" */;
			productName = VoyagerEntitiesCollection;
		};
		F20000000000000000000018 /* VoyagerFeaturesEntryArrangements */ = {
			isa = XCSwiftPackageProductDependency;
			package = F20000000000000000000008 /* XCLocalSwiftPackageReference "04_Features/EntryArrangements" */;
			productName = VoyagerFeaturesEntryArrangements;
		};
		F20000000000000000000019 /* VoyagerFeaturesEntryThumbnail */ = {
			isa = XCSwiftPackageProductDependency;
			package = F20000000000000000000009 /* XCLocalSwiftPackageReference "04_Features/EntryThumbnail" */;
			productName = VoyagerFeaturesEntryThumbnail;
		};
		F2000000000000000000001B /* VoyagerFeaturesContentPageNavigation */ = {
			isa = XCSwiftPackageProductDependency;
			package = F2000000000000000000000B /* XCLocalSwiftPackageReference "04_Features/ContentPageNavigation" */;
			productName = VoyagerFeaturesContentPageNavigation;
		};
		F2000000000000000000001A /* VoyagerEntitiesEntry */ = {
			isa = XCSwiftPackageProductDependency;
			package = F2000000000000000000000A /* XCLocalSwiftPackageReference "05_Entities/Entry" */;
			productName = VoyagerEntitiesEntry;
		};
		F2000000000000000000001C /* VoyagerFeaturesUpdateVersion */ = {
			isa = XCSwiftPackageProductDependency;
			package = F2000000000000000000000C /* XCLocalSwiftPackageReference "04_Features/UpdateVersion" */;
			productName = VoyagerFeaturesUpdateVersion;
		};
		F2000000000000000000001D /* VoyagerFeaturesComposer */ = {
			isa = XCSwiftPackageProductDependency;
			package = F2000000000000000000000D /* XCLocalSwiftPackageReference "04_Features/Composer" */;
			productName = VoyagerFeaturesComposer;
		};
		F2000000000000000000001E /* VoyagerPagesFileManager */ = {
			isa = XCSwiftPackageProductDependency;
			package = F2000000000000000000000E /* XCLocalSwiftPackageReference "02_Pages/FileManager" */;
			productName = VoyagerPagesFileManager;
		};
		F2000000000000000000001F /* VoyagerWidgetsEntryViewLayout */ = {
			isa = XCSwiftPackageProductDependency;
			package = F2000000000000000000000F /* XCLocalSwiftPackageReference "03_Widgets/EntryViewLayout" */;
			productName = VoyagerWidgetsEntryViewLayout;
		};
		F20000000000000000000051 /* VoyagerFeaturesAiChat */ = {
			isa = XCSwiftPackageProductDependency;
			package = F20000000000000000000050 /* XCLocalSwiftPackageReference "04_Features/AiChat" */;
			productName = VoyagerFeaturesAiChat;
		};
		/* End XCSwiftPackageProductDependency section */
	};
	rootObject = 7E14EDC42E86622C005AC834 /* Project object */;
}
