// !$*UTF8*$!
{
	archiveVersion = 1;
	classes = {
	};
	objectVersion = 77;
	objects = {

/* Begin PBXBuildFile section */
		6C57FBA92F02111500D85C72 /* Sparkle in Frameworks */ = {isa = PBXBuildFile; productRef = 6C57FBA82F02111500D85C72 /* Sparkle */; };
		6C727A2D2F0DF4A10012D44A /* Logging in Frameworks */ = {isa = PBXBuildFile; productRef = 6C727A2C2F0DF4A10012D44A /* Logging */; };
		6C727A2F2F0DF4AA0012D44A /* Logging in Frameworks */ = {isa = PBXBuildFile; productRef = 6C727A2E2F0DF4AA0012D44A /* Logging */; };
		6CFB7B382E9D48B40005FDF6 /* ComposableArchitecture in Frameworks */ = {isa = PBXBuildFile; productRef = 6CFB7B372E9D48B40005FDF6 /* ComposableArchitecture */; };
		7E1724A12EC5BA6600385F6E /* SwiftUIIntrospect in Frameworks */ = {isa = PBXBuildFile; productRef = 7E1724A02EC5BA6600385F6E /* SwiftUIIntrospect */; };
		7E1974712E8BDC0700D041D3 /* InjectionNext in Frameworks */ = {isa = PBXBuildFile; productRef = 7E1974702E8BDC0700D041D3 /* InjectionNext */; };
		7E6AF6AD2E8BABD8005DC7D3 /* Inject in Frameworks */ = {isa = PBXBuildFile; productRef = 7E6AF6AC2E8BABD8005DC7D3 /* Inject */; };
		7E8B3C4F2F1A2B3C400D9E8F2 /* GRDB in Frameworks */ = {isa = PBXBuildFile; productRef = 7E8B3C4E2F1A2B3C400D9E8F1 /* GRDB */; };
		7E8B3C502F1A2B3C400D9E8F3 /* GRDB in Frameworks */ = {isa = PBXBuildFile; productRef = 7E8B3C4E2F1A2B3C400D9E8F1 /* GRDB */; };
		7E9D64952E8CDDC8006CB69F /* SwiftDotenv in Frameworks */ = {isa = PBXBuildFile; productRef = 7E9D64942E8CDDC8006CB69F /* SwiftDotenv */; };
		7EEC64512E8CE684004ACEA5 /* SwiftDotenv in Frameworks */ = {isa = PBXBuildFile; productRef = 7EEC64502E8CE684004ACEA5 /* SwiftDotenv */; };
		7EEC64532E8CE6E3004ACEA5 /* InjectionNext in Frameworks */ = {isa = PBXBuildFile; productRef = 7EEC64522E8CE6E3004ACEA5 /* InjectionNext */; };
		AF0F1E7B33B24D4A00A1F123 /* VoyagerHelper.app in Copy Helper into App */ = {isa = PBXBuildFile; fileRef = 7E14EE232E866E82005AC834 /* VoyagerHelper.app */; settings = {ATTRIBUTES = (CodeSignOnCopy, ); }; };
/* End PBXBuildFile section */

/* Begin PBXContainerItemProxy section */
		7E14EDDC2E86622E005AC834 /* PBXContainerItemProxy */ = {
			isa = PBXContainerItemProxy;
			containerPortal = 7E14EDC42E86622C005AC834 /* Project object */;
			proxyType = 1;
			remoteGlobalIDString = 7E14EDCB2E86622C005AC834;
			remoteInfo = voyager;
		};
		7E14EDE62E86622E005AC834 /* PBXContainerItemProxy */ = {
			isa = PBXContainerItemProxy;
			containerPortal = 7E14EDC42E86622C005AC834 /* Project object */;
			proxyType = 1;
			remoteGlobalIDString = 7E14EDCB2E86622C005AC834;
			remoteInfo = voyager;
		};
		7E14EE302E866E85005AC834 /* PBXContainerItemProxy */ = {
			isa = PBXContainerItemProxy;
			containerPortal = 7E14EDC42E86622C005AC834 /* Project object */;
			proxyType = 1;
			remoteGlobalIDString = 7E14EE222E866E82005AC834;
			remoteInfo = VoyagerHelper;
		};
		AF0F1E7C33B2530900A1F123 /* PBXContainerItemProxy */ = {
			isa = PBXContainerItemProxy;
			containerPortal = 7E14EDC42E86622C005AC834 /* Project object */;
			proxyType = 1;
			remoteGlobalIDString = 7E14EE222E866E82005AC834;
			remoteInfo = VoyagerHelper;
		};
/* End PBXContainerItemProxy section */

/* Begin PBXCopyFilesBuildPhase section */
		AF0F1E7A33B24D3000A1F123 /* Copy Helper into App */ = {
			isa = PBXCopyFilesBuildPhase;
			buildActionMask = 2147483647;
			dstPath = Contents/Helpers;
			dstSubfolderSpec = 1;
			files = (
				AF0F1E7B33B24D4A00A1F123 /* VoyagerHelper.app in Copy Helper into App */,
			);
			name = "Copy Helper into App";
			runOnlyForDeploymentPostprocessing = 0;
		};
/* End PBXCopyFilesBuildPhase section */

/* Begin PBXFileReference section */
		7E14EDCC2E86622C005AC834 /* Voyager.app */ = {isa = PBXFileReference; explicitFileType = wrapper.application; includeInIndex = 0; path = Voyager.app; sourceTree = BUILT_PRODUCTS_DIR; };
		7E14EDDB2E86622E005AC834 /* VoyagerTests.xctest */ = {isa = PBXFileReference; explicitFileType = wrapper.cfbundle; includeInIndex = 0; path = VoyagerTests.xctest; sourceTree = BUILT_PRODUCTS_DIR; };
		7E14EDE52E86622E005AC834 /* VoyagerUITests.xctest */ = {isa = PBXFileReference; explicitFileType = wrapper.cfbundle; includeInIndex = 0; path = VoyagerUITests.xctest; sourceTree = BUILT_PRODUCTS_DIR; };
		7E14EE232E866E82005AC834 /* VoyagerHelper.app */ = {isa = PBXFileReference; explicitFileType = wrapper.application; includeInIndex = 0; path = VoyagerHelper.app; sourceTree = BUILT_PRODUCTS_DIR; };
		7E14EE2F2E866E85005AC834 /* VoyagerHelperTests.xctest */ = {isa = PBXFileReference; explicitFileType = wrapper.cfbundle; includeInIndex = 0; path = VoyagerHelperTests.xctest; sourceTree = BUILT_PRODUCTS_DIR; };
/* End PBXFileReference section */

/* Begin PBXFileSystemSynchronizedRootGroup section */
		24DD04D6008045F2B081D402 /* Shared */ = {
			isa = PBXFileSystemSynchronizedRootGroup;
			path = Shared;
			sourceTree = "<group>";
		};
		7E14EDCE2E86622C005AC834 /* Voyager */ = {
			isa = PBXFileSystemSynchronizedRootGroup;
			path = Voyager;
			sourceTree = "<group>";
		};
		7E14EDDE2E86622E005AC834 /* VoyagerTests */ = {
			isa = PBXFileSystemSynchronizedRootGroup;
			path = VoyagerTests;
			sourceTree = "<group>";
		};
		7E14EDE82E86622E005AC834 /* VoyagerUITests */ = {
			isa = PBXFileSystemSynchronizedRootGroup;
			path = VoyagerUITests;
			sourceTree = "<group>";
		};
		7E14EE242E866E82005AC834 /* VoyagerHelper */ = {
			isa = PBXFileSystemSynchronizedRootGroup;
			path = VoyagerHelper;
			sourceTree = "<group>";
		};
		7E14EE322E866E85005AC834 /* VoyagerHelperTests */ = {
			isa = PBXFileSystemSynchronizedRootGroup;
			path = VoyagerHelperTests;
			sourceTree = "<group>";
		};
/* End PBXFileSystemSynchronizedRootGroup section */

/* Begin PBXFrameworksBuildPhase section */
		7E14EDC92E86622C005AC834 /* Frameworks */ = {
			isa = PBXFrameworksBuildPhase;
			buildActionMask = 2147483647;
			files = (
				7E6AF6AD2E8BABD8005DC7D3 /* Inject in Frameworks */,
				7EEC64512E8CE684004ACEA5 /* SwiftDotenv in Frameworks */,
				6C727A2D2F0DF4A10012D44A /* Logging in Frameworks */,
				6CFB7B382E9D48B40005FDF6 /* ComposableArchitecture in Frameworks */,
				6C57FBA92F02111500D85C72 /* Sparkle in Frameworks */,
				7E1724A12EC5BA6600385F6E /* SwiftUIIntrospect in Frameworks */,
				7E1974712E8BDC0700D041D3 /* InjectionNext in Frameworks */,
			);
			runOnlyForDeploymentPostprocessing = 0;
		};
		7E14EDD82E86622E005AC834 /* Frameworks */ = {
			isa = PBXFrameworksBuildPhase;
			buildActionMask = 2147483647;
			files = (
			);
			runOnlyForDeploymentPostprocessing = 0;
		};
		7E14EDE22E86622E005AC834 /* Frameworks */ = {
			isa = PBXFrameworksBuildPhase;
			buildActionMask = 2147483647;
			files = (
			);
			runOnlyForDeploymentPostprocessing = 0;
		};
		7E14EE202E866E82005AC834 /* Frameworks */ = {
			isa = PBXFrameworksBuildPhase;
			buildActionMask = 2147483647;
			files = (
				6C727A2F2F0DF4AA0012D44A /* Logging in Frameworks */,
				7E9D64952E8CDDC8006CB69F /* SwiftDotenv in Frameworks */,
				7EEC64532E8CE6E3004ACEA5 /* InjectionNext in Frameworks */,
				7E8B3C4F2F1A2B3C400D9E8F2 /* GRDB in Frameworks */,
			);
			runOnlyForDeploymentPostprocessing = 0;
		};
		7E14EE2C2E866E85005AC834 /* Frameworks */ = {
			isa = PBXFrameworksBuildPhase;
			buildActionMask = 2147483647;
			files = (
				7E8B3C502F1A2B3C400D9E8F3 /* GRDB in Frameworks */,
			);
			runOnlyForDeploymentPostprocessing = 0;
		};
/* End PBXFrameworksBuildPhase section */

/* Begin PBXGroup section */
		7E14EDC32E86622C005AC834 = {
			isa = PBXGroup;
			children = (
				7E14EDCE2E86622C005AC834 /* Voyager */,
				24DD04D6008045F2B081D402 /* Shared */,
				7E14EDDE2E86622E005AC834 /* VoyagerTests */,
				7E14EDE82E86622E005AC834 /* VoyagerUITests */,
				7E14EE242E866E82005AC834 /* VoyagerHelper */,
				7E14EE322E866E85005AC834 /* VoyagerHelperTests */,
				7E14EDCD2E86622C005AC834 /* Products */,
			);
			sourceTree = "<group>";
		};
		7E14EDCD2E86622C005AC834 /* Products */ = {
			isa = PBXGroup;
			children = (
				7E14EDCC2E86622C005AC834 /* Voyager.app */,
				7E14EDDB2E86622E005AC834 /* VoyagerTests.xctest */,
				7E14EDE52E86622E005AC834 /* VoyagerUITests.xctest */,
				7E14EE232E866E82005AC834 /* VoyagerHelper.app */,
				7E14EE2F2E866E85005AC834 /* VoyagerHelperTests.xctest */,
			);
			name = Products;
			sourceTree = "<group>";
		};
/* End PBXGroup section */

/* Begin PBXNativeTarget section */
		7E14EDCB2E86622C005AC834 /* Voyager */ = {
			isa = PBXNativeTarget;
			buildConfigurationList = 7E14EDEF2E86622E005AC834 /* Build configuration list for PBXNativeTarget "Voyager" */;
			buildPhases = (
				7E14EDC82E86622C005AC834 /* Sources */,
				7E6AF6B12E8BB003005DC7D3 /* Run Lint and Format */,
				7E14EDC92E86622C005AC834 /* Frameworks */,
				7E14EDCA2E86622C005AC834 /* Resources */,
				AFB0BEF033B7C0F100A1F901 /* Copy Bundled Env */,
				AF0F1E7A33B24D3000A1F123 /* Copy Helper into App */,
			);
			buildRules = (
			);
			dependencies = (
				AF0F1E7D33B2530900A1F123 /* PBXTargetDependency */,
			);
			fileSystemSynchronizedGroups = (
				24DD04D6008045F2B081D402 /* Shared */,
				7E14EDCE2E86622C005AC834 /* Voyager */,
			);
			name = Voyager;
			packageProductDependencies = (
				7E6AF6AC2E8BABD8005DC7D3 /* Inject */,
				7E1974702E8BDC0700D041D3 /* InjectionNext */,
				7EEC64502E8CE684004ACEA5 /* SwiftDotenv */,
				6CFB7B372E9D48B40005FDF6 /* ComposableArchitecture */,
				7E1724A02EC5BA6600385F6E /* SwiftUIIntrospect */,
				6C57FBA82F02111500D85C72 /* Sparkle */,
				6C727A2C2F0DF4A10012D44A /* Logging */,
			);
			productName = Voyager;
			productReference = 7E14EDCC2E86622C005AC834 /* Voyager.app */;
			productType = "com.apple.product-type.application";
		};
		7E14EDDA2E86622E005AC834 /* VoyagerTests */ = {
			isa = PBXNativeTarget;
			buildConfigurationList = 7E14EDF22E86622E005AC834 /* Build configuration list for PBXNativeTarget "VoyagerTests" */;
			buildPhases = (
				7E14EDD72E86622E005AC834 /* Sources */,
				7E14EDD82E86622E005AC834 /* Frameworks */,
				7E14EDD92E86622E005AC834 /* Resources */,
			);
			buildRules = (
			);
			dependencies = (
				7E14EDDD2E86622E005AC834 /* PBXTargetDependency */,
			);
			fileSystemSynchronizedGroups = (
				7E14EDDE2E86622E005AC834 /* VoyagerTests */,
			);
			name = VoyagerTests;
			packageProductDependencies = (
			);
			productName = VoyagerTests;
			productReference = 7E14EDDB2E86622E005AC834 /* VoyagerTests.xctest */;
			productType = "com.apple.product-type.bundle.unit-test";
		};
		7E14EDE42E86622E005AC834 /* VoyagerUITests */ = {
			isa = PBXNativeTarget;
			buildConfigurationList = 7E14EDF52E86622E005AC834 /* Build configuration list for PBXNativeTarget "VoyagerUITests" */;
			buildPhases = (
				7E14EDE12E86622E005AC834 /* Sources */,
				7E14EDE22E86622E005AC834 /* Frameworks */,
				7E14EDE32E86622E005AC834 /* Resources */,
			);
			buildRules = (
			);
			dependencies = (
				7E14EDE72E86622E005AC834 /* PBXTargetDependency */,
			);
			fileSystemSynchronizedGroups = (
				7E14EDE82E86622E005AC834 /* VoyagerUITests */,
			);
			name = VoyagerUITests;
			packageProductDependencies = (
			);
			productName = VoyagerUITests;
			productReference = 7E14EDE52E86622E005AC834 /* VoyagerUITests.xctest */;
			productType = "com.apple.product-type.bundle.ui-testing";
		};
		7E14EE222E866E82005AC834 /* VoyagerHelper */ = {
			isa = PBXNativeTarget;
			buildConfigurationList = 7E14EE412E866E86005AC834 /* Build configuration list for PBXNativeTarget "VoyagerHelper" */;
			buildPhases = (
				7E14EE1F2E866E82005AC834 /* Sources */,
				7EC6B03F2E8CE43B00379B56 /* Run Lint and Format */,
				7E14EE202E866E82005AC834 /* Frameworks */,
				7E14EE212E866E82005AC834 /* Resources */,
				AFB0BEEF33B27A4C00A1F900 /* Build Backend Binary */,
			);
			buildRules = (
			);
			dependencies = (
			);
			fileSystemSynchronizedGroups = (
				24DD04D6008045F2B081D402 /* Shared */,
				7E14EE242E866E82005AC834 /* VoyagerHelper */,
			);
			name = VoyagerHelper;
			packageProductDependencies = (
				7E9D64942E8CDDC8006CB69F /* SwiftDotenv */,
				7EEC64522E8CE6E3004ACEA5 /* InjectionNext */,
				6C727A2E2F0DF4AA0012D44A /* Logging */,
				7E8B3C4E2F1A2B3C400D9E8F1 /* GRDB */,
			);
			productName = VoyagerHelper;
			productReference = 7E14EE232E866E82005AC834 /* VoyagerHelper.app */;
			productType = "com.apple.product-type.application";
		};
		7E14EE2E2E866E85005AC834 /* VoyagerHelperTests */ = {
			isa = PBXNativeTarget;
			buildConfigurationList = 7E14EE442E866E86005AC834 /* Build configuration list for PBXNativeTarget "VoyagerHelperTests" */;
			buildPhases = (
				7E14EE2B2E866E85005AC834 /* Sources */,
				7E14EE2C2E866E85005AC834 /* Frameworks */,
				7E14EE2D2E866E85005AC834 /* Resources */,
			);
			buildRules = (
			);
			dependencies = (
				7E14EE312E866E85005AC834 /* PBXTargetDependency */,
			);
			fileSystemSynchronizedGroups = (
				7E14EE322E866E85005AC834 /* VoyagerHelperTests */,
			);
			name = VoyagerHelperTests;
			packageProductDependencies = (
				7E8B3C4E2F1A2B3C400D9E8F1 /* GRDB */,
			);
			productName = VoyagerHelperTests;
			productReference = 7E14EE2F2E866E85005AC834 /* VoyagerHelperTests.xctest */;
			productType = "com.apple.product-type.bundle.unit-test";
		};
/* End PBXNativeTarget section */

/* Begin PBXProject section */
		7E14EDC42E86622C005AC834 /* Project object */ = {
			isa = PBXProject;
			attributes = {
				BuildIndependentTargetsInParallel = 1;
				LastSwiftUpdateCheck = 2600;
				LastUpgradeCheck = 2610;
				TargetAttributes = {
					7E14EDCB2E86622C005AC834 = {
						CreatedOnToolsVersion = 26.0.1;
					};
					7E14EDDA2E86622E005AC834 = {
						CreatedOnToolsVersion = 26.0.1;
						TestTargetID = 7E14EDCB2E86622C005AC834;
					};
					7E14EDE42E86622E005AC834 = {
						CreatedOnToolsVersion = 26.0.1;
						TestTargetID = 7E14EDCB2E86622C005AC834;
					};
					7E14EE222E866E82005AC834 = {
						CreatedOnToolsVersion = 26.0.1;
					};
					7E14EE2E2E866E85005AC834 = {
						CreatedOnToolsVersion = 26.0.1;
						TestTargetID = 7E14EE222E866E82005AC834;
					};
				};
			};
			buildConfigurationList = 7E14EDC72E86622C005AC834 /* Build configuration list for PBXProject "Voyager" */;
			developmentRegion = en;
			hasScannedForEncodings = 0;
			knownRegions = (
				en,
				Base,
			);
			mainGroup = 7E14EDC32E86622C005AC834;
			minimizedProjectReferenceProxies = 1;
			packageReferences = (
				7E6AF6AB2E8BABD8005DC7D3 /* XCRemoteSwiftPackageReference "Inject" */,
				7E19746F2E8BDC0700D041D3 /* XCRemoteSwiftPackageReference "InjectionNext" */,
				7E9D64932E8CDDC8006CB69F /* XCRemoteSwiftPackageReference "swift-dotenv" */,
				6CFB7B362E9D48B40005FDF6 /* XCRemoteSwiftPackageReference "swift-composable-architecture" */,
				7E17249F2EC5B91C00385F6E /* XCRemoteSwiftPackageReference "SwiftUI-Introspect" */,
				6C57FBA72F02111500D85C72 /* XCRemoteSwiftPackageReference "Sparkle" */,
				6C727A2B2F0DF4A10012D44A /* XCRemoteSwiftPackageReference "swift-log" */,
				7E8B3C4D2F1A2B3C400D9E8F0 /* XCRemoteSwiftPackageReference "GRDB" */,
			);
			preferredProjectObjectVersion = 77;
			productRefGroup = 7E14EDCD2E86622C005AC834 /* Products */;
			projectDirPath = "";
			projectRoot = "";
			targets = (
				7E14EDCB2E86622C005AC834 /* Voyager */,
				7E14EDDA2E86622E005AC834 /* VoyagerTests */,
				7E14EDE42E86622E005AC834 /* VoyagerUITests */,
				7E14EE222E866E82005AC834 /* VoyagerHelper */,
				7E14EE2E2E866E85005AC834 /* VoyagerHelperTests */,
			);
		};
/* End PBXProject section */

/* Begin PBXResourcesBuildPhase section */
		7E14EDCA2E86622C005AC834 /* Resources */ = {
			isa = PBXResourcesBuildPhase;
			buildActionMask = 2147483647;
			files = (
			);
			runOnlyForDeploymentPostprocessing = 0;
		};
		7E14EDD92E86622E005AC834 /* Resources */ = {
			isa = PBXResourcesBuildPhase;
			buildActionMask = 2147483647;
			files = (
			);
			runOnlyForDeploymentPostprocessing = 0;
		};
		7E14EDE32E86622E005AC834 /* Resources */ = {
			isa = PBXResourcesBuildPhase;
			buildActionMask = 2147483647;
			files = (
			);
			runOnlyForDeploymentPostprocessing = 0;
		};
		7E14EE212E866E82005AC834 /* Resources */ = {
			isa = PBXResourcesBuildPhase;
			buildActionMask = 2147483647;
			files = (
			);
			runOnlyForDeploymentPostprocessing = 0;
		};
		7E14EE2D2E866E85005AC834 /* Resources */ = {
			isa = PBXResourcesBuildPhase;
			buildActionMask = 2147483647;
			files = (
			);
			runOnlyForDeploymentPostprocessing = 0;
		};
/* End PBXResourcesBuildPhase section */

/* Begin PBXShellScriptBuildPhase section */
		7E6AF6B12E8BB003005DC7D3 /* Run Lint and Format */ = {
			isa = PBXShellScriptBuildPhase;
			buildActionMask = 2147483647;
			files = (
			);
			inputFileListPaths = (
			);
			inputPaths = (
			);
			name = "Run Lint and Format";
			outputFileListPaths = (
			);
			outputPaths = (
			);
			runOnlyForDeploymentPostprocessing = 0;
			shellPath = /bin/sh;
			shellScript = "#!/bin/bash\nset -euo pipefail\n\nROOT=\"$SRCROOT\"\n\necho \"================================\"\necho \"🔍 SwiftLint: using system installation...\"\necho \"================================\"\n\n# 시스템에 설치된 SwiftLint 사용\nif command -v swiftlint >/dev/null 2>&1; then\n  echo \"✓ Running SwiftLint at: $(which swiftlint)\"\n  swiftlint --config \"$ROOT/.swiftlint.yml\" --reporter xcode\n  echo \"✓ SwiftLint completed\"\nelse\n  echo \"⚠️ SwiftLint not found in PATH\"\nfi\n\necho \"================================\"\necho \"🔧 SwiftFormat: using system installation...\"\necho \"================================\"\n\n# 시스템에 설치된 SwiftFormat 사용\nif command -v swiftformat >/dev/null 2>&1; then\n  echo \"✓ Running SwiftFormat at: $(which swiftformat)\"\n  swiftformat --config \"$ROOT/.swiftformat\" \"$ROOT\" --verbose || true\n  echo \"✓ SwiftFormat completed\"\nelse\n  echo \"⚠️ SwiftFormat not found in PATH\"\nfi\n\necho \"================================\"\n";
		};
		7EC6B03F2E8CE43B00379B56 /* Run Lint and Format */ = {
			isa = PBXShellScriptBuildPhase;
			buildActionMask = 2147483647;
			files = (
			);
			inputFileListPaths = (
			);
			inputPaths = (
			);
			name = "Run Lint and Format";
			outputFileListPaths = (
			);
			outputPaths = (
			);
			runOnlyForDeploymentPostprocessing = 0;
			shellPath = /bin/sh;
			shellScript = "#!/bin/bash\nset -euo pipefail\n\nROOT=\"$SRCROOT\"\n\necho \"================================\"\necho \"🔍 SwiftLint: using system installation...\"\necho \"================================\"\n\n# 시스템에 설치된 SwiftLint 사용\nif command -v swiftlint >/dev/null 2>&1; then\n  echo \"✓ Running SwiftLint at: $(which swiftlint)\"\n  swiftlint --config \"$ROOT/.swiftlint.yml\" --reporter xcode\n  echo \"✓ SwiftLint completed\"\nelse\n  echo \"⚠️ SwiftLint not found in PATH\"\nfi\n\necho \"================================\"\necho \"🔧 SwiftFormat: using system installation...\"\necho \"================================\"\n\n# 시스템에 설치된 SwiftFormat 사용\nif command -v swiftformat >/dev/null 2>&1; then\n  echo \"✓ Running SwiftFormat at: $(which swiftformat)\"\n  swiftformat --config \"$ROOT/.swiftformat\" \"$ROOT\" --verbose || true\n  echo \"✓ SwiftFormat completed\"\nelse\n  echo \"⚠️ SwiftFormat not found in PATH\"\nfi\n\necho \"================================\"\n";
		};
		AFB0BEEF33B27A4C00A1F900 /* Build Backend Binary */ = {
			isa = PBXShellScriptBuildPhase;
			alwaysOutOfDate = 1;
			buildActionMask = 2147483647;
			files = (
			);
			inputFileListPaths = (
			);
			inputPaths = (
				"$SRCROOT/../../../scripts/build/build-backend-binary.sh",
			);
			name = "Build Backend Binary";
			outputFileListPaths = (
			);
			outputPaths = (
			);
			runOnlyForDeploymentPostprocessing = 0;
			shellPath = /bin/sh;
			shellScript = "set -euo pipefail\nREPO_ROOT=\"$(cd \"$SRCROOT/../../..\" && pwd)\"\nSCRIPT=\"${REPO_ROOT}/scripts/build/build-backend-binary.sh\"\nif [ ! -x \"${SCRIPT}\" ]; then\n  echo \"[VoyagerHelper] build-backend-binary.sh not found or not executable: ${SCRIPT}\" >&2\n  exit 1\nfi\nPATH=\"/opt/homebrew/bin:/usr/local/bin:/usr/bin:/bin:/sbin:$PATH\"\nexport PATH\necho \"[VoyagerHelper] Build Backend Binary Phase Start\" >&2\n\"${SCRIPT}\" 2>&1\necho \"[VoyagerHelper] Build Backend Binary Phase Complete\" >&2\n";
		};
		AFB0BEF033B7C0F100A1F901 /* Copy Bundled Env */ = {
			isa = PBXShellScriptBuildPhase;
			alwaysOutOfDate = 1;
			buildActionMask = 2147483647;
			files = (
			);
			inputFileListPaths = (
			);
			inputPaths = (
			);
			name = "Copy Bundled Env";
			outputFileListPaths = (
			);
			outputPaths = (
				"$(TARGET_BUILD_DIR)/$(UNLOCALIZED_RESOURCES_FOLDER_PATH)/.env.bundled",
				"$(TARGET_BUILD_DIR)/$(UNLOCALIZED_RESOURCES_FOLDER_PATH)/.env.prod",
			);
			runOnlyForDeploymentPostprocessing = 0;
			shellPath = /bin/sh;
			shellScript = "set -euo pipefail\nREPO_ROOT=\"$(cd \"$SRCROOT/../../..\" && pwd)\"\nSCRIPT=\"${REPO_ROOT}/scripts/build/copy-bundled-env-files.sh\"\nif [ ! -x \"${SCRIPT}\" ]; then\n  echo \"[Voyager] copy-bundled-env-files.sh not found: ${SCRIPT}\" >&2\n  exit 1\nfi\n\"${SCRIPT}\"\n";
		};
/* End PBXShellScriptBuildPhase section */

/* Begin PBXSourcesBuildPhase section */
		7E14EDC82E86622C005AC834 /* Sources */ = {
			isa = PBXSourcesBuildPhase;
			buildActionMask = 2147483647;
			files = (
			);
			runOnlyForDeploymentPostprocessing = 0;
		};
		7E14EDD72E86622E005AC834 /* Sources */ = {
			isa = PBXSourcesBuildPhase;
			buildActionMask = 2147483647;
			files = (
			);
			runOnlyForDeploymentPostprocessing = 0;
		};
		7E14EDE12E86622E005AC834 /* Sources */ = {
			isa = PBXSourcesBuildPhase;
			buildActionMask = 2147483647;
			files = (
			);
			runOnlyForDeploymentPostprocessing = 0;
		};
		7E14EE1F2E866E82005AC834 /* Sources */ = {
			isa = PBXSourcesBuildPhase;
			buildActionMask = 2147483647;
			files = (
			);
			runOnlyForDeploymentPostprocessing = 0;
		};
		7E14EE2B2E866E85005AC834 /* Sources */ = {
			isa = PBXSourcesBuildPhase;
			buildActionMask = 2147483647;
			files = (
			);
			runOnlyForDeploymentPostprocessing = 0;
		};
/* End PBXSourcesBuildPhase section */

/* Begin PBXTargetDependency section */
		7E14EDDD2E86622E005AC834 /* PBXTargetDependency */ = {
			isa = PBXTargetDependency;
			target = 7E14EDCB2E86622C005AC834 /* Voyager */;
			targetProxy = 7E14EDDC2E86622E005AC834 /* PBXContainerItemProxy */;
		};
		7E14EDE72E86622E005AC834 /* PBXTargetDependency */ = {
			isa = PBXTargetDependency;
			target = 7E14EDCB2E86622C005AC834 /* Voyager */;
			targetProxy = 7E14EDE62E86622E005AC834 /* PBXContainerItemProxy */;
		};
		7E14EE312E866E85005AC834 /* PBXTargetDependency */ = {
			isa = PBXTargetDependency;
			target = 7E14EE222E866E82005AC834 /* VoyagerHelper */;
			targetProxy = 7E14EE302E866E85005AC834 /* PBXContainerItemProxy */;
		};
		AF0F1E7D33B2530900A1F123 /* PBXTargetDependency */ = {
			isa = PBXTargetDependency;
			target = 7E14EE222E866E82005AC834 /* VoyagerHelper */;
			targetProxy = AF0F1E7C33B2530900A1F123 /* PBXContainerItemProxy */;
		};
/* End PBXTargetDependency section */

/* Begin XCBuildConfiguration section */
		7E14EDED2E86622E005AC834 /* Debug */ = {
			isa = XCBuildConfiguration;
			buildSettings = {
				ALWAYS_SEARCH_USER_PATHS = NO;
				ASSETCATALOG_COMPILER_GENERATE_SWIFT_ASSET_SYMBOL_EXTENSIONS = YES;
				CLANG_ANALYZER_NONNULL = YES;
				CLANG_ANALYZER_NUMBER_OBJECT_CONVERSION = YES_AGGRESSIVE;
				CLANG_CXX_LANGUAGE_STANDARD = "gnu++20";
				CLANG_ENABLE_MODULES = YES;
				CLANG_ENABLE_OBJC_ARC = YES;
				CLANG_ENABLE_OBJC_WEAK = YES;
				CLANG_WARN_BLOCK_CAPTURE_AUTORELEASING = YES;
				CLANG_WARN_BOOL_CONVERSION = YES;
				CLANG_WARN_COMMA = YES;
				CLANG_WARN_CONSTANT_CONVERSION = YES;
				CLANG_WARN_DEPRECATED_OBJC_IMPLEMENTATIONS = YES;
				CLANG_WARN_DIRECT_OBJC_ISA_USAGE = YES_ERROR;
				CLANG_WARN_DOCUMENTATION_COMMENTS = YES;
				CLANG_WARN_EMPTY_BODY = YES;
				CLANG_WARN_ENUM_CONVERSION = YES;
				CLANG_WARN_INFINITE_RECURSION = YES;
				CLANG_WARN_INT_CONVERSION = YES;
				CLANG_WARN_NON_LITERAL_NULL_CONVERSION = YES;
				CLANG_WARN_OBJC_IMPLICIT_RETAIN_SELF = YES;
				CLANG_WARN_OBJC_LITERAL_CONVERSION = YES;
				CLANG_WARN_OBJC_ROOT_CLASS = YES_ERROR;
				CLANG_WARN_QUOTED_INCLUDE_IN_FRAMEWORK_HEADER = YES;
				CLANG_WARN_RANGE_LOOP_ANALYSIS = YES;
				CLANG_WARN_STRICT_PROTOTYPES = YES;
				CLANG_WARN_SUSPICIOUS_MOVE = YES;
				CLANG_WARN_UNGUARDED_AVAILABILITY = YES_AGGRESSIVE;
				CLANG_WARN_UNREACHABLE_CODE = YES;
				CLANG_WARN__DUPLICATE_METHOD_MATCH = YES;
				COPY_PHASE_STRIP = NO;
				DEAD_CODE_STRIPPING = YES;
				DEBUG_INFORMATION_FORMAT = dwarf;
				DEVELOPMENT_TEAM = "";
				ENABLE_STRICT_OBJC_MSGSEND = YES;
				ENABLE_TESTABILITY = YES;
				ENABLE_USER_SCRIPT_SANDBOXING = NO;
				GCC_C_LANGUAGE_STANDARD = gnu17;
				GCC_DYNAMIC_NO_PIC = NO;
				GCC_NO_COMMON_BLOCKS = YES;
				GCC_OPTIMIZATION_LEVEL = 0;
				GCC_PREPROCESSOR_DEFINITIONS = (
					"DEBUG=1",
					"$(inherited)",
				);
				GCC_WARN_64_TO_32_BIT_CONVERSION = YES;
				GCC_WARN_ABOUT_RETURN_TYPE = YES_ERROR;
				GCC_WARN_UNDECLARED_SELECTOR = YES;
				GCC_WARN_UNINITIALIZED_AUTOS = YES_AGGRESSIVE;
				GCC_WARN_UNUSED_FUNCTION = YES;
				GCC_WARN_UNUSED_VARIABLE = YES;
				LOCALIZATION_PREFERS_STRING_CATALOGS = NO;
				MACOSX_DEPLOYMENT_TARGET = 13.5;
				MTL_ENABLE_DEBUG_INFO = INCLUDE_SOURCE;
				MTL_FAST_MATH = YES;
				ONLY_ACTIVE_ARCH = YES;
				SDKROOT = macosx;
				STRING_CATALOG_GENERATE_SYMBOLS = YES;
				SWIFT_ACTIVE_COMPILATION_CONDITIONS = "DEBUG $(inherited)";
				SWIFT_OPTIMIZATION_LEVEL = "-Onone";
				SWIFT_VERSION = 6.0;
			};
			name = Debug;
		};
		7E14EDEE2E86622E005AC834 /* Release */ = {
			isa = XCBuildConfiguration;
			buildSettings = {
				ALWAYS_SEARCH_USER_PATHS = NO;
				ASSETCATALOG_COMPILER_GENERATE_SWIFT_ASSET_SYMBOL_EXTENSIONS = YES;
				CLANG_ANALYZER_NONNULL = YES;
				CLANG_ANALYZER_NUMBER_OBJECT_CONVERSION = YES_AGGRESSIVE;
				CLANG_CXX_LANGUAGE_STANDARD = "gnu++20";
				CLANG_ENABLE_MODULES = YES;
				CLANG_ENABLE_OBJC_ARC = YES;
				CLANG_ENABLE_OBJC_WEAK = YES;
				CLANG_WARN_BLOCK_CAPTURE_AUTORELEASING = YES;
				CLANG_WARN_BOOL_CONVERSION = YES;
				CLANG_WARN_COMMA = YES;
				CLANG_WARN_CONSTANT_CONVERSION = YES;
				CLANG_WARN_DEPRECATED_OBJC_IMPLEMENTATIONS = YES;
				CLANG_WARN_DIRECT_OBJC_ISA_USAGE = YES_ERROR;
				CLANG_WARN_DOCUMENTATION_COMMENTS = YES;
				CLANG_WARN_EMPTY_BODY = YES;
				CLANG_WARN_ENUM_CONVERSION = YES;
				CLANG_WARN_INFINITE_RECURSION = YES;
				CLANG_WARN_INT_CONVERSION = YES;
				CLANG_WARN_NON_LITERAL_NULL_CONVERSION = YES;
				CLANG_WARN_OBJC_IMPLICIT_RETAIN_SELF = YES;
				CLANG_WARN_OBJC_LITERAL_CONVERSION = YES;
				CLANG_WARN_OBJC_ROOT_CLASS = YES_ERROR;
				CLANG_WARN_QUOTED_INCLUDE_IN_FRAMEWORK_HEADER = YES;
				CLANG_WARN_RANGE_LOOP_ANALYSIS = YES;
				CLANG_WARN_STRICT_PROTOTYPES = YES;
				CLANG_WARN_SUSPICIOUS_MOVE = YES;
				CLANG_WARN_UNGUARDED_AVAILABILITY = YES_AGGRESSIVE;
				CLANG_WARN_UNREACHABLE_CODE = YES;
				CLANG_WARN__DUPLICATE_METHOD_MATCH = YES;
				COPY_PHASE_STRIP = NO;
				DEAD_CODE_STRIPPING = YES;
				DEBUG_INFORMATION_FORMAT = "dwarf-with-dsym";
				DEVELOPMENT_TEAM = L6G32Y9LKG;
				ENABLE_NS_ASSERTIONS = NO;
				ENABLE_STRICT_OBJC_MSGSEND = YES;
				ENABLE_USER_SCRIPT_SANDBOXING = NO;
				GCC_C_LANGUAGE_STANDARD = gnu17;
				GCC_NO_COMMON_BLOCKS = YES;
				GCC_WARN_64_TO_32_BIT_CONVERSION = YES;
				GCC_WARN_ABOUT_RETURN_TYPE = YES_ERROR;
				GCC_WARN_UNDECLARED_SELECTOR = YES;
				GCC_WARN_UNINITIALIZED_AUTOS = YES_AGGRESSIVE;
				GCC_WARN_UNUSED_FUNCTION = YES;
				GCC_WARN_UNUSED_VARIABLE = YES;
				LOCALIZATION_PREFERS_STRING_CATALOGS = NO;
				MACOSX_DEPLOYMENT_TARGET = 13.5;
				MTL_ENABLE_DEBUG_INFO = NO;
				MTL_FAST_MATH = YES;
				SDKROOT = macosx;
				STRING_CATALOG_GENERATE_SYMBOLS = YES;
				SWIFT_COMPILATION_MODE = wholemodule;
				SWIFT_VERSION = 6.0;
			};
			name = Release;
		};
		7E14EDF02E86622E005AC834 /* Debug */ = {
			isa = XCBuildConfiguration;
			buildSettings = {
				APP_ENV = dev;
				ASSETCATALOG_COMPILER_APPICON_NAME = AppIcon;
				ASSETCATALOG_COMPILER_GLOBAL_ACCENT_COLOR_NAME = AccentColor;
				ASSETCATALOG_COMPILER_INCLUDE_ALL_APPICON_ASSETS = YES;
				AUTOMATION_APPLE_EVENTS = YES;
				BACKEND_MODE = source;
				CODE_SIGN_IDENTITY = "-";
				CODE_SIGN_STYLE = Manual;
				COMBINE_HIDPI_IMAGES = YES;
				CURRENT_PROJECT_VERSION = 0;
				DEAD_CODE_STRIPPING = YES;
				DEVELOPMENT_TEAM = "";
				EMIT_FRONTEND_COMMAND_LINES = YES;
				ENABLE_APP_SANDBOX = NO;
				ENABLE_HARDENED_RUNTIME = NO;
				ENABLE_PREVIEWS = YES;
				ENABLE_RESOURCE_ACCESS_AUDIO_INPUT = NO;
				ENABLE_RESOURCE_ACCESS_CALENDARS = NO;
				ENABLE_RESOURCE_ACCESS_CAMERA = NO;
				ENABLE_RESOURCE_ACCESS_CONTACTS = NO;
				ENABLE_RESOURCE_ACCESS_LOCATION = NO;
				ENABLE_RESOURCE_ACCESS_PHOTO_LIBRARY = NO;
				GENERATE_INFOPLIST_FILE = YES;
				INFOPLIST_FILE = Voyager/Info.plist;
				INFOPLIST_KEY_CFBundleDisplayName = "Voyager (Debug)";
				INFOPLIST_KEY_LSApplicationCategoryType = "public.app-category.utilities";
				INFOPLIST_KEY_NSHumanReadableCopyright = "";
				LD_RUNPATH_SEARCH_PATHS = (
					"$(inherited)",
					"@executable_path/../Frameworks",
				);
				MACOSX_DEPLOYMENT_TARGET = 13.5;
				MARKETING_VERSION = 0.0.4;
				"OTHER_LDFLAGS[arch=*]" = (
					"-Xlinker",
					"-interposable",
				);
				PRODUCT_BUNDLE_IDENTIFIER = fm.voyager.Voyager;
				PRODUCT_NAME = "$(TARGET_NAME)";
				PROVISIONING_PROFILE_SPECIFIER = "";
				REGISTER_APP_GROUPS = YES;
				RUNTIME_EXCEPTION_ALLOW_DYLD_ENVIRONMENT_VARIABLES = NO;
				RUNTIME_EXCEPTION_ALLOW_JIT = NO;
				RUNTIME_EXCEPTION_ALLOW_UNSIGNED_EXECUTABLE_MEMORY = NO;
				RUNTIME_EXCEPTION_DEBUGGING_TOOL = YES;
				RUNTIME_EXCEPTION_DISABLE_EXECUTABLE_PAGE_PROTECTION = NO;
				RUNTIME_EXCEPTION_DISABLE_LIBRARY_VALIDATION = NO;
				STRING_CATALOG_GENERATE_SYMBOLS = YES;
				SWIFT_APPROACHABLE_CONCURRENCY = YES;
				SWIFT_DEFAULT_ACTOR_ISOLATION = MainActor;
				SWIFT_EMIT_LOC_STRINGS = YES;
				SWIFT_UPCOMING_FEATURE_MEMBER_IMPORT_VISIBILITY = YES;
				SWIFT_VERSION = 6.0;
			};
			name = Debug;
		};
		7E14EDF12E86622E005AC834 /* Release */ = {
			isa = XCBuildConfiguration;
			buildSettings = {
				APP_ENV = prod;
				ASSETCATALOG_COMPILER_APPICON_NAME = AppIcon;
				ASSETCATALOG_COMPILER_GLOBAL_ACCENT_COLOR_NAME = AccentColor;
				ASSETCATALOG_COMPILER_INCLUDE_ALL_APPICON_ASSETS = YES;
				BACKEND_MODE = bundled;
				"CODE_SIGN_IDENTITY[sdk=macosx*]" = "Developer ID Application";
				CODE_SIGN_STYLE = Manual;
				COMBINE_HIDPI_IMAGES = YES;
				CURRENT_PROJECT_VERSION = 0;
				DEAD_CODE_STRIPPING = YES;
				DEVELOPMENT_TEAM = "";
				"DEVELOPMENT_TEAM[sdk=macosx*]" = L6G32Y9LKG;
				EMIT_FRONTEND_COMMAND_LINES = "";
				ENABLE_APP_SANDBOX = NO;
				ENABLE_HARDENED_RUNTIME = YES;
				ENABLE_PREVIEWS = YES;
				ENABLE_RESOURCE_ACCESS_AUDIO_INPUT = NO;
				ENABLE_RESOURCE_ACCESS_CALENDARS = NO;
				ENABLE_RESOURCE_ACCESS_CAMERA = NO;
				ENABLE_RESOURCE_ACCESS_CONTACTS = NO;
				ENABLE_RESOURCE_ACCESS_LOCATION = NO;
				ENABLE_RESOURCE_ACCESS_PHOTO_LIBRARY = NO;
				GENERATE_INFOPLIST_FILE = YES;
				INFOPLIST_FILE = Voyager/Info.plist;
				INFOPLIST_KEY_CFBundleDisplayName = Voyager;
				INFOPLIST_KEY_LSApplicationCategoryType = "public.app-category.utilities";
				INFOPLIST_KEY_NSHumanReadableCopyright = "";
				LD_RUNPATH_SEARCH_PATHS = (
					"$(inherited)",
					"@executable_path/../Frameworks",
				);
				MACOSX_DEPLOYMENT_TARGET = 13.5;
				MARKETING_VERSION = 0.0.4;
				PRODUCT_BUNDLE_IDENTIFIER = fm.voyager.Voyager;
				PRODUCT_NAME = "$(TARGET_NAME)";
				PROVISIONING_PROFILE_SPECIFIER = "";
				REGISTER_APP_GROUPS = YES;
				STRING_CATALOG_GENERATE_SYMBOLS = YES;
				SWIFT_APPROACHABLE_CONCURRENCY = YES;
				SWIFT_DEFAULT_ACTOR_ISOLATION = MainActor;
				SWIFT_EMIT_LOC_STRINGS = YES;
				SWIFT_OPTIMIZATION_LEVEL = "-Onone";
				SWIFT_UPCOMING_FEATURE_MEMBER_IMPORT_VISIBILITY = YES;
				SWIFT_VERSION = 6.0;
			};
			name = Release;
		};
		7E14EDF32E86622E005AC834 /* Debug */ = {
			isa = XCBuildConfiguration;
			buildSettings = {
				BUNDLE_LOADER = "$(TEST_HOST)";
				CODE_SIGN_STYLE = Manual;
				CURRENT_PROJECT_VERSION = 0;
				DEAD_CODE_STRIPPING = YES;
				DEVELOPMENT_TEAM = "";
				GENERATE_INFOPLIST_FILE = YES;
				MACOSX_DEPLOYMENT_TARGET = 13.5;
				MARKETING_VERSION = 0.0.4;
				PRODUCT_BUNDLE_IDENTIFIER = fm.voyager.VoyagerTests;
				PRODUCT_NAME = "$(TARGET_NAME)";
				PROVISIONING_PROFILE_SPECIFIER = "";
				STRING_CATALOG_GENERATE_SYMBOLS = NO;
				SWIFT_APPROACHABLE_CONCURRENCY = YES;
				SWIFT_EMIT_LOC_STRINGS = NO;
				SWIFT_UPCOMING_FEATURE_MEMBER_IMPORT_VISIBILITY = YES;
				SWIFT_VERSION = 6.0;
				TEST_HOST = "$(BUILT_PRODUCTS_DIR)/Voyager.app/$(BUNDLE_EXECUTABLE_FOLDER_PATH)/Voyager";
			};
			name = Debug;
		};
		7E14EDF42E86622E005AC834 /* Release */ = {
			isa = XCBuildConfiguration;
			buildSettings = {
				BUNDLE_LOADER = "$(TEST_HOST)";
				CODE_SIGN_STYLE = Manual;
				CURRENT_PROJECT_VERSION = 0;
				DEAD_CODE_STRIPPING = YES;
				DEVELOPMENT_TEAM = "";
				GENERATE_INFOPLIST_FILE = YES;
				MACOSX_DEPLOYMENT_TARGET = 13.5;
				MARKETING_VERSION = 0.0.4;
				PRODUCT_BUNDLE_IDENTIFIER = fm.voyager.VoyagerTests;
				PRODUCT_NAME = "$(TARGET_NAME)";
				PROVISIONING_PROFILE_SPECIFIER = "";
				STRING_CATALOG_GENERATE_SYMBOLS = NO;
				SWIFT_APPROACHABLE_CONCURRENCY = YES;
				SWIFT_EMIT_LOC_STRINGS = NO;
				SWIFT_UPCOMING_FEATURE_MEMBER_IMPORT_VISIBILITY = YES;
				SWIFT_VERSION = 6.0;
				TEST_HOST = "$(BUILT_PRODUCTS_DIR)/Voyager.app/$(BUNDLE_EXECUTABLE_FOLDER_PATH)/Voyager";
			};
			name = Release;
		};
		7E14EDF62E86622E005AC834 /* Debug */ = {
			isa = XCBuildConfiguration;
			buildSettings = {
				CODE_SIGN_STYLE = Manual;
				CURRENT_PROJECT_VERSION = 0;
				DEAD_CODE_STRIPPING = YES;
				DEVELOPMENT_TEAM = "";
				GENERATE_INFOPLIST_FILE = YES;
				MARKETING_VERSION = 0.0.4;
				PRODUCT_BUNDLE_IDENTIFIER = fm.voyager.VoyagerUITests;
				PRODUCT_NAME = "$(TARGET_NAME)";
				PROVISIONING_PROFILE_SPECIFIER = "";
				STRING_CATALOG_GENERATE_SYMBOLS = NO;
				SWIFT_APPROACHABLE_CONCURRENCY = YES;
				SWIFT_EMIT_LOC_STRINGS = NO;
				SWIFT_UPCOMING_FEATURE_MEMBER_IMPORT_VISIBILITY = YES;
				SWIFT_VERSION = 6.0;
				TEST_TARGET_NAME = Voyager;
			};
			name = Debug;
		};
		7E14EDF72E86622E005AC834 /* Release */ = {
			isa = XCBuildConfiguration;
			buildSettings = {
				CODE_SIGN_STYLE = Manual;
				CURRENT_PROJECT_VERSION = 0;
				DEAD_CODE_STRIPPING = YES;
				DEVELOPMENT_TEAM = "";
				GENERATE_INFOPLIST_FILE = YES;
				MARKETING_VERSION = 0.0.4;
				PRODUCT_BUNDLE_IDENTIFIER = fm.voyager.VoyagerUITests;
				PRODUCT_NAME = "$(TARGET_NAME)";
				PROVISIONING_PROFILE_SPECIFIER = "";
				STRING_CATALOG_GENERATE_SYMBOLS = NO;
				SWIFT_APPROACHABLE_CONCURRENCY = YES;
				SWIFT_EMIT_LOC_STRINGS = NO;
				SWIFT_UPCOMING_FEATURE_MEMBER_IMPORT_VISIBILITY = YES;
				SWIFT_VERSION = 6.0;
				TEST_TARGET_NAME = Voyager;
			};
			name = Release;
		};
		7E14EE422E866E86005AC834 /* Debug */ = {
			isa = XCBuildConfiguration;
			buildSettings = {
				APP_ENV = dev;
				ASSETCATALOG_COMPILER_APPICON_NAME = AppIcon;
				ASSETCATALOG_COMPILER_GLOBAL_ACCENT_COLOR_NAME = AccentColor;
				AUTOMATION_APPLE_EVENTS = YES;
				BACKEND_MODE = source;
				"CODE_SIGN_IDENTITY[sdk=macosx*]" = "-";
				CODE_SIGN_STYLE = Manual;
				COMBINE_HIDPI_IMAGES = YES;
				CURRENT_PROJECT_VERSION = 0;
				DEAD_CODE_STRIPPING = YES;
				DEVELOPMENT_TEAM = "";
				EMIT_FRONTEND_COMMAND_LINES = YES;
				ENABLE_APP_SANDBOX = NO;
				ENABLE_HARDENED_RUNTIME = YES;
				ENABLE_PREVIEWS = YES;
				ENABLE_RESOURCE_ACCESS_AUDIO_INPUT = NO;
				ENABLE_RESOURCE_ACCESS_CALENDARS = NO;
				ENABLE_RESOURCE_ACCESS_CAMERA = NO;
				ENABLE_RESOURCE_ACCESS_CONTACTS = NO;
				ENABLE_RESOURCE_ACCESS_LOCATION = NO;
				ENABLE_RESOURCE_ACCESS_PHOTO_LIBRARY = NO;
				EXECUTABLE_NAME = "Voyager Helper (Debug)";
				GENERATE_INFOPLIST_FILE = YES;
				INFOPLIST_FILE = VoyagerHelper/Info.plist;
				INFOPLIST_KEY_CFBundleDisplayName = "Voyager Helper (Debug)";
				INFOPLIST_KEY_CFBundleName = "Voyager Helper (Debug)";
				INFOPLIST_KEY_LSUIElement = YES;
				INFOPLIST_KEY_NSHumanReadableCopyright = "";
				LD_RUNPATH_SEARCH_PATHS = (
					"$(inherited)",
					"@executable_path/../Frameworks",
				);
				MARKETING_VERSION = 0.0.4;
				PRODUCT_BUNDLE_IDENTIFIER = fm.voyager.VoyagerHelper;
				PRODUCT_NAME = "$(TARGET_NAME)";
				PROVISIONING_PROFILE_SPECIFIER = "";
				REGISTER_APP_GROUPS = YES;
				RUNTIME_EXCEPTION_ALLOW_DYLD_ENVIRONMENT_VARIABLES = NO;
				RUNTIME_EXCEPTION_ALLOW_JIT = NO;
				RUNTIME_EXCEPTION_ALLOW_UNSIGNED_EXECUTABLE_MEMORY = NO;
				RUNTIME_EXCEPTION_DEBUGGING_TOOL = YES;
				RUNTIME_EXCEPTION_DISABLE_EXECUTABLE_PAGE_PROTECTION = NO;
				RUNTIME_EXCEPTION_DISABLE_LIBRARY_VALIDATION = NO;
				SKIP_INSTALL = YES;
				STRING_CATALOG_GENERATE_SYMBOLS = YES;
				SWIFT_APPROACHABLE_CONCURRENCY = YES;
				SWIFT_DEFAULT_ACTOR_ISOLATION = MainActor;
				SWIFT_EMIT_LOC_STRINGS = YES;
				SWIFT_UPCOMING_FEATURE_MEMBER_IMPORT_VISIBILITY = YES;
				SWIFT_VERSION = 6.0;
			};
			name = Debug;
		};
		7E14EE432E866E86005AC834 /* Release */ = {
			isa = XCBuildConfiguration;
			buildSettings = {
				APP_ENV = prod;
				ASSETCATALOG_COMPILER_APPICON_NAME = AppIcon;
				ASSETCATALOG_COMPILER_GLOBAL_ACCENT_COLOR_NAME = AccentColor;
				BACKEND_MODE = bundled;
				"CODE_SIGN_IDENTITY[sdk=macosx*]" = "Developer ID Application";
				CODE_SIGN_STYLE = Manual;
				COMBINE_HIDPI_IMAGES = YES;
				CURRENT_PROJECT_VERSION = 0;
				DEAD_CODE_STRIPPING = YES;
				DEVELOPMENT_TEAM = "";
				"DEVELOPMENT_TEAM[sdk=macosx*]" = L6G32Y9LKG;
				EMIT_FRONTEND_COMMAND_LINES = "";
				ENABLE_APP_SANDBOX = NO;
				ENABLE_HARDENED_RUNTIME = YES;
				ENABLE_PREVIEWS = YES;
				ENABLE_RESOURCE_ACCESS_AUDIO_INPUT = NO;
				ENABLE_RESOURCE_ACCESS_CALENDARS = NO;
				ENABLE_RESOURCE_ACCESS_CAMERA = NO;
				ENABLE_RESOURCE_ACCESS_CONTACTS = NO;
				ENABLE_RESOURCE_ACCESS_LOCATION = NO;
				ENABLE_RESOURCE_ACCESS_PHOTO_LIBRARY = NO;
				EXECUTABLE_NAME = "Voyager Helper";
				GENERATE_INFOPLIST_FILE = YES;
				INFOPLIST_FILE = VoyagerHelper/Info.plist;
				INFOPLIST_KEY_CFBundleDisplayName = "Voyager Helper";
				INFOPLIST_KEY_CFBundleName = "Voyager Helper";
				INFOPLIST_KEY_LSUIElement = YES;
				INFOPLIST_KEY_NSHumanReadableCopyright = "";
				LD_RUNPATH_SEARCH_PATHS = (
					"$(inherited)",
					"@executable_path/../Frameworks",
				);
				MARKETING_VERSION = 0.0.4;
				PRODUCT_BUNDLE_IDENTIFIER = fm.voyager.VoyagerHelper;
				PRODUCT_NAME = "$(TARGET_NAME)";
				PROVISIONING_PROFILE_SPECIFIER = "";
				REGISTER_APP_GROUPS = YES;
				SKIP_INSTALL = YES;
				STRING_CATALOG_GENERATE_SYMBOLS = YES;
				SWIFT_APPROACHABLE_CONCURRENCY = YES;
				SWIFT_DEFAULT_ACTOR_ISOLATION = MainActor;
				SWIFT_EMIT_LOC_STRINGS = YES;
				SWIFT_UPCOMING_FEATURE_MEMBER_IMPORT_VISIBILITY = YES;
				SWIFT_VERSION = 6.0;
			};
			name = Release;
		};
		7E14EE452E866E86005AC834 /* Debug */ = {
			isa = XCBuildConfiguration;
			buildSettings = {
				BUNDLE_LOADER = "$(TEST_HOST)";
				CODE_SIGN_IDENTITY = "-";
				CODE_SIGN_STYLE = Manual;
				CURRENT_PROJECT_VERSION = 0;
				DEAD_CODE_STRIPPING = YES;
				DEVELOPMENT_TEAM = "";
				GENERATE_INFOPLIST_FILE = YES;
				MACOSX_DEPLOYMENT_TARGET = 13.5;
				MARKETING_VERSION = 0.0.4;
				PRODUCT_BUNDLE_IDENTIFIER = fm.voyager.VoyagerHelperTests;
				PRODUCT_NAME = "$(TARGET_NAME)";
				PROVISIONING_PROFILE_SPECIFIER = "";
				STRING_CATALOG_GENERATE_SYMBOLS = NO;
				SWIFT_APPROACHABLE_CONCURRENCY = YES;
				SWIFT_EMIT_LOC_STRINGS = NO;
				SWIFT_UPCOMING_FEATURE_MEMBER_IMPORT_VISIBILITY = YES;
				SWIFT_VERSION = 6.0;
				TEST_HOST = "$(BUILT_PRODUCTS_DIR)/VoyagerHelper.app/$(BUNDLE_EXECUTABLE_FOLDER_PATH)/Voyager Helper (Debug)";
			};
			name = Debug;
		};
		7E14EE462E866E86005AC834 /* Release */ = {
			isa = XCBuildConfiguration;
			buildSettings = {
				BUNDLE_LOADER = "$(TEST_HOST)";
				CODE_SIGN_STYLE = Manual;
				CURRENT_PROJECT_VERSION = 0;
				DEAD_CODE_STRIPPING = YES;
				DEVELOPMENT_TEAM = "";
				GENERATE_INFOPLIST_FILE = YES;
				MACOSX_DEPLOYMENT_TARGET = 13.5;
				MARKETING_VERSION = 0.0.4;
				PRODUCT_BUNDLE_IDENTIFIER = fm.voyager.VoyagerHelperTests;
				PRODUCT_NAME = "$(TARGET_NAME)";
				PROVISIONING_PROFILE_SPECIFIER = "";
				STRING_CATALOG_GENERATE_SYMBOLS = NO;
				SWIFT_APPROACHABLE_CONCURRENCY = YES;
				SWIFT_EMIT_LOC_STRINGS = NO;
				SWIFT_UPCOMING_FEATURE_MEMBER_IMPORT_VISIBILITY = YES;
				SWIFT_VERSION = 6.0;
				TEST_HOST = "$(BUILT_PRODUCTS_DIR)/VoyagerHelper.app/$(BUNDLE_EXECUTABLE_FOLDER_PATH)/Voyager Helper";
			};
			name = Release;
		};
/* End XCBuildConfiguration section */

/* Begin XCConfigurationList section */
		7E14EDC72E86622C005AC834 /* Build configuration list for PBXProject "Voyager" */ = {
			isa = XCConfigurationList;
			buildConfigurations = (
				7E14EDED2E86622E005AC834 /* Debug */,
				7E14EDEE2E86622E005AC834 /* Release */,
			);
			defaultConfigurationIsVisible = 0;
			defaultConfigurationName = Release;
		};
		7E14EDEF2E86622E005AC834 /* Build configuration list for PBXNativeTarget "Voyager" */ = {
			isa = XCConfigurationList;
			buildConfigurations = (
				7E14EDF02E86622E005AC834 /* Debug */,
				7E14EDF12E86622E005AC834 /* Release */,
			);
			defaultConfigurationIsVisible = 0;
			defaultConfigurationName = Release;
		};
		7E14EDF22E86622E005AC834 /* Build configuration list for PBXNativeTarget "VoyagerTests" */ = {
			isa = XCConfigurationList;
			buildConfigurations = (
				7E14EDF32E86622E005AC834 /* Debug */,
				7E14EDF42E86622E005AC834 /* Release */,
			);
			defaultConfigurationIsVisible = 0;
			defaultConfigurationName = Release;
		};
		7E14EDF52E86622E005AC834 /* Build configuration list for PBXNativeTarget "VoyagerUITests" */ = {
			isa = XCConfigurationList;
			buildConfigurations = (
				7E14EDF62E86622E005AC834 /* Debug */,
				7E14EDF72E86622E005AC834 /* Release */,
			);
			defaultConfigurationIsVisible = 0;
			defaultConfigurationName = Release;
		};
		7E14EE412E866E86005AC834 /* Build configuration list for PBXNativeTarget "VoyagerHelper" */ = {
			isa = XCConfigurationList;
			buildConfigurations = (
				7E14EE422E866E86005AC834 /* Debug */,
				7E14EE432E866E86005AC834 /* Release */,
			);
			defaultConfigurationIsVisible = 0;
			defaultConfigurationName = Release;
		};
		7E14EE442E866E86005AC834 /* Build configuration list for PBXNativeTarget "VoyagerHelperTests" */ = {
			isa = XCConfigurationList;
			buildConfigurations = (
				7E14EE452E866E86005AC834 /* Debug */,
				7E14EE462E866E86005AC834 /* Release */,
			);
			defaultConfigurationIsVisible = 0;
			defaultConfigurationName = Release;
		};
/* End XCConfigurationList section */

/* Begin XCRemoteSwiftPackageReference section */
		6C57FBA72F02111500D85C72 /* XCRemoteSwiftPackageReference "Sparkle" */ = {
			isa = XCRemoteSwiftPackageReference;
			repositoryURL = "https://github.com/sparkle-project/Sparkle";
			requirement = {
				kind = exactVersion;
				version = 2.8.1;
			};
		};
		6C727A2B2F0DF4A10012D44A /* XCRemoteSwiftPackageReference "swift-log" */ = {
			isa = XCRemoteSwiftPackageReference;
			repositoryURL = "https://github.com/apple/swift-log";
			requirement = {
				kind = upToNextMajorVersion;
				minimumVersion = 1.8.0;
			};
		};
		6CFB7B362E9D48B40005FDF6 /* XCRemoteSwiftPackageReference "swift-composable-architecture" */ = {
			isa = XCRemoteSwiftPackageReference;
			repositoryURL = "https://github.com/pointfreeco/swift-composable-architecture";
			requirement = {
				kind = exactVersion;
				version = 1.22.3;
			};
		};
		7E17249F2EC5B91C00385F6E /* XCRemoteSwiftPackageReference "SwiftUI-Introspect" */ = {
			isa = XCRemoteSwiftPackageReference;
			repositoryURL = "https://github.com/siteline/SwiftUI-Introspect";
			requirement = {
				kind = exactVersion;
				version = 26.0.0;
			};
		};
		7E19746F2E8BDC0700D041D3 /* XCRemoteSwiftPackageReference "InjectionNext" */ = {
			isa = XCRemoteSwiftPackageReference;
			repositoryURL = "https://github.com/johnno1962/InjectionNext";
			requirement = {
				kind = upToNextMajorVersion;
				minimumVersion = 1.4.3;
			};
		};
		7E6AF6AB2E8BABD8005DC7D3 /* XCRemoteSwiftPackageReference "Inject" */ = {
			isa = XCRemoteSwiftPackageReference;
			repositoryURL = "https://github.com/krzysztofzablocki/Inject.git";
			requirement = {
				kind = upToNextMajorVersion;
				minimumVersion = 1.5.2;
			};
		};
		7E8B3C4D2F1A2B3C400D9E8F0 /* XCRemoteSwiftPackageReference "GRDB" */ = {
			isa = XCRemoteSwiftPackageReference;
			repositoryURL = "https://github.com/groue/GRDB.swift";
			requirement = {
				kind = upToNextMajorVersion;
				minimumVersion = 6.0.0;
			};
		};
		7E9D64932E8CDDC8006CB69F /* XCRemoteSwiftPackageReference "swift-dotenv" */ = {
			isa = XCRemoteSwiftPackageReference;
			repositoryURL = "https://github.com/thebarndog/swift-dotenv";
			requirement = {
				kind = exactVersion;
				version = 2.1.0;
			};
		};
/* End XCRemoteSwiftPackageReference section */

/* Begin XCSwiftPackageProductDependency section */
		6C57FBA82F02111500D85C72 /* Sparkle */ = {
			isa = XCSwiftPackageProductDependency;
			package = 6C57FBA72F02111500D85C72 /* XCRemoteSwiftPackageReference "Sparkle" */;
			productName = Sparkle;
		};
		6C727A2C2F0DF4A10012D44A /* Logging */ = {
			isa = XCSwiftPackageProductDependency;
			package = 6C727A2B2F0DF4A10012D44A /* XCRemoteSwiftPackageReference "swift-log" */;
			productName = Logging;
		};
		6C727A2E2F0DF4AA0012D44A /* Logging */ = {
			isa = XCSwiftPackageProductDependency;
			package = 6C727A2B2F0DF4A10012D44A /* XCRemoteSwiftPackageReference "swift-log" */;
			productName = Logging;
		};
		6CFB7B372E9D48B40005FDF6 /* ComposableArchitecture */ = {
			isa = XCSwiftPackageProductDependency;
			package = 6CFB7B362E9D48B40005FDF6 /* XCRemoteSwiftPackageReference "swift-composable-architecture" */;
			productName = ComposableArchitecture;
		};
		7E1724A02EC5BA6600385F6E /* SwiftUIIntrospect */ = {
			isa = XCSwiftPackageProductDependency;
			package = 7E17249F2EC5B91C00385F6E /* XCRemoteSwiftPackageReference "SwiftUI-Introspect" */;
			productName = SwiftUIIntrospect;
		};
		7E1974702E8BDC0700D041D3 /* InjectionNext */ = {
			isa = XCSwiftPackageProductDependency;
			package = 7E19746F2E8BDC0700D041D3 /* XCRemoteSwiftPackageReference "InjectionNext" */;
			productName = InjectionNext;
		};
		7E6AF6AC2E8BABD8005DC7D3 /* Inject */ = {
			isa = XCSwiftPackageProductDependency;
			package = 7E6AF6AB2E8BABD8005DC7D3 /* XCRemoteSwiftPackageReference "Inject" */;
			productName = Inject;
		};
		7E8B3C4E2F1A2B3C400D9E8F1 /* GRDB */ = {
			isa = XCSwiftPackageProductDependency;
			package = 7E8B3C4D2F1A2B3C400D9E8F0 /* XCRemoteSwiftPackageReference "GRDB" */;
			productName = GRDB;
		};
		7E9D64942E8CDDC8006CB69F /* SwiftDotenv */ = {
			isa = XCSwiftPackageProductDependency;
			package = 7E9D64932E8CDDC8006CB69F /* XCRemoteSwiftPackageReference "swift-dotenv" */;
			productName = SwiftDotenv;
		};
		7EEC64502E8CE684004ACEA5 /* SwiftDotenv */ = {
			isa = XCSwiftPackageProductDependency;
			package = 7E9D64932E8CDDC8006CB69F /* XCRemoteSwiftPackageReference "swift-dotenv" */;
			productName = SwiftDotenv;
		};
		7EEC64522E8CE6E3004ACEA5 /* InjectionNext */ = {
			isa = XCSwiftPackageProductDependency;
			package = 7E19746F2E8BDC0700D041D3 /* XCRemoteSwiftPackageReference "InjectionNext" */;
			productName = InjectionNext;
		};
/* End XCSwiftPackageProductDependency section */
	};
	rootObject = 7E14EDC42E86622C005AC834 /* Project object */;
}
